{
  "version": 4,
  "terraform_version": "1.12.1",
  "serial": 1400,
  "lineage": "123693d0-78d9-ce14-bf0d-cc96b5e24ee3",
  "outputs": {},
  "resources": [
    {
      "mode": "data",
      "type": "ibm_is_floating_ip",
      "name": "data_master_ip",
      "provider": "provider[\"registry.terraform.io/ibm-cloud/ibm\"]",
      "instances": [
        {
          "schema_version": 0,
          "attributes": {
            "access_tags": [],
            "address": "141.125.157.22",
            "crn": "crn:v1:bluemix:public:is:eu-gb-2:a/65c005b968304c79af0072316cd66882::floating-ip:r018-532177a2-cf37-4355-b2ab-2187ec244aae",
            "id": "r018-532177a2-cf37-4355-b2ab-2187ec244aae",
            "name": "master-ip",
            "status": "available",
            "tags": [
              "name:f_ip_master-ip"
            ],
            "target": "0797-bf7ea78d-b36b-4fee-abfc-bfae500d06ed",
            "target_list": [
              {
                "crn": "",
                "deleted": [],
                "href": "https://eu-gb.iaas.cloud.ibm.com/v1/instances/0797_f57e4f4f-b0a2-4ff2-ad8f-205eb442834e/network_interfaces/0797-bf7ea78d-b36b-4fee-abfc-bfae500d06ed",
                "id": "0797-bf7ea78d-b36b-4fee-abfc-bfae500d06ed",
                "name": "nanotech-auction-treadmill-salad",
                "primary_ip": [
                  {
                    "address": "192.168.1.4",
                    "href": "https://eu-gb.iaas.cloud.ibm.com/v1/subnets/0797-df6984e9-c479-4ffd-a0cb-45d415fd985a/reserved_ips/0797-26ae4c93-3c75-4091-9a3c-01e80bb1da5b",
                    "name": "disposal-attitude-siesta-securely",
                    "reserved_ip": "0797-26ae4c93-3c75-4091-9a3c-01e80bb1da5b",
                    "resource_type": "subnet_reserved_ip"
                  }
                ],
                "resource_type": "network_interface"
              }
            ],
            "zone": "eu-gb-2"
          },
          "sensitive_attributes": [],
          "identity_schema_version": 0
        }
      ]
    },
    {
      "mode": "data",
      "type": "ibm_is_image",
      "name": "image_ubuntu",
      "provider": "provider[\"registry.terraform.io/ibm-cloud/ibm\"]",
      "instances": [
        {
          "schema_version": 0,
          "attributes": {
            "access_tags": [],
            "allowed_use": [
              {
                "api_version": "2025-03-31",
                "bare_metal_server": "true",
                "instance": "true"
              }
            ],
            "architecture": "amd64",
            "catalog_offering": [
              {
                "managed": false,
                "version": []
              }
            ],
            "checksum": "e6b114cee941f8611d9ce0b9dff9e3df99f36f5d55a1b1fc34343a399836ee70",
            "created_at": "2024-12-10T14:00:30.000Z",
            "crn": "crn:v1:bluemix:public:is:eu-gb:a/811f8abfbd32425597dc7ba40da98fa6::image:r018-c7f1553f-2b6e-4e54-85c6-e0e8bec8fe51",
            "deprecation_at": "2025-03-11T15:24:05.000Z",
            "encryption": "none",
            "encryption_key": null,
            "id": "r018-c7f1553f-2b6e-4e54-85c6-e0e8bec8fe51",
            "identifier": null,
            "name": "ibm-ubuntu-22-04-5-minimal-amd64-1",
            "obsolescence_at": null,
            "operating_system": [
              {
                "allow_user_image_creation": true,
                "architecture": "amd64",
                "dedicated_host_only": false,
                "display_name": "Ubuntu Linux 22.04 LTS Jammy Jellyfish Minimal Install (amd64)",
                "family": "Ubuntu Linux",
                "href": "https://eu-gb.iaas.cloud.ibm.com/v1/operating_systems/ubuntu-22-04-amd64",
                "name": "ubuntu-22-04-amd64",
                "user_data_format": "cloud_init",
                "vendor": "Canonical",
                "version": "22.04 LTS Jammy Jellyfish Minimal Install"
              }
            ],
            "os": "ubuntu-22-04-amd64",
            "remote": [
              {
                "account": [
                  {
                    "id": "811f8abfbd32425597dc7ba40da98fa6",
                    "resource_type": "account"
                  }
                ]
              }
            ],
            "resource_group": [
              {
                "href": "https://resource-controller.cloud.ibm.com/v1/resource_groups/5807b5832a8741179b2e06ca2d2b3b96",
                "id": "5807b5832a8741179b2e06ca2d2b3b96",
                "name": "Default"
              }
            ],
            "source_volume": null,
            "status": "deprecated",
            "status_reasons": null,
            "user_data_format": "cloud_init",
            "visibility": "public"
          },
          "sensitive_attributes": [],
          "identity_schema_version": 0
        }
      ]
    },
    {
      "mode": "managed",
      "type": "null_resource",
      "name": "bash_script",
      "provider": "provider[\"registry.terraform.io/hashicorp/null\"]",
      "instances": [
        {
          "status": "tainted",
          "schema_version": 0,
          "attributes": {
            "id": "4032619116308207651",
            "triggers": {
              "always_run": "2026-02-14T20:31:41Z"
            }
          },
          "sensitive_attributes": [],
          "identity_schema_version": 0,
          "dependencies": [
            "data.ibm_is_floating_ip.data_master_ip",
            "data.ibm_is_image.image_ubuntu",
            "module.compute.ibm_is_instance.instance",
            "module.network.ibm_is_floating_ip.floating_ip",
            "module.network.ibm_is_public_gateway.public_gateway",
            "module.network.ibm_is_subnet.subnet",
            "module.network.ibm_is_vpc.vpc",
            "module.network.ibm_is_vpc_address_prefix.address_prefix",
            "module.network.ibm_is_vpc_routing_table.vpc_routing_table",
            "module.network.ibm_resource_group.resource_group",
            "module.security.ibm_is_security_group.security_group",
            "module.security.ibm_is_ssh_key.ssh",
            "null_resource.delay"
          ]
        }
      ]
    },
    {
      "mode": "managed",
      "type": "null_resource",
      "name": "delay",
      "provider": "provider[\"registry.terraform.io/hashicorp/null\"]",
      "instances": [
        {
          "schema_version": 0,
          "attributes": {
            "id": "2212178399878599839",
            "triggers": null
          },
          "sensitive_attributes": [],
          "identity_schema_version": 0,
          "dependencies": [
            "data.ibm_is_image.image_ubuntu",
            "module.compute.ibm_is_instance.instance",
            "module.network.ibm_is_floating_ip.floating_ip",
            "module.network.ibm_is_public_gateway.public_gateway",
            "module.network.ibm_is_subnet.subnet",
            "module.network.ibm_is_vpc.vpc",
            "module.network.ibm_is_vpc_address_prefix.address_prefix",
            "module.network.ibm_is_vpc_routing_table.vpc_routing_table",
            "module.network.ibm_resource_group.resource_group",
            "module.security.ibm_is_security_group.security_group",
            "module.security.ibm_is_ssh_key.ssh"
          ]
        }
      ]
    },
    {
      "module": "module.compute",
      "mode": "managed",
      "type": "ibm_is_instance",
      "name": "instance",
      "provider": "module.compute.provider[\"registry.terraform.io/ibm-cloud/ibm\"]",
      "instances": [
        {
          "index_key": "instance-master",
          "schema_version": 0,
          "attributes": {
            "access_tags": [],
            "action": null,
            "auto_delete_volume": null,
            "availability": [
              {
                "class": "standard"
              }
            ],
            "availability_policy": [
              {
                "host_failure": "restart",
                "preemption": "stop"
              }
            ],
            "availability_policy_host_failure": "restart",
            "bandwidth": 4000,
            "boot_volume": [
              {
                "allowed_use": [
                  {
                    "api_version": "2025-03-31",
                    "bare_metal_server": "true",
                    "instance": "true"
                  }
                ],
                "auto_delete_volume": true,
                "bandwidth": 393,
                "encryption": "",
                "iops": 3000,
                "name": "vocally-snide-spiritism-bowl",
                "profile": "general-purpose",
                "size": 100,
                "snapshot": "",
                "snapshot_crn": "",
                "tags": [],
                "volume_id": "r018-cf9537db-f721-496f-aa9e-baf870f33529"
              }
            ],
            "catalog_offering": [],
            "cluster_network": [],
            "cluster_network_attachments": [],
            "confidential_compute_mode": "disabled",
            "crn": "crn:v1:bluemix:public:is:eu-gb-2:a/65c005b968304c79af0072316cd66882::instance:0797_f57e4f4f-b0a2-4ff2-ad8f-205eb442834e",
            "dedicated_host": null,
            "dedicated_host_group": null,
            "default_trusted_profile_auto_link": null,
            "default_trusted_profile_target": null,
            "disks": [],
            "enable_secure_boot": false,
            "force_action": false,
            "force_recovery_time": null,
            "gpu": [],
            "health_reasons": [],
            "health_state": "ok",
            "id": "0797_f57e4f4f-b0a2-4ff2-ad8f-205eb442834e",
            "image": "r018-c7f1553f-2b6e-4e54-85c6-e0e8bec8fe51",
            "instance_template": null,
            "keys": [
              "r018-80237a6b-7cda-4b7b-b7f7-7186741f72b9"
            ],
            "lifecycle_reasons": [],
            "lifecycle_state": "stable",
            "memory": 4,
            "metadata_service": [
              {
                "enabled": false,
                "protocol": "http",
                "response_hop_limit": 1
              }
            ],
            "metadata_service_enabled": false,
            "name": "instance-master",
            "network_attachments": [],
            "network_interfaces": [],
            "numa_count": 1,
            "placement_group": null,
            "placement_target": [],
            "primary_network_attachment": [],
            "primary_network_interface": [
              {
                "allow_ip_spoofing": false,
                "id": "0797-bf7ea78d-b36b-4fee-abfc-bfae500d06ed",
                "name": "nanotech-auction-treadmill-salad",
                "port_speed": 3000,
                "primary_ip": [
                  {
                    "address": "192.168.1.4",
                    "auto_delete": true,
                    "href": "https://eu-gb.iaas.cloud.ibm.com/v1/subnets/0797-df6984e9-c479-4ffd-a0cb-45d415fd985a/reserved_ips/0797-26ae4c93-3c75-4091-9a3c-01e80bb1da5b",
                    "name": "disposal-attitude-siesta-securely",
                    "reserved_ip": "0797-26ae4c93-3c75-4091-9a3c-01e80bb1da5b",
                    "resource_type": "subnet_reserved_ip"
                  }
                ],
                "primary_ipv4_address": "192.168.1.4",
                "security_groups": [
                  "r018-2b3107cc-d84c-4802-845b-76c3f0ae0e7c"
                ],
                "subnet": "0797-df6984e9-c479-4ffd-a0cb-45d415fd985a"
              }
            ],
            "profile": "cx2-2x4",
            "reservation": [],
            "reservation_affinity": [
              {
                "policy": "automatic",
                "pool": []
              }
            ],
            "resource_controller_url": "https://cloud.ibm.com/vpc-ext/compute/vs",
            "resource_crn": "crn:v1:bluemix:public:is:eu-gb-2:a/65c005b968304c79af0072316cd66882::instance:0797_f57e4f4f-b0a2-4ff2-ad8f-205eb442834e",
            "resource_group": "83b4269649ad4b44be43399c6f77f3b3",
            "resource_group_name": "khaled-eldsoky",
            "resource_name": "instance-master",
            "resource_status": "running",
            "status": "running",
            "status_reasons": [],
            "tags": [
              "name:instance_instance-master"
            ],
            "timeouts": null,
            "total_network_bandwidth": 3000,
            "total_volume_bandwidth": 1000,
            "user_data": null,
            "vcpu": [
              {
                "architecture": "amd64",
                "burst": [],
                "count": 2,
                "manufacturer": "intel",
                "percentage": 100
              }
            ],
            "volume_attachments": [
              {
                "id": "0797-12d5d3bb-5dcc-4431-bca4-3a92f2c826da",
                "name": "answer-varied-crayfish-striving",
                "volume_crn": "crn:v1:bluemix:public:is:eu-gb-2:a/65c005b968304c79af0072316cd66882::volume:r018-cf9537db-f721-496f-aa9e-baf870f33529",
                "volume_id": "r018-cf9537db-f721-496f-aa9e-baf870f33529",
                "volume_name": "vocally-snide-spiritism-bowl"
              }
            ],
            "volume_bandwidth_qos_mode": "weighted",
            "volume_prototypes": [],
            "volumes": null,
            "vpc": "r018-7e9dddc1-288c-4d0d-a9f5-d78eb68b8072",
            "wait_before_delete": true,
            "zone": "eu-gb-2"
          },
          "sensitive_attributes": [],
          "identity_schema_version": 0,
          "private": "eyJlMmJmYjczMC1lY2FhLTExZTYtOGY4OC0zNDM2M2JjN2M0YzAiOnsiY3JlYXRlIjoxODAwMDAwMDAwMDAwLCJkZWxldGUiOjE4MDAwMDAwMDAwMDAsInVwZGF0ZSI6MTgwMDAwMDAwMDAwMH19",
          "dependencies": [
            "data.ibm_is_image.image_ubuntu",
            "module.network.ibm_is_public_gateway.public_gateway",
            "module.network.ibm_is_subnet.subnet",
            "module.network.ibm_is_vpc.vpc",
            "module.network.ibm_is_vpc_address_prefix.address_prefix",
            "module.network.ibm_is_vpc_routing_table.vpc_routing_table",
            "module.network.ibm_resource_group.resource_group",
            "module.security.ibm_is_security_group.security_group",
            "module.security.ibm_is_ssh_key.ssh"
          ]
        },
        {
          "index_key": "instance-private-1",
          "schema_version": 0,
          "attributes": {
            "access_tags": [],
            "action": null,
            "auto_delete_volume": null,
            "availability": [
              {
                "class": "standard"
              }
            ],
            "availability_policy": [
              {
                "host_failure": "restart",
                "preemption": "stop"
              }
            ],
            "availability_policy_host_failure": "restart",
            "bandwidth": 4000,
            "boot_volume": [
              {
                "allowed_use": [
                  {
                    "api_version": "2025-03-31",
                    "bare_metal_server": "true",
                    "instance": "true"
                  }
                ],
                "auto_delete_volume": true,
                "bandwidth": 393,
                "encryption": "",
                "iops": 3000,
                "name": "muck-preamble-zippy-haste",
                "profile": "general-purpose",
                "size": 100,
                "snapshot": "",
                "snapshot_crn": "",
                "tags": [],
                "volume_id": "r018-3b6ed6f7-e8ec-4247-99c3-676158da34b4"
              }
            ],
            "catalog_offering": [],
            "cluster_network": [],
            "cluster_network_attachments": [],
            "confidential_compute_mode": "disabled",
            "crn": "crn:v1:bluemix:public:is:eu-gb-2:a/65c005b968304c79af0072316cd66882::instance:0797_802dc563-0e46-4f82-a8ae-e12ab0a608b5",
            "dedicated_host": null,
            "dedicated_host_group": null,
            "default_trusted_profile_auto_link": null,
            "default_trusted_profile_target": null,
            "disks": [],
            "enable_secure_boot": false,
            "force_action": false,
            "force_recovery_time": null,
            "gpu": [],
            "health_reasons": [],
            "health_state": "ok",
            "id": "0797_802dc563-0e46-4f82-a8ae-e12ab0a608b5",
            "image": "r018-c7f1553f-2b6e-4e54-85c6-e0e8bec8fe51",
            "instance_template": null,
            "keys": [
              "r018-43d5af8a-07bf-49cc-b739-bae5fa20cdb5"
            ],
            "lifecycle_reasons": [],
            "lifecycle_state": "stable",
            "memory": 4,
            "metadata_service": [
              {
                "enabled": false,
                "protocol": "http",
                "response_hop_limit": 1
              }
            ],
            "metadata_service_enabled": false,
            "name": "instance-private-1",
            "network_attachments": [],
            "network_interfaces": [],
            "numa_count": 1,
            "placement_group": null,
            "placement_target": [],
            "primary_network_attachment": [],
            "primary_network_interface": [
              {
                "allow_ip_spoofing": false,
                "id": "0797-3cc0201a-1b16-4987-9f1c-0c6803c85d84",
                "name": "mold-hurried-playgroup-wager",
                "port_speed": 3000,
                "primary_ip": [
                  {
                    "address": "192.168.2.4",
                    "auto_delete": true,
                    "href": "https://eu-gb.iaas.cloud.ibm.com/v1/subnets/0797-af2c2c13-50d6-46e9-b4d2-9c8ab54d9184/reserved_ips/0797-3f3378ca-ffe8-4ea6-918d-242659867320",
                    "name": "cycle-rendering-scrawny-hypertext",
                    "reserved_ip": "0797-3f3378ca-ffe8-4ea6-918d-242659867320",
                    "resource_type": "subnet_reserved_ip"
                  }
                ],
                "primary_ipv4_address": "192.168.2.4",
                "security_groups": [
                  "r018-3b864b47-d1fd-4288-83d7-b15ef0022ed6"
                ],
                "subnet": "0797-af2c2c13-50d6-46e9-b4d2-9c8ab54d9184"
              }
            ],
            "profile": "cx2-2x4",
            "reservation": [],
            "reservation_affinity": [
              {
                "policy": "automatic",
                "pool": []
              }
            ],
            "resource_controller_url": "https://cloud.ibm.com/vpc-ext/compute/vs",
            "resource_crn": "crn:v1:bluemix:public:is:eu-gb-2:a/65c005b968304c79af0072316cd66882::instance:0797_802dc563-0e46-4f82-a8ae-e12ab0a608b5",
            "resource_group": "83b4269649ad4b44be43399c6f77f3b3",
            "resource_group_name": "khaled-eldsoky",
            "resource_name": "instance-private-1",
            "resource_status": "running",
            "status": "running",
            "status_reasons": [],
            "tags": [
              "name:instance_instance-private-1"
            ],
            "timeouts": null,
            "total_network_bandwidth": 3000,
            "total_volume_bandwidth": 1000,
            "user_data": null,
            "vcpu": [
              {
                "architecture": "amd64",
                "burst": [],
                "count": 2,
                "manufacturer": "intel",
                "percentage": 100
              }
            ],
            "volume_attachments": [
              {
                "id": "0797-e2a82251-5a34-4e8b-a035-4220cf5b418a",
                "name": "arrow-gimmick-obsessed-defective",
                "volume_crn": "crn:v1:bluemix:public:is:eu-gb-2:a/65c005b968304c79af0072316cd66882::volume:r018-3b6ed6f7-e8ec-4247-99c3-676158da34b4",
                "volume_id": "r018-3b6ed6f7-e8ec-4247-99c3-676158da34b4",
                "volume_name": "muck-preamble-zippy-haste"
              }
            ],
            "volume_bandwidth_qos_mode": "weighted",
            "volume_prototypes": [],
            "volumes": null,
            "vpc": "r018-7e9dddc1-288c-4d0d-a9f5-d78eb68b8072",
            "wait_before_delete": true,
            "zone": "eu-gb-2"
          },
          "sensitive_attributes": [],
          "identity_schema_version": 0,
          "private": "eyJlMmJmYjczMC1lY2FhLTExZTYtOGY4OC0zNDM2M2JjN2M0YzAiOnsiY3JlYXRlIjoxODAwMDAwMDAwMDAwLCJkZWxldGUiOjE4MDAwMDAwMDAwMDAsInVwZGF0ZSI6MTgwMDAwMDAwMDAwMH19",
          "dependencies": [
            "data.ibm_is_image.image_ubuntu",
            "module.network.ibm_is_public_gateway.public_gateway",
            "module.network.ibm_is_subnet.subnet",
            "module.network.ibm_is_vpc.vpc",
            "module.network.ibm_is_vpc_address_prefix.address_prefix",
            "module.network.ibm_is_vpc_routing_table.vpc_routing_table",
            "module.network.ibm_resource_group.resource_group",
            "module.security.ibm_is_security_group.security_group",
            "module.security.ibm_is_ssh_key.ssh"
          ]
        },
        {
          "index_key": "instance-private-2",
          "schema_version": 0,
          "attributes": {
            "access_tags": [],
            "action": null,
            "auto_delete_volume": null,
            "availability": [
              {
                "class": "standard"
              }
            ],
            "availability_policy": [
              {
                "host_failure": "restart",
                "preemption": "stop"
              }
            ],
            "availability_policy_host_failure": "restart",
            "bandwidth": 4000,
            "boot_volume": [
              {
                "allowed_use": [
                  {
                    "api_version": "2025-03-31",
                    "bare_metal_server": "true",
                    "instance": "true"
                  }
                ],
                "auto_delete_volume": true,
                "bandwidth": 393,
                "encryption": "",
                "iops": 3000,
                "name": "numerous-vacate-skier-shutter",
                "profile": "general-purpose",
                "size": 100,
                "snapshot": "",
                "snapshot_crn": "",
                "tags": [],
                "volume_id": "r018-62ec3715-8a93-471f-8f05-fd8db59b91d3"
              }
            ],
            "catalog_offering": [],
            "cluster_network": [],
            "cluster_network_attachments": [],
            "confidential_compute_mode": "disabled",
            "crn": "crn:v1:bluemix:public:is:eu-gb-3:a/65c005b968304c79af0072316cd66882::instance:07a7_bcf4413d-c1ad-444e-9dfa-c984daada9b4",
            "dedicated_host": null,
            "dedicated_host_group": null,
            "default_trusted_profile_auto_link": null,
            "default_trusted_profile_target": null,
            "disks": [],
            "enable_secure_boot": false,
            "force_action": false,
            "force_recovery_time": null,
            "gpu": [],
            "health_reasons": [],
            "health_state": "ok",
            "id": "07a7_bcf4413d-c1ad-444e-9dfa-c984daada9b4",
            "image": "r018-c7f1553f-2b6e-4e54-85c6-e0e8bec8fe51",
            "instance_template": null,
            "keys": [
              "r018-43d5af8a-07bf-49cc-b739-bae5fa20cdb5"
            ],
            "lifecycle_reasons": [],
            "lifecycle_state": "stable",
            "memory": 4,
            "metadata_service": [
              {
                "enabled": false,
                "protocol": "http",
                "response_hop_limit": 1
              }
            ],
            "metadata_service_enabled": false,
            "name": "instance-private-2",
            "network_attachments": [],
            "network_interfaces": [],
            "numa_count": 1,
            "placement_group": null,
            "placement_target": [],
            "primary_network_attachment": [],
            "primary_network_interface": [
              {
                "allow_ip_spoofing": false,
                "id": "07a7-76192091-5ffe-40fe-9914-d0ef7fcadc5b",
                "name": "impose-bluish-scolding-visor",
                "port_speed": 3000,
                "primary_ip": [
                  {
                    "address": "192.168.3.4",
                    "auto_delete": true,
                    "href": "https://eu-gb.iaas.cloud.ibm.com/v1/subnets/07a7-426457b6-1539-47f2-9ede-bb994ad78b2b/reserved_ips/07a7-4edff646-c79b-4879-a549-c9e532630f35",
                    "name": "clapped-twitch-passover-wincing",
                    "reserved_ip": "07a7-4edff646-c79b-4879-a549-c9e532630f35",
                    "resource_type": "subnet_reserved_ip"
                  }
                ],
                "primary_ipv4_address": "192.168.3.4",
                "security_groups": [
                  "r018-3b864b47-d1fd-4288-83d7-b15ef0022ed6"
                ],
                "subnet": "07a7-426457b6-1539-47f2-9ede-bb994ad78b2b"
              }
            ],
            "profile": "cx2-2x4",
            "reservation": [],
            "reservation_affinity": [
              {
                "policy": "automatic",
                "pool": []
              }
            ],
            "resource_controller_url": "https://cloud.ibm.com/vpc-ext/compute/vs",
            "resource_crn": "crn:v1:bluemix:public:is:eu-gb-3:a/65c005b968304c79af0072316cd66882::instance:07a7_bcf4413d-c1ad-444e-9dfa-c984daada9b4",
            "resource_group": "83b4269649ad4b44be43399c6f77f3b3",
            "resource_group_name": "khaled-eldsoky",
            "resource_name": "instance-private-2",
            "resource_status": "running",
            "status": "running",
            "status_reasons": [],
            "tags": [
              "name:instance_instance-private-2"
            ],
            "timeouts": null,
            "total_network_bandwidth": 3000,
            "total_volume_bandwidth": 1000,
            "user_data": null,
            "vcpu": [
              {
                "architecture": "amd64",
                "burst": [],
                "count": 2,
                "manufacturer": "intel",
                "percentage": 100
              }
            ],
            "volume_attachments": [
              {
                "id": "07a7-9bc61c62-2a08-4684-9021-abef887c0e02",
                "name": "nephew-hypnotist-outheard-elf",
                "volume_crn": "crn:v1:bluemix:public:is:eu-gb-3:a/65c005b968304c79af0072316cd66882::volume:r018-62ec3715-8a93-471f-8f05-fd8db59b91d3",
                "volume_id": "r018-62ec3715-8a93-471f-8f05-fd8db59b91d3",
                "volume_name": "numerous-vacate-skier-shutter"
              }
            ],
            "volume_bandwidth_qos_mode": "weighted",
            "volume_prototypes": [],
            "volumes": null,
            "vpc": "r018-7e9dddc1-288c-4d0d-a9f5-d78eb68b8072",
            "wait_before_delete": true,
            "zone": "eu-gb-3"
          },
          "sensitive_attributes": [],
          "identity_schema_version": 0,
          "private": "eyJlMmJmYjczMC1lY2FhLTExZTYtOGY4OC0zNDM2M2JjN2M0YzAiOnsiY3JlYXRlIjoxODAwMDAwMDAwMDAwLCJkZWxldGUiOjE4MDAwMDAwMDAwMDAsInVwZGF0ZSI6MTgwMDAwMDAwMDAwMH19",
          "dependencies": [
            "data.ibm_is_image.image_ubuntu",
            "module.network.ibm_is_public_gateway.public_gateway",
            "module.network.ibm_is_subnet.subnet",
            "module.network.ibm_is_vpc.vpc",
            "module.network.ibm_is_vpc_address_prefix.address_prefix",
            "module.network.ibm_is_vpc_routing_table.vpc_routing_table",
            "module.network.ibm_resource_group.resource_group",
            "module.security.ibm_is_security_group.security_group",
            "module.security.ibm_is_ssh_key.ssh"
          ]
        }
      ]
    },
    {
      "module": "module.network",
      "mode": "managed",
      "type": "ibm_is_floating_ip",
      "name": "floating_ip",
      "provider": "module.network.provider[\"registry.terraform.io/ibm-cloud/ibm\"]",
      "instances": [
        {
          "index_key": "master-ip",
          "schema_version": 0,
          "attributes": {
            "access_tags": [],
            "address": "141.125.157.22",
            "crn": "crn:v1:bluemix:public:is:eu-gb-2:a/65c005b968304c79af0072316cd66882::floating-ip:r018-532177a2-cf37-4355-b2ab-2187ec244aae",
            "id": "r018-532177a2-cf37-4355-b2ab-2187ec244aae",
            "name": "master-ip",
            "resource_controller_url": "https://cloud.ibm.com/vpc-ext/network/floatingIPs",
            "resource_crn": "crn:v1:bluemix:public:is:eu-gb-2:a/65c005b968304c79af0072316cd66882::floating-ip:r018-532177a2-cf37-4355-b2ab-2187ec244aae",
            "resource_group": "f85c67de9d944c59afb9709a10a7a25b",
            "resource_group_name": "Default",
            "resource_name": "master-ip",
            "resource_status": "available",
            "status": "available",
            "tags": [
              "name:f_ip_master-ip"
            ],
            "target": "0797-bf7ea78d-b36b-4fee-abfc-bfae500d06ed",
            "target_list": [
              {
                "crn": "",
                "deleted": [],
                "href": "https://eu-gb.iaas.cloud.ibm.com/v1/instances/0797_f57e4f4f-b0a2-4ff2-ad8f-205eb442834e/network_interfaces/0797-bf7ea78d-b36b-4fee-abfc-bfae500d06ed",
                "id": "0797-bf7ea78d-b36b-4fee-abfc-bfae500d06ed",
                "name": "nanotech-auction-treadmill-salad",
                "primary_ip": [
                  {
                    "address": "192.168.1.4",
                    "href": "https://eu-gb.iaas.cloud.ibm.com/v1/subnets/0797-df6984e9-c479-4ffd-a0cb-45d415fd985a/reserved_ips/0797-26ae4c93-3c75-4091-9a3c-01e80bb1da5b",
                    "name": "disposal-attitude-siesta-securely",
                    "reserved_ip": "0797-26ae4c93-3c75-4091-9a3c-01e80bb1da5b",
                    "resource_type": "subnet_reserved_ip"
                  }
                ],
                "resource_type": "network_interface"
              }
            ],
            "timeouts": null,
            "zone": "eu-gb-2"
          },
          "sensitive_attributes": [],
          "identity_schema_version": 0,
          "private": "eyJlMmJmYjczMC1lY2FhLTExZTYtOGY4OC0zNDM2M2JjN2M0YzAiOnsiY3JlYXRlIjo2MDAwMDAwMDAwMDAsImRlbGV0ZSI6NjAwMDAwMDAwMDAwfX0=",
          "dependencies": [
            "data.ibm_is_image.image_ubuntu",
            "module.compute.ibm_is_instance.instance",
            "module.network.ibm_is_public_gateway.public_gateway",
            "module.network.ibm_is_subnet.subnet",
            "module.network.ibm_is_vpc.vpc",
            "module.network.ibm_is_vpc_address_prefix.address_prefix",
            "module.network.ibm_is_vpc_routing_table.vpc_routing_table",
            "module.network.ibm_resource_group.resource_group",
            "module.security.ibm_is_security_group.security_group",
            "module.security.ibm_is_ssh_key.ssh"
          ]
        }
      ]
    },
    {
      "module": "module.network",
      "mode": "managed",
      "type": "ibm_is_public_gateway",
      "name": "public_gateway",
      "provider": "module.network.provider[\"registry.terraform.io/ibm-cloud/ibm\"]",
      "instances": [
        {
          "index_key": "gw-1",
          "schema_version": 0,
          "attributes": {
            "access_tags": [],
            "crn": "crn:v1:bluemix:public:is:eu-gb-2:a/65c005b968304c79af0072316cd66882::public-gateway:r018-44fc0d93-b18b-45bb-bfad-ec426a41d72c",
            "floating_ip": {
              "address": "141.125.159.109",
              "id": "r018-99a431e5-ef74-433c-9d68-ca27df160e44"
            },
            "id": "r018-44fc0d93-b18b-45bb-bfad-ec426a41d72c",
            "name": "gw-1",
            "resource_controller_url": "https://cloud.ibm.com/vpc-ext/network/publicGateways",
            "resource_crn": "crn:v1:bluemix:public:is:eu-gb-2:a/65c005b968304c79af0072316cd66882::public-gateway:r018-44fc0d93-b18b-45bb-bfad-ec426a41d72c",
            "resource_group": "f85c67de9d944c59afb9709a10a7a25b",
            "resource_group_name": "Default",
            "resource_name": "gw-1",
            "resource_status": "available",
            "status": "available",
            "tags": [],
            "timeouts": null,
            "vpc": "r018-7e9dddc1-288c-4d0d-a9f5-d78eb68b8072",
            "zone": "eu-gb-2"
          },
          "sensitive_attributes": [],
          "identity_schema_version": 0,
          "private": "eyJlMmJmYjczMC1lY2FhLTExZTYtOGY4OC0zNDM2M2JjN2M0YzAiOnsiY3JlYXRlIjo2MDAwMDAwMDAwMDAsImRlbGV0ZSI6NjAwMDAwMDAwMDAwfX0=",
          "dependencies": [
            "module.network.ibm_is_vpc.vpc",
            "module.network.ibm_resource_group.resource_group"
          ]
        },
        {
          "index_key": "gw-2",
          "schema_version": 0,
          "attributes": {
            "access_tags": [],
            "crn": "crn:v1:bluemix:public:is:eu-gb-3:a/65c005b968304c79af0072316cd66882::public-gateway:r018-1251af4f-220d-43f3-b3a9-9be35d874c0f",
            "floating_ip": {
              "address": "158.176.188.148",
              "id": "r018-04b84ac0-ddda-4c5d-846b-c718c8b1b05c"
            },
            "id": "r018-1251af4f-220d-43f3-b3a9-9be35d874c0f",
            "name": "gw-2",
            "resource_controller_url": "https://cloud.ibm.com/vpc-ext/network/publicGateways",
            "resource_crn": "crn:v1:bluemix:public:is:eu-gb-3:a/65c005b968304c79af0072316cd66882::public-gateway:r018-1251af4f-220d-43f3-b3a9-9be35d874c0f",
            "resource_group": "f85c67de9d944c59afb9709a10a7a25b",
            "resource_group_name": "Default",
            "resource_name": "gw-2",
            "resource_status": "available",
            "status": "available",
            "tags": [],
            "timeouts": null,
            "vpc": "r018-7e9dddc1-288c-4d0d-a9f5-d78eb68b8072",
            "zone": "eu-gb-3"
          },
          "sensitive_attributes": [],
          "identity_schema_version": 0,
          "private": "eyJlMmJmYjczMC1lY2FhLTExZTYtOGY4OC0zNDM2M2JjN2M0YzAiOnsiY3JlYXRlIjo2MDAwMDAwMDAwMDAsImRlbGV0ZSI6NjAwMDAwMDAwMDAwfX0=",
          "dependencies": [
            "module.network.ibm_is_vpc.vpc",
            "module.network.ibm_resource_group.resource_group"
          ]
        }
      ]
    },
    {
      "module": "module.network",
      "mode": "managed",
      "type": "ibm_is_subnet",
      "name": "subnet",
      "provider": "module.network.provider[\"registry.terraform.io/ibm-cloud/ibm\"]",
      "instances": [
        {
          "index_key": "private-subnet-1",
          "schema_version": 0,
          "attributes": {
            "access_tags": [],
            "available_ipv4_address_count": 250,
            "crn": "crn:v1:bluemix:public:is:eu-gb-2:a/65c005b968304c79af0072316cd66882::subnet:0797-af2c2c13-50d6-46e9-b4d2-9c8ab54d9184",
            "id": "0797-af2c2c13-50d6-46e9-b4d2-9c8ab54d9184",
            "ip_version": "ipv4",
            "ipv4_cidr_block": "192.168.2.0/24",
            "name": "private-subnet-1",
            "network_acl": "r018-b5cde093-7661-4b6e-b8e6-cb623c922b95",
            "public_gateway": "r018-44fc0d93-b18b-45bb-bfad-ec426a41d72c",
            "resource_controller_url": "https://cloud.ibm.com/vpc-ext/network/subnets",
            "resource_crn": "crn:v1:bluemix:public:is:eu-gb-2:a/65c005b968304c79af0072316cd66882::subnet:0797-af2c2c13-50d6-46e9-b4d2-9c8ab54d9184",
            "resource_group": "f85c67de9d944c59afb9709a10a7a25b",
            "resource_group_name": "Default",
            "resource_name": "private-subnet-1",
            "resource_status": "available",
            "routing_table": "r018-13dc7237-e3f0-4bfe-a414-48e1a2dcc929",
            "routing_table_crn": "crn:v1:bluemix:public:is:eu-gb:a/65c005b968304c79af0072316cd66882::vpc-routing-table:r018-7e9dddc1-288c-4d0d-a9f5-d78eb68b8072/r018-13dc7237-e3f0-4bfe-a414-48e1a2dcc929",
            "status": "available",
            "tags": [
              "name:subnet_private-subnet-1"
            ],
            "timeouts": null,
            "total_ipv4_address_count": 256,
            "vpc": "r018-7e9dddc1-288c-4d0d-a9f5-d78eb68b8072",
            "zone": "eu-gb-2"
          },
          "sensitive_attributes": [],
          "identity_schema_version": 0,
          "private": "eyJlMmJmYjczMC1lY2FhLTExZTYtOGY4OC0zNDM2M2JjN2M0YzAiOnsiY3JlYXRlIjo2MDAwMDAwMDAwMDAsImRlbGV0ZSI6NjAwMDAwMDAwMDAwLCJ1cGRhdGUiOjYwMDAwMDAwMDAwMH19",
          "dependencies": [
            "module.network.ibm_is_public_gateway.public_gateway",
            "module.network.ibm_is_vpc.vpc",
            "module.network.ibm_is_vpc_address_prefix.address_prefix",
            "module.network.ibm_is_vpc_routing_table.vpc_routing_table",
            "module.network.ibm_resource_group.resource_group"
          ]
        },
        {
          "index_key": "private-subnet-2",
          "schema_version": 0,
          "attributes": {
            "access_tags": [],
            "available_ipv4_address_count": 250,
            "crn": "crn:v1:bluemix:public:is:eu-gb-3:a/65c005b968304c79af0072316cd66882::subnet:07a7-426457b6-1539-47f2-9ede-bb994ad78b2b",
            "id": "07a7-426457b6-1539-47f2-9ede-bb994ad78b2b",
            "ip_version": "ipv4",
            "ipv4_cidr_block": "192.168.3.0/24",
            "name": "private-subnet-2",
            "network_acl": "r018-b5cde093-7661-4b6e-b8e6-cb623c922b95",
            "public_gateway": "r018-1251af4f-220d-43f3-b3a9-9be35d874c0f",
            "resource_controller_url": "https://cloud.ibm.com/vpc-ext/network/subnets",
            "resource_crn": "crn:v1:bluemix:public:is:eu-gb-3:a/65c005b968304c79af0072316cd66882::subnet:07a7-426457b6-1539-47f2-9ede-bb994ad78b2b",
            "resource_group": "f85c67de9d944c59afb9709a10a7a25b",
            "resource_group_name": "Default",
            "resource_name": "private-subnet-2",
            "resource_status": "available",
            "routing_table": "r018-13dc7237-e3f0-4bfe-a414-48e1a2dcc929",
            "routing_table_crn": "crn:v1:bluemix:public:is:eu-gb:a/65c005b968304c79af0072316cd66882::vpc-routing-table:r018-7e9dddc1-288c-4d0d-a9f5-d78eb68b8072/r018-13dc7237-e3f0-4bfe-a414-48e1a2dcc929",
            "status": "available",
            "tags": [
              "name:subnet_private-subnet-2"
            ],
            "timeouts": null,
            "total_ipv4_address_count": 256,
            "vpc": "r018-7e9dddc1-288c-4d0d-a9f5-d78eb68b8072",
            "zone": "eu-gb-3"
          },
          "sensitive_attributes": [],
          "identity_schema_version": 0,
          "private": "eyJlMmJmYjczMC1lY2FhLTExZTYtOGY4OC0zNDM2M2JjN2M0YzAiOnsiY3JlYXRlIjo2MDAwMDAwMDAwMDAsImRlbGV0ZSI6NjAwMDAwMDAwMDAwLCJ1cGRhdGUiOjYwMDAwMDAwMDAwMH19",
          "dependencies": [
            "module.network.ibm_is_public_gateway.public_gateway",
            "module.network.ibm_is_vpc.vpc",
            "module.network.ibm_is_vpc_address_prefix.address_prefix",
            "module.network.ibm_is_vpc_routing_table.vpc_routing_table",
            "module.network.ibm_resource_group.resource_group"
          ]
        },
        {
          "index_key": "public-subnet-1",
          "schema_version": 0,
          "attributes": {
            "access_tags": [],
            "available_ipv4_address_count": 250,
            "crn": "crn:v1:bluemix:public:is:eu-gb-2:a/65c005b968304c79af0072316cd66882::subnet:0797-df6984e9-c479-4ffd-a0cb-45d415fd985a",
            "id": "0797-df6984e9-c479-4ffd-a0cb-45d415fd985a",
            "ip_version": "ipv4",
            "ipv4_cidr_block": "192.168.1.0/24",
            "name": "public-subnet-1",
            "network_acl": "r018-b5cde093-7661-4b6e-b8e6-cb623c922b95",
            "public_gateway": "",
            "resource_controller_url": "https://cloud.ibm.com/vpc-ext/network/subnets",
            "resource_crn": "crn:v1:bluemix:public:is:eu-gb-2:a/65c005b968304c79af0072316cd66882::subnet:0797-df6984e9-c479-4ffd-a0cb-45d415fd985a",
            "resource_group": "f85c67de9d944c59afb9709a10a7a25b",
            "resource_group_name": "Default",
            "resource_name": "public-subnet-1",
            "resource_status": "available",
            "routing_table": "r018-13dc7237-e3f0-4bfe-a414-48e1a2dcc929",
            "routing_table_crn": "crn:v1:bluemix:public:is:eu-gb:a/65c005b968304c79af0072316cd66882::vpc-routing-table:r018-7e9dddc1-288c-4d0d-a9f5-d78eb68b8072/r018-13dc7237-e3f0-4bfe-a414-48e1a2dcc929",
            "status": "available",
            "tags": [
              "name:subnet_public-subnet-1"
            ],
            "timeouts": null,
            "total_ipv4_address_count": 256,
            "vpc": "r018-7e9dddc1-288c-4d0d-a9f5-d78eb68b8072",
            "zone": "eu-gb-2"
          },
          "sensitive_attributes": [],
          "identity_schema_version": 0,
          "private": "eyJlMmJmYjczMC1lY2FhLTExZTYtOGY4OC0zNDM2M2JjN2M0YzAiOnsiY3JlYXRlIjo2MDAwMDAwMDAwMDAsImRlbGV0ZSI6NjAwMDAwMDAwMDAwLCJ1cGRhdGUiOjYwMDAwMDAwMDAwMH19",
          "dependencies": [
            "module.network.ibm_is_public_gateway.public_gateway",
            "module.network.ibm_is_vpc.vpc",
            "module.network.ibm_is_vpc_address_prefix.address_prefix",
            "module.network.ibm_is_vpc_routing_table.vpc_routing_table",
            "module.network.ibm_resource_group.resource_group"
          ]
        }
      ]
    },
    {
      "module": "module.network",
      "mode": "managed",
      "type": "ibm_is_vpc",
      "name": "vpc",
      "provider": "module.network.provider[\"registry.terraform.io/ibm-cloud/ibm\"]",
      "instances": [
        {
          "index_key": "vpc-khaled",
          "schema_version": 0,
          "attributes": {
            "access_tags": [],
            "address_prefix_management": "auto",
            "classic_access": false,
            "crn": "crn:v1:bluemix:public:is:eu-gb:a/65c005b968304c79af0072316cd66882::vpc:r018-7e9dddc1-288c-4d0d-a9f5-d78eb68b8072",
            "cse_source_addresses": [
              {
                "address": "10.16.52.222",
                "zone_name": "eu-gb-1"
              },
              {
                "address": "10.249.106.31",
                "zone_name": "eu-gb-2"
              },
              {
                "address": "10.16.65.234",
                "zone_name": "eu-gb-3"
              }
            ],
            "default_address_prefixes": {
              "eu-gb-1": "10.242.0.0/18",
              "eu-gb-2": "10.242.64.0/18",
              "eu-gb-3": "10.242.128.0/18"
            },
            "default_network_acl": "r018-b5cde093-7661-4b6e-b8e6-cb623c922b95",
            "default_network_acl_crn": "crn:v1:bluemix:public:is:eu-gb:a/65c005b968304c79af0072316cd66882::network-acl:r018-b5cde093-7661-4b6e-b8e6-cb623c922b95",
            "default_network_acl_name": "felttip-quit-retread-tipping",
            "default_routing_table": "r018-b9ae15df-56b1-4117-9149-9c757fea86e4",
            "default_routing_table_crn": "crn:v1:bluemix:public:is:eu-gb:a/65c005b968304c79af0072316cd66882::vpc-routing-table:r018-7e9dddc1-288c-4d0d-a9f5-d78eb68b8072/r018-b9ae15df-56b1-4117-9149-9c757fea86e4",
            "default_routing_table_name": "craftily-amber-usual-suspense",
            "default_security_group": "r018-3590a7bf-c382-4c9e-b8a9-0ec65d96886c",
            "default_security_group_crn": "crn:v1:bluemix:public:is:eu-gb:a/65c005b968304c79af0072316cd66882::security-group:r018-3590a7bf-c382-4c9e-b8a9-0ec65d96886c",
            "default_security_group_name": "flicked-themes-geoduck-disbound",
            "dns": [
              {
                "enable_hub": false,
                "resolution_binding_count": 0,
                "resolver": [
                  {
                    "configuration": "default",
                    "dns_binding_id": "",
                    "dns_binding_name": "",
                    "manual_servers": [],
                    "servers": [
                      {
                        "address": "161.26.0.10",
                        "zone_affinity": ""
                      },
                      {
                        "address": "161.26.0.11",
                        "zone_affinity": ""
                      }
                    ],
                    "type": "system",
                    "vpc_crn": "",
                    "vpc_id": "",
                    "vpc_name": "",
                    "vpc_remote_account_id": "",
                    "vpc_remote_region": ""
                  }
                ]
              }
            ],
            "health_reasons": [],
            "health_state": "ok",
            "id": "r018-7e9dddc1-288c-4d0d-a9f5-d78eb68b8072",
            "name": "vpc-khaled",
            "no_sg_acl_rules": false,
            "public_address_ranges": [],
            "resource_controller_url": "https://cloud.ibm.com/vpc-ext/network/vpcs",
            "resource_crn": "crn:v1:bluemix:public:is:eu-gb:a/65c005b968304c79af0072316cd66882::vpc:r018-7e9dddc1-288c-4d0d-a9f5-d78eb68b8072",
            "resource_group": "83b4269649ad4b44be43399c6f77f3b3",
            "resource_group_name": "khaled-eldsoky",
            "resource_name": "vpc-khaled",
            "resource_status": "available",
            "security_group": [
              {
                "group_id": "r018-2b3107cc-d84c-4802-845b-76c3f0ae0e7c",
                "group_name": "master",
                "rules": [
                  {
                    "code": 0,
                    "direction": "inbound",
                    "ip_version": "ipv4",
                    "port_max": 0,
                    "port_min": 0,
                    "protocol": "icmp",
                    "remote": "0.0.0.0/0",
                    "rule_id": "r018-29ae51ba-fbb9-4165-8d76-3d4b3444a87b",
                    "type": 0
                  },
                  {
                    "code": 0,
                    "direction": "inbound",
                    "ip_version": "ipv4",
                    "port_max": 6783,
                    "port_min": 6783,
                    "protocol": "udp",
                    "remote": "0.0.0.0/0",
                    "rule_id": "r018-282bf144-2f51-4b3c-a7b3-64f081d6c0a3",
                    "type": 0
                  },
                  {
                    "code": 0,
                    "direction": "outbound",
                    "ip_version": "ipv4",
                    "port_max": 6783,
                    "port_min": 6783,
                    "protocol": "udp",
                    "remote": "0.0.0.0/0",
                    "rule_id": "r018-1d5fafff-a54d-4369-9034-66aada067a31",
                    "type": 0
                  },
                  {
                    "code": 0,
                    "direction": "outbound",
                    "ip_version": "ipv4",
                    "port_max": 0,
                    "port_min": 0,
                    "protocol": "icmp",
                    "remote": "0.0.0.0/0",
                    "rule_id": "r018-36f662c0-fff3-44a9-b6e8-ba20a5f5e3be",
                    "type": 0
                  },
                  {
                    "code": 0,
                    "direction": "outbound",
                    "ip_version": "ipv4",
                    "port_max": 6784,
                    "port_min": 6783,
                    "protocol": "udp",
                    "remote": "0.0.0.0/0",
                    "rule_id": "r018-e8283409-9a45-4dca-b216-9f361bf2c4a5",
                    "type": 0
                  },
                  {
                    "code": 0,
                    "direction": "inbound",
                    "ip_version": "ipv4",
                    "port_max": 6443,
                    "port_min": 6443,
                    "protocol": "tcp",
                    "remote": "0.0.0.0/0",
                    "rule_id": "r018-e33c57c2-2f02-4ee8-b2a3-6c151d55b5d2",
                    "type": 0
                  },
                  {
                    "code": 0,
                    "direction": "outbound",
                    "ip_version": "ipv4",
                    "port_max": 10251,
                    "port_min": 10251,
                    "protocol": "tcp",
                    "remote": "0.0.0.0/0",
                    "rule_id": "r018-bc0217b7-2ceb-4477-94a1-59671976ae1e",
                    "type": 0
                  },
                  {
                    "code": 0,
                    "direction": "outbound",
                    "ip_version": "ipv4",
                    "port_max": 10252,
                    "port_min": 10252,
                    "protocol": "tcp",
                    "remote": "0.0.0.0/0",
                    "rule_id": "r018-752a460e-72f5-4a78-ac4c-b3cf99c03acb",
                    "type": 0
                  },
                  {
                    "code": 0,
                    "direction": "inbound",
                    "ip_version": "ipv4",
                    "port_max": 10250,
                    "port_min": 10250,
                    "protocol": "tcp",
                    "remote": "0.0.0.0/0",
                    "rule_id": "r018-431322f7-4130-425c-a5f9-97197827631b",
                    "type": 0
                  },
                  {
                    "code": 0,
                    "direction": "outbound",
                    "ip_version": "ipv4",
                    "port_max": 6443,
                    "port_min": 6443,
                    "protocol": "tcp",
                    "remote": "0.0.0.0/0",
                    "rule_id": "r018-6c6b5d1b-6c5b-4a8a-a233-8899deae8a31",
                    "type": 0
                  },
                  {
                    "code": 0,
                    "direction": "outbound",
                    "ip_version": "ipv4",
                    "port_max": 6783,
                    "port_min": 6783,
                    "protocol": "tcp",
                    "remote": "0.0.0.0/0",
                    "rule_id": "r018-eee2d7e4-5fcf-4f8c-b905-a968eab7adb2",
                    "type": 0
                  },
                  {
                    "code": 0,
                    "direction": "outbound",
                    "ip_version": "ipv4",
                    "port_max": 443,
                    "port_min": 443,
                    "protocol": "tcp",
                    "remote": "0.0.0.0/0",
                    "rule_id": "r018-ff9a6609-4d4f-4e25-bb80-8cb405d25b25",
                    "type": 0
                  },
                  {
                    "code": 0,
                    "direction": "inbound",
                    "ip_version": "ipv4",
                    "port_max": 6783,
                    "port_min": 6783,
                    "protocol": "tcp",
                    "remote": "0.0.0.0/0",
                    "rule_id": "r018-271d30e4-adb2-4a3e-9010-f8d43e65c7bb",
                    "type": 0
                  },
                  {
                    "code": 0,
                    "direction": "inbound",
                    "ip_version": "ipv4",
                    "port_max": 10251,
                    "port_min": 10251,
                    "protocol": "tcp",
                    "remote": "0.0.0.0/0",
                    "rule_id": "r018-095ca328-ee18-4f37-9abb-6071caaa385e",
                    "type": 0
                  },
                  {
                    "code": 0,
                    "direction": "outbound",
                    "ip_version": "ipv4",
                    "port_max": 10250,
                    "port_min": 10250,
                    "protocol": "tcp",
                    "remote": "0.0.0.0/0",
                    "rule_id": "r018-c8681cfa-771a-4a60-9cb3-ea361cf8b286",
                    "type": 0
                  },
                  {
                    "code": 0,
                    "direction": "outbound",
                    "ip_version": "ipv4",
                    "port_max": 80,
                    "port_min": 80,
                    "protocol": "tcp",
                    "remote": "0.0.0.0/0",
                    "rule_id": "r018-6cba55d1-affa-4bfb-ae38-bc8dd18418e9",
                    "type": 0
                  },
                  {
                    "code": 0,
                    "direction": "inbound",
                    "ip_version": "ipv4",
                    "port_max": 53,
                    "port_min": 53,
                    "protocol": "tcp",
                    "remote": "0.0.0.0/0",
                    "rule_id": "r018-b9868551-9df3-41d8-b756-819c1137a966",
                    "type": 0
                  },
                  {
                    "code": 0,
                    "direction": "inbound",
                    "ip_version": "ipv4",
                    "port_max": 10252,
                    "port_min": 10252,
                    "protocol": "tcp",
                    "remote": "0.0.0.0/0",
                    "rule_id": "r018-3620f336-9245-4772-b19d-df86fccebc04",
                    "type": 0
                  },
                  {
                    "code": 0,
                    "direction": "inbound",
                    "ip_version": "ipv4",
                    "port_max": 22,
                    "port_min": 22,
                    "protocol": "tcp",
                    "remote": "0.0.0.0/0",
                    "rule_id": "r018-efecf138-c0c4-4a15-8826-806ea25f58c8",
                    "type": 0
                  },
                  {
                    "code": 0,
                    "direction": "inbound",
                    "ip_version": "ipv4",
                    "port_max": 80,
                    "port_min": 80,
                    "protocol": "tcp",
                    "remote": "0.0.0.0/0",
                    "rule_id": "r018-51ad895b-1b10-4c13-be83-9c9f325883b3",
                    "type": 0
                  },
                  {
                    "code": 0,
                    "direction": "inbound",
                    "ip_version": "ipv4",
                    "port_max": 443,
                    "port_min": 443,
                    "protocol": "tcp",
                    "remote": "0.0.0.0/0",
                    "rule_id": "r018-344260fc-acd0-4411-91a3-af6957da2c3a",
                    "type": 0
                  },
                  {
                    "code": 0,
                    "direction": "inbound",
                    "ip_version": "ipv4",
                    "port_max": 2380,
                    "port_min": 2379,
                    "protocol": "tcp",
                    "remote": "0.0.0.0/0",
                    "rule_id": "r018-d58badf1-91a3-4292-acce-02dc6623b29f",
                    "type": 0
                  },
                  {
                    "code": 0,
                    "direction": "outbound",
                    "ip_version": "ipv4",
                    "port_max": 22,
                    "port_min": 22,
                    "protocol": "tcp",
                    "remote": "0.0.0.0/0",
                    "rule_id": "r018-a3e4f103-1d24-4d8b-875e-cf150a3df6d4",
                    "type": 0
                  },
                  {
                    "code": 0,
                    "direction": "outbound",
                    "ip_version": "ipv4",
                    "port_max": 53,
                    "port_min": 53,
                    "protocol": "tcp",
                    "remote": "0.0.0.0/0",
                    "rule_id": "r018-01a97340-923e-4f65-8572-6517ebc853f4",
                    "type": 0
                  }
                ]
              },
              {
                "group_id": "r018-3b864b47-d1fd-4288-83d7-b15ef0022ed6",
                "group_name": "worker",
                "rules": [
                  {
                    "code": 0,
                    "direction": "outbound",
                    "ip_version": "ipv4",
                    "port_max": 6784,
                    "port_min": 6783,
                    "protocol": "udp",
                    "remote": "0.0.0.0/0",
                    "rule_id": "r018-aaaec053-3924-46a9-9665-09bcf0e34de5",
                    "type": 0
                  },
                  {
                    "code": 0,
                    "direction": "inbound",
                    "ip_version": "ipv4",
                    "port_max": 6783,
                    "port_min": 6783,
                    "protocol": "udp",
                    "remote": "0.0.0.0/0",
                    "rule_id": "r018-553980a6-b8f9-4eb3-9637-db73aaf16324",
                    "type": 0
                  },
                  {
                    "code": 0,
                    "direction": "outbound",
                    "ip_version": "ipv4",
                    "port_max": 0,
                    "port_min": 0,
                    "protocol": "icmp",
                    "remote": "0.0.0.0/0",
                    "rule_id": "r018-0502f579-4757-46a3-b878-5e1643b3c832",
                    "type": 0
                  },
                  {
                    "code": 0,
                    "direction": "outbound",
                    "ip_version": "ipv4",
                    "port_max": 6783,
                    "port_min": 6783,
                    "protocol": "udp",
                    "remote": "0.0.0.0/0",
                    "rule_id": "r018-b3a31b21-f5c3-49fb-8ce7-ebaba3204b68",
                    "type": 0
                  },
                  {
                    "code": 0,
                    "direction": "inbound",
                    "ip_version": "ipv4",
                    "port_max": 0,
                    "port_min": 0,
                    "protocol": "icmp",
                    "remote": "0.0.0.0/0",
                    "rule_id": "r018-9a307a3e-0165-4e5a-bafa-19dc4d89f535",
                    "type": 0
                  },
                  {
                    "code": 0,
                    "direction": "inbound",
                    "ip_version": "ipv4",
                    "port_max": 22,
                    "port_min": 22,
                    "protocol": "tcp",
                    "remote": "0.0.0.0/0",
                    "rule_id": "r018-0fcb9c3b-5c25-42b5-ae34-e41c4569c6eb",
                    "type": 0
                  },
                  {
                    "code": 0,
                    "direction": "outbound",
                    "ip_version": "ipv4",
                    "port_max": 6783,
                    "port_min": 6783,
                    "protocol": "tcp",
                    "remote": "0.0.0.0/0",
                    "rule_id": "r018-2e3d1a7d-5dc8-45c5-b8c9-dbd555dc4cb1",
                    "type": 0
                  },
                  {
                    "code": 0,
                    "direction": "outbound",
                    "ip_version": "ipv4",
                    "port_max": 443,
                    "port_min": 443,
                    "protocol": "tcp",
                    "remote": "0.0.0.0/0",
                    "rule_id": "r018-66178b19-c304-425b-b0a5-5634b5546959",
                    "type": 0
                  },
                  {
                    "code": 0,
                    "direction": "inbound",
                    "ip_version": "ipv4",
                    "port_max": 443,
                    "port_min": 443,
                    "protocol": "tcp",
                    "remote": "0.0.0.0/0",
                    "rule_id": "r018-88b98bd7-50b2-4335-8a8a-5dd89954a0ad",
                    "type": 0
                  },
                  {
                    "code": 0,
                    "direction": "outbound",
                    "ip_version": "ipv4",
                    "port_max": 53,
                    "port_min": 53,
                    "protocol": "tcp",
                    "remote": "0.0.0.0/0",
                    "rule_id": "r018-6863230b-e36b-4212-a353-ad4037bfeb5a",
                    "type": 0
                  },
                  {
                    "code": 0,
                    "direction": "outbound",
                    "ip_version": "ipv4",
                    "port_max": 80,
                    "port_min": 80,
                    "protocol": "tcp",
                    "remote": "0.0.0.0/0",
                    "rule_id": "r018-00ba2cfc-5b32-48d0-8029-7e06d7e8bb7b",
                    "type": 0
                  },
                  {
                    "code": 0,
                    "direction": "inbound",
                    "ip_version": "ipv4",
                    "port_max": 6783,
                    "port_min": 6783,
                    "protocol": "tcp",
                    "remote": "0.0.0.0/0",
                    "rule_id": "r018-55bde222-d43e-45de-b371-01018196662d",
                    "type": 0
                  },
                  {
                    "code": 0,
                    "direction": "outbound",
                    "ip_version": "ipv4",
                    "port_max": 6443,
                    "port_min": 6443,
                    "protocol": "tcp",
                    "remote": "0.0.0.0/0",
                    "rule_id": "r018-e7f66db5-ca5e-49a5-995f-750a476c7b86",
                    "type": 0
                  },
                  {
                    "code": 0,
                    "direction": "outbound",
                    "ip_version": "ipv4",
                    "port_max": 10250,
                    "port_min": 10250,
                    "protocol": "tcp",
                    "remote": "0.0.0.0/0",
                    "rule_id": "r018-cfa4feb0-543b-44a6-aef8-3df6abfc1690",
                    "type": 0
                  },
                  {
                    "code": 0,
                    "direction": "inbound",
                    "ip_version": "ipv4",
                    "port_max": 6443,
                    "port_min": 6443,
                    "protocol": "tcp",
                    "remote": "0.0.0.0/0",
                    "rule_id": "r018-f34e0e5b-b903-4040-9210-2b9564f52fde",
                    "type": 0
                  },
                  {
                    "code": 0,
                    "direction": "outbound",
                    "ip_version": "ipv4",
                    "port_max": 10251,
                    "port_min": 10251,
                    "protocol": "tcp",
                    "remote": "0.0.0.0/0",
                    "rule_id": "r018-0c55f879-f339-4fd9-97e7-b61472133bdf",
                    "type": 0
                  },
                  {
                    "code": 0,
                    "direction": "inbound",
                    "ip_version": "ipv4",
                    "port_max": 2380,
                    "port_min": 2379,
                    "protocol": "tcp",
                    "remote": "0.0.0.0/0",
                    "rule_id": "r018-8d4dd78e-5388-48a6-8a06-eb949f0dc80c",
                    "type": 0
                  },
                  {
                    "code": 0,
                    "direction": "outbound",
                    "ip_version": "ipv4",
                    "port_max": 22,
                    "port_min": 22,
                    "protocol": "tcp",
                    "remote": "0.0.0.0/0",
                    "rule_id": "r018-36ff39da-2ee5-4738-94ae-dc3d6bb74c56",
                    "type": 0
                  },
                  {
                    "code": 0,
                    "direction": "inbound",
                    "ip_version": "ipv4",
                    "port_max": 10252,
                    "port_min": 10252,
                    "protocol": "tcp",
                    "remote": "0.0.0.0/0",
                    "rule_id": "r018-037c9d92-e0db-4b6a-9100-4e3ea523dcf0",
                    "type": 0
                  },
                  {
                    "code": 0,
                    "direction": "inbound",
                    "ip_version": "ipv4",
                    "port_max": 10250,
                    "port_min": 10250,
                    "protocol": "tcp",
                    "remote": "0.0.0.0/0",
                    "rule_id": "r018-f80a71f5-1eef-4345-bb91-146b1ecae59d",
                    "type": 0
                  },
                  {
                    "code": 0,
                    "direction": "inbound",
                    "ip_version": "ipv4",
                    "port_max": 80,
                    "port_min": 80,
                    "protocol": "tcp",
                    "remote": "0.0.0.0/0",
                    "rule_id": "r018-7f98fe78-a094-42bd-bf9e-1ba76ff4b776",
                    "type": 0
                  },
                  {
                    "code": 0,
                    "direction": "inbound",
                    "ip_version": "ipv4",
                    "port_max": 10251,
                    "port_min": 10251,
                    "protocol": "tcp",
                    "remote": "0.0.0.0/0",
                    "rule_id": "r018-5858ae9a-d503-44ba-b127-54990f50f93d",
                    "type": 0
                  },
                  {
                    "code": 0,
                    "direction": "outbound",
                    "ip_version": "ipv4",
                    "port_max": 10252,
                    "port_min": 10252,
                    "protocol": "tcp",
                    "remote": "0.0.0.0/0",
                    "rule_id": "r018-00b1804c-aad1-4a19-8c0e-a7063dd21337",
                    "type": 0
                  },
                  {
                    "code": 0,
                    "direction": "inbound",
                    "ip_version": "ipv4",
                    "port_max": 53,
                    "port_min": 53,
                    "protocol": "tcp",
                    "remote": "0.0.0.0/0",
                    "rule_id": "r018-2ff43188-053c-4695-8993-72cf24b0a0f4",
                    "type": 0
                  }
                ]
              },
              {
                "group_id": "r018-3590a7bf-c382-4c9e-b8a9-0ec65d96886c",
                "group_name": "flicked-themes-geoduck-disbound",
                "rules": [
                  {
                    "code": 0,
                    "direction": "outbound",
                    "ip_version": "ipv4",
                    "port_max": 0,
                    "port_min": 0,
                    "protocol": "icmp_tcp_udp",
                    "remote": "0.0.0.0/0",
                    "rule_id": "r018-8d242846-52f4-4f5d-b10f-291201f81b7d",
                    "type": 0
                  },
                  {
                    "code": 0,
                    "direction": "inbound",
                    "ip_version": "ipv4",
                    "port_max": 0,
                    "port_min": 0,
                    "protocol": "icmp_tcp_udp",
                    "remote": "r018-3590a7bf-c382-4c9e-b8a9-0ec65d96886c",
                    "rule_id": "r018-230ed17e-ae89-4eb5-9047-6b04bb6ff4a5",
                    "type": 0
                  }
                ]
              }
            ],
            "status": "available",
            "subnets": [
              {
                "available_ipv4_address_count": 250,
                "id": "0797-df6984e9-c479-4ffd-a0cb-45d415fd985a",
                "name": "public-subnet-1",
                "status": "available",
                "total_ipv4_address_count": 256,
                "zone": "eu-gb-2"
              },
              {
                "available_ipv4_address_count": 250,
                "id": "0797-af2c2c13-50d6-46e9-b4d2-9c8ab54d9184",
                "name": "private-subnet-1",
                "status": "available",
                "total_ipv4_address_count": 256,
                "zone": "eu-gb-2"
              },
              {
                "available_ipv4_address_count": 250,
                "id": "07a7-426457b6-1539-47f2-9ede-bb994ad78b2b",
                "name": "private-subnet-2",
                "status": "available",
                "total_ipv4_address_count": 256,
                "zone": "eu-gb-3"
              }
            ],
            "tags": [
              "name:vpc-khaled"
            ],
            "timeouts": null
          },
          "sensitive_attributes": [],
          "identity_schema_version": 0,
          "private": "eyJlMmJmYjczMC1lY2FhLTExZTYtOGY4OC0zNDM2M2JjN2M0YzAiOnsiY3JlYXRlIjo2MDAwMDAwMDAwMDAsImRlbGV0ZSI6NjAwMDAwMDAwMDAwfX0=",
          "dependencies": [
            "module.network.ibm_resource_group.resource_group"
          ]
        }
      ]
    },
    {
      "module": "module.network",
      "mode": "managed",
      "type": "ibm_is_vpc_address_prefix",
      "name": "address_prefix",
      "provider": "module.network.provider[\"registry.terraform.io/ibm-cloud/ibm\"]",
      "instances": [
        {
          "index_key": "192.168.1",
          "schema_version": 0,
          "attributes": {
            "address_prefix": "r018-342596dd-c32f-403f-a1fb-5820891da5ec",
            "cidr": "192.168.1.0/24",
            "has_subnets": true,
            "id": "r018-7e9dddc1-288c-4d0d-a9f5-d78eb68b8072/r018-342596dd-c32f-403f-a1fb-5820891da5ec",
            "is_default": false,
            "name": "prefix1-192-168-1",
            "related_crn": "crn:v1:bluemix:public:is:eu-gb:a/65c005b968304c79af0072316cd66882::vpc:r018-7e9dddc1-288c-4d0d-a9f5-d78eb68b8072",
            "vpc": "r018-7e9dddc1-288c-4d0d-a9f5-d78eb68b8072",
            "zone": "eu-gb-2"
          },
          "sensitive_attributes": [],
          "identity_schema_version": 0,
          "private": "bnVsbA==",
          "dependencies": [
            "module.network.ibm_is_vpc.vpc",
            "module.network.ibm_resource_group.resource_group"
          ]
        },
        {
          "index_key": "192.168.2",
          "schema_version": 0,
          "attributes": {
            "address_prefix": "r018-55cc70af-e5eb-4fdb-9a4c-cfa35112746a",
            "cidr": "192.168.2.0/24",
            "has_subnets": true,
            "id": "r018-7e9dddc1-288c-4d0d-a9f5-d78eb68b8072/r018-55cc70af-e5eb-4fdb-9a4c-cfa35112746a",
            "is_default": false,
            "name": "prefix1-192-168-2",
            "related_crn": "crn:v1:bluemix:public:is:eu-gb:a/65c005b968304c79af0072316cd66882::vpc:r018-7e9dddc1-288c-4d0d-a9f5-d78eb68b8072",
            "vpc": "r018-7e9dddc1-288c-4d0d-a9f5-d78eb68b8072",
            "zone": "eu-gb-2"
          },
          "sensitive_attributes": [],
          "identity_schema_version": 0,
          "private": "bnVsbA==",
          "dependencies": [
            "module.network.ibm_is_vpc.vpc",
            "module.network.ibm_resource_group.resource_group"
          ]
        },
        {
          "index_key": "192.168.3",
          "schema_version": 0,
          "attributes": {
            "address_prefix": "r018-eecd9e79-beea-44b1-838e-612bf63d80f9",
            "cidr": "192.168.3.0/24",
            "has_subnets": true,
            "id": "r018-7e9dddc1-288c-4d0d-a9f5-d78eb68b8072/r018-eecd9e79-beea-44b1-838e-612bf63d80f9",
            "is_default": false,
            "name": "prefix2-192-168-3",
            "related_crn": "crn:v1:bluemix:public:is:eu-gb:a/65c005b968304c79af0072316cd66882::vpc:r018-7e9dddc1-288c-4d0d-a9f5-d78eb68b8072",
            "vpc": "r018-7e9dddc1-288c-4d0d-a9f5-d78eb68b8072",
            "zone": "eu-gb-3"
          },
          "sensitive_attributes": [],
          "identity_schema_version": 0,
          "private": "bnVsbA==",
          "dependencies": [
            "module.network.ibm_is_vpc.vpc",
            "module.network.ibm_resource_group.resource_group"
          ]
        }
      ]
    },
    {
      "module": "module.network",
      "mode": "managed",
      "type": "ibm_is_vpc_routing_table",
      "name": "vpc_routing_table",
      "provider": "module.network.provider[\"registry.terraform.io/ibm-cloud/ibm\"]",
      "instances": [
        {
          "schema_version": 0,
          "attributes": {
            "accept_routes_from_resource_type": [],
            "access_tags": [],
            "advertise_routes_to": [],
            "created_at": "2026-02-14T20:18:09.000Z",
            "crn": "crn:v1:bluemix:public:is:eu-gb:a/65c005b968304c79af0072316cd66882::vpc-routing-table:r018-7e9dddc1-288c-4d0d-a9f5-d78eb68b8072/r018-13dc7237-e3f0-4bfe-a414-48e1a2dcc929",
            "href": "https://eu-gb.iaas.cloud.ibm.com/v1/vpcs/r018-7e9dddc1-288c-4d0d-a9f5-d78eb68b8072/routing_tables/r018-13dc7237-e3f0-4bfe-a414-48e1a2dcc929",
            "id": "r018-7e9dddc1-288c-4d0d-a9f5-d78eb68b8072/r018-13dc7237-e3f0-4bfe-a414-48e1a2dcc929",
            "is_default": false,
            "lifecycle_state": "stable",
            "name": "khaled-routing-table",
            "resource_group": [
              {
                "href": "https://resource-controller.cloud.ibm.com/v2/resource_groups/83b4269649ad4b44be43399c6f77f3b3",
                "id": "83b4269649ad4b44be43399c6f77f3b3",
                "name": "khaled-eldsoky"
              }
            ],
            "resource_type": "routing_table",
            "route_direct_link_ingress": false,
            "route_internet_ingress": false,
            "route_transit_gateway_ingress": false,
            "route_vpc_zone_ingress": false,
            "routing_table": "r018-13dc7237-e3f0-4bfe-a414-48e1a2dcc929",
            "subnets": [
              {
                "id": "0797-df6984e9-c479-4ffd-a0cb-45d415fd985a",
                "name": "public-subnet-1"
              },
              {
                "id": "0797-af2c2c13-50d6-46e9-b4d2-9c8ab54d9184",
                "name": "private-subnet-1"
              },
              {
                "id": "07a7-426457b6-1539-47f2-9ede-bb994ad78b2b",
                "name": "private-subnet-2"
              }
            ],
            "tags": [],
            "timeouts": null,
            "vpc": "r018-7e9dddc1-288c-4d0d-a9f5-d78eb68b8072"
          },
          "sensitive_attributes": [],
          "identity_schema_version": 0,
          "private": "eyJlMmJmYjczMC1lY2FhLTExZTYtOGY4OC0zNDM2M2JjN2M0YzAiOnsiY3JlYXRlIjo2MDAwMDAwMDAwMDAsImRlbGV0ZSI6NjAwMDAwMDAwMDAwLCJ1cGRhdGUiOjYwMDAwMDAwMDAwMH19",
          "dependencies": [
            "module.network.ibm_is_vpc.vpc",
            "module.network.ibm_resource_group.resource_group"
          ]
        }
      ]
    },
    {
      "module": "module.network",
      "mode": "managed",
      "type": "ibm_resource_group",
      "name": "resource_group",
      "provider": "module.network.provider[\"registry.terraform.io/ibm-cloud/ibm\"]",
      "instances": [
        {
          "schema_version": 0,
          "attributes": {
            "created_at": "2026-02-14T20:17:15.480Z",
            "crn": "crn:v1:bluemix:public:resource-controller::a/65c005b968304c79af0072316cd66882::resource-group:83b4269649ad4b44be43399c6f77f3b3",
            "default": false,
            "id": "83b4269649ad4b44be43399c6f77f3b3",
            "name": "khaled-eldsoky",
            "payment_methods_url": null,
            "quota_id": "a3d7b8d01e261c24677937c29ab33f3c",
            "quota_url": "/v2/quota_definitions/a3d7b8d01e261c24677937c29ab33f3c",
            "resource_linkages": [],
            "state": "ACTIVE",
            "tags": null,
            "teams_url": null,
            "timeouts": null,
            "updated_at": "2026-02-14T20:17:15.480Z"
          },
          "sensitive_attributes": [],
          "identity_schema_version": 0,
          "private": "eyJlMmJmYjczMC1lY2FhLTExZTYtOGY4OC0zNDM2M2JjN2M0YzAiOnsiZGVsZXRlIjoxMjAwMDAwMDAwMDAwfX0="
        }
      ]
    },
    {
      "module": "module.security",
      "mode": "managed",
      "type": "ibm_is_security_group",
      "name": "security_group",
      "provider": "module.security.provider[\"registry.terraform.io/ibm-cloud/ibm\"]",
      "instances": [
        {
          "index_key": "master",
          "schema_version": 0,
          "attributes": {
            "access_tags": [],
            "crn": "crn:v1:bluemix:public:is:eu-gb:a/65c005b968304c79af0072316cd66882::security-group:r018-2b3107cc-d84c-4802-845b-76c3f0ae0e7c",
            "id": "r018-2b3107cc-d84c-4802-845b-76c3f0ae0e7c",
            "name": "master",
            "resource_controller_url": "https://cloud.ibm.com/vpc-ext/network/securityGroups",
            "resource_crn": "crn:v1:bluemix:public:is:eu-gb:a/65c005b968304c79af0072316cd66882::security-group:r018-2b3107cc-d84c-4802-845b-76c3f0ae0e7c",
            "resource_group": "f85c67de9d944c59afb9709a10a7a25b",
            "resource_group_name": "Default",
            "resource_name": "master",
            "rules": [
              {
                "code": 0,
                "direction": "inbound",
                "ip_version": "ipv4",
                "local": "0.0.0.0/0",
                "name": "fabricable-super-implosive-oversweet",
                "port_max": 0,
                "port_min": 0,
                "protocol": "icmp",
                "remote": "0.0.0.0/0",
                "type": 0
              },
              {
                "code": 0,
                "direction": "inbound",
                "ip_version": "ipv4",
                "local": "0.0.0.0/0",
                "name": "cake-visitor-afraid-observant",
                "port_max": 6783,
                "port_min": 6783,
                "protocol": "udp",
                "remote": "0.0.0.0/0",
                "type": 0
              },
              {
                "code": 0,
                "direction": "outbound",
                "ip_version": "ipv4",
                "local": "0.0.0.0/0",
                "name": "excluded-clang-mankind-spotted",
                "port_max": 6783,
                "port_min": 6783,
                "protocol": "udp",
                "remote": "0.0.0.0/0",
                "type": 0
              },
              {
                "code": 0,
                "direction": "outbound",
                "ip_version": "ipv4",
                "local": "0.0.0.0/0",
                "name": "quack-reburial-strongbox-proponent",
                "port_max": 0,
                "port_min": 0,
                "protocol": "icmp",
                "remote": "0.0.0.0/0",
                "type": 0
              },
              {
                "code": 0,
                "direction": "outbound",
                "ip_version": "ipv4",
                "local": "0.0.0.0/0",
                "name": "dried-enroute-gusty-icy",
                "port_max": 6784,
                "port_min": 6783,
                "protocol": "udp",
                "remote": "0.0.0.0/0",
                "type": 0
              },
              {
                "code": 0,
                "direction": "inbound",
                "ip_version": "ipv4",
                "local": "0.0.0.0/0",
                "name": "easel-copied-obedience-linguini",
                "port_max": 6443,
                "port_min": 6443,
                "protocol": "tcp",
                "remote": "0.0.0.0/0",
                "type": 0
              },
              {
                "code": 0,
                "direction": "outbound",
                "ip_version": "ipv4",
                "local": "0.0.0.0/0",
                "name": "underfed-stopped-vertical-flavorful",
                "port_max": 10251,
                "port_min": 10251,
                "protocol": "tcp",
                "remote": "0.0.0.0/0",
                "type": 0
              },
              {
                "code": 0,
                "direction": "outbound",
                "ip_version": "ipv4",
                "local": "0.0.0.0/0",
                "name": "regretful-rubbing-custodian-font",
                "port_max": 10252,
                "port_min": 10252,
                "protocol": "tcp",
                "remote": "0.0.0.0/0",
                "type": 0
              },
              {
                "code": 0,
                "direction": "inbound",
                "ip_version": "ipv4",
                "local": "0.0.0.0/0",
                "name": "alright-excluding-manicure-boxcar",
                "port_max": 10250,
                "port_min": 10250,
                "protocol": "tcp",
                "remote": "0.0.0.0/0",
                "type": 0
              },
              {
                "code": 0,
                "direction": "outbound",
                "ip_version": "ipv4",
                "local": "0.0.0.0/0",
                "name": "rippling-subzero-economic-busboy",
                "port_max": 6443,
                "port_min": 6443,
                "protocol": "tcp",
                "remote": "0.0.0.0/0",
                "type": 0
              },
              {
                "code": 0,
                "direction": "outbound",
                "ip_version": "ipv4",
                "local": "0.0.0.0/0",
                "name": "underhand-circulate-footwork-isolating",
                "port_max": 6783,
                "port_min": 6783,
                "protocol": "tcp",
                "remote": "0.0.0.0/0",
                "type": 0
              },
              {
                "code": 0,
                "direction": "outbound",
                "ip_version": "ipv4",
                "local": "0.0.0.0/0",
                "name": "smugness-septet-spearman-alpha",
                "port_max": 443,
                "port_min": 443,
                "protocol": "tcp",
                "remote": "0.0.0.0/0",
                "type": 0
              },
              {
                "code": 0,
                "direction": "inbound",
                "ip_version": "ipv4",
                "local": "0.0.0.0/0",
                "name": "query-mold-huntsman-onslaught",
                "port_max": 6783,
                "port_min": 6783,
                "protocol": "tcp",
                "remote": "0.0.0.0/0",
                "type": 0
              },
              {
                "code": 0,
                "direction": "inbound",
                "ip_version": "ipv4",
                "local": "0.0.0.0/0",
                "name": "shakiness-cattail-tadpole-underdog",
                "port_max": 10251,
                "port_min": 10251,
                "protocol": "tcp",
                "remote": "0.0.0.0/0",
                "type": 0
              },
              {
                "code": 0,
                "direction": "outbound",
                "ip_version": "ipv4",
                "local": "0.0.0.0/0",
                "name": "crisply-omen-remake-provolone",
                "port_max": 10250,
                "port_min": 10250,
                "protocol": "tcp",
                "remote": "0.0.0.0/0",
                "type": 0
              },
              {
                "code": 0,
                "direction": "outbound",
                "ip_version": "ipv4",
                "local": "0.0.0.0/0",
                "name": "skipping-copper-flaring-juggling",
                "port_max": 80,
                "port_min": 80,
                "protocol": "tcp",
                "remote": "0.0.0.0/0",
                "type": 0
              },
              {
                "code": 0,
                "direction": "inbound",
                "ip_version": "ipv4",
                "local": "0.0.0.0/0",
                "name": "olive-brave-outboard-coffee",
                "port_max": 53,
                "port_min": 53,
                "protocol": "tcp",
                "remote": "0.0.0.0/0",
                "type": 0
              },
              {
                "code": 0,
                "direction": "inbound",
                "ip_version": "ipv4",
                "local": "0.0.0.0/0",
                "name": "resisting-jolly-opossum-strut",
                "port_max": 10252,
                "port_min": 10252,
                "protocol": "tcp",
                "remote": "0.0.0.0/0",
                "type": 0
              },
              {
                "code": 0,
                "direction": "inbound",
                "ip_version": "ipv4",
                "local": "0.0.0.0/0",
                "name": "unfrosted-acoustics-mundane-artificial",
                "port_max": 22,
                "port_min": 22,
                "protocol": "tcp",
                "remote": "0.0.0.0/0",
                "type": 0
              },
              {
                "code": 0,
                "direction": "inbound",
                "ip_version": "ipv4",
                "local": "0.0.0.0/0",
                "name": "filler-poise-dwindle-dugout",
                "port_max": 80,
                "port_min": 80,
                "protocol": "tcp",
                "remote": "0.0.0.0/0",
                "type": 0
              },
              {
                "code": 0,
                "direction": "inbound",
                "ip_version": "ipv4",
                "local": "0.0.0.0/0",
                "name": "proximal-moonrise-yoga-heaving",
                "port_max": 443,
                "port_min": 443,
                "protocol": "tcp",
                "remote": "0.0.0.0/0",
                "type": 0
              },
              {
                "code": 0,
                "direction": "inbound",
                "ip_version": "ipv4",
                "local": "0.0.0.0/0",
                "name": "cosmos-clock-tartly-onyx",
                "port_max": 2380,
                "port_min": 2379,
                "protocol": "tcp",
                "remote": "0.0.0.0/0",
                "type": 0
              },
              {
                "code": 0,
                "direction": "outbound",
                "ip_version": "ipv4",
                "local": "0.0.0.0/0",
                "name": "thinner-kebab-gravel-unwired",
                "port_max": 22,
                "port_min": 22,
                "protocol": "tcp",
                "remote": "0.0.0.0/0",
                "type": 0
              },
              {
                "code": 0,
                "direction": "outbound",
                "ip_version": "ipv4",
                "local": "0.0.0.0/0",
                "name": "implicate-shaping-scrutiny-refining",
                "port_max": 53,
                "port_min": 53,
                "protocol": "tcp",
                "remote": "0.0.0.0/0",
                "type": 0
              }
            ],
            "tags": [
              "name:sg_master"
            ],
            "timeouts": null,
            "vpc": "r018-7e9dddc1-288c-4d0d-a9f5-d78eb68b8072"
          },
          "sensitive_attributes": [],
          "identity_schema_version": 0,
          "private": "eyJlMmJmYjczMC1lY2FhLTExZTYtOGY4OC0zNDM2M2JjN2M0YzAiOnsiY3JlYXRlIjo2MDAwMDAwMDAwMDAsImRlbGV0ZSI6NjAwMDAwMDAwMDAwfX0=",
          "dependencies": [
            "module.network.ibm_is_vpc.vpc",
            "module.network.ibm_resource_group.resource_group"
          ]
        },
        {
          "index_key": "worker",
          "schema_version": 0,
          "attributes": {
            "access_tags": [],
            "crn": "crn:v1:bluemix:public:is:eu-gb:a/65c005b968304c79af0072316cd66882::security-group:r018-3b864b47-d1fd-4288-83d7-b15ef0022ed6",
            "id": "r018-3b864b47-d1fd-4288-83d7-b15ef0022ed6",
            "name": "worker",
            "resource_controller_url": "https://cloud.ibm.com/vpc-ext/network/securityGroups",
            "resource_crn": "crn:v1:bluemix:public:is:eu-gb:a/65c005b968304c79af0072316cd66882::security-group:r018-3b864b47-d1fd-4288-83d7-b15ef0022ed6",
            "resource_group": "f85c67de9d944c59afb9709a10a7a25b",
            "resource_group_name": "Default",
            "resource_name": "worker",
            "rules": [
              {
                "code": 0,
                "direction": "outbound",
                "ip_version": "ipv4",
                "local": "0.0.0.0/0",
                "name": "crabgrass-nail-diffused-support",
                "port_max": 6784,
                "port_min": 6783,
                "protocol": "udp",
                "remote": "0.0.0.0/0",
                "type": 0
              },
              {
                "code": 0,
                "direction": "inbound",
                "ip_version": "ipv4",
                "local": "0.0.0.0/0",
                "name": "plexiglas-gossip-uncounted-wacky",
                "port_max": 6783,
                "port_min": 6783,
                "protocol": "udp",
                "remote": "0.0.0.0/0",
                "type": 0
              },
              {
                "code": 0,
                "direction": "outbound",
                "ip_version": "ipv4",
                "local": "0.0.0.0/0",
                "name": "thirty-scalping-unturned-overhang",
                "port_max": 0,
                "port_min": 0,
                "protocol": "icmp",
                "remote": "0.0.0.0/0",
                "type": 0
              },
              {
                "code": 0,
                "direction": "outbound",
                "ip_version": "ipv4",
                "local": "0.0.0.0/0",
                "name": "pleading-spinster-frosty-majorette",
                "port_max": 6783,
                "port_min": 6783,
                "protocol": "udp",
                "remote": "0.0.0.0/0",
                "type": 0
              },
              {
                "code": 0,
                "direction": "inbound",
                "ip_version": "ipv4",
                "local": "0.0.0.0/0",
                "name": "showy-fringe-moustache-blandness",
                "port_max": 0,
                "port_min": 0,
                "protocol": "icmp",
                "remote": "0.0.0.0/0",
                "type": 0
              },
              {
                "code": 0,
                "direction": "inbound",
                "ip_version": "ipv4",
                "local": "0.0.0.0/0",
                "name": "campsite-wick-posture-neolith",
                "port_max": 22,
                "port_min": 22,
                "protocol": "tcp",
                "remote": "0.0.0.0/0",
                "type": 0
              },
              {
                "code": 0,
                "direction": "outbound",
                "ip_version": "ipv4",
                "local": "0.0.0.0/0",
                "name": "backing-cosmos-papyrus-apart",
                "port_max": 6783,
                "port_min": 6783,
                "protocol": "tcp",
                "remote": "0.0.0.0/0",
                "type": 0
              },
              {
                "code": 0,
                "direction": "outbound",
                "ip_version": "ipv4",
                "local": "0.0.0.0/0",
                "name": "mowing-shone-glucose-prideful",
                "port_max": 443,
                "port_min": 443,
                "protocol": "tcp",
                "remote": "0.0.0.0/0",
                "type": 0
              },
              {
                "code": 0,
                "direction": "inbound",
                "ip_version": "ipv4",
                "local": "0.0.0.0/0",
                "name": "sanitation-dried-tactile-cytoplast",
                "port_max": 443,
                "port_min": 443,
                "protocol": "tcp",
                "remote": "0.0.0.0/0",
                "type": 0
              },
              {
                "code": 0,
                "direction": "outbound",
                "ip_version": "ipv4",
                "local": "0.0.0.0/0",
                "name": "unlatch-stratus-subzero-droop",
                "port_max": 53,
                "port_min": 53,
                "protocol": "tcp",
                "remote": "0.0.0.0/0",
                "type": 0
              },
              {
                "code": 0,
                "direction": "outbound",
                "ip_version": "ipv4",
                "local": "0.0.0.0/0",
                "name": "abundant-economist-cascade-crewmate",
                "port_max": 80,
                "port_min": 80,
                "protocol": "tcp",
                "remote": "0.0.0.0/0",
                "type": 0
              },
              {
                "code": 0,
                "direction": "inbound",
                "ip_version": "ipv4",
                "local": "0.0.0.0/0",
                "name": "unpledged-headache-letdown-overdrive",
                "port_max": 6783,
                "port_min": 6783,
                "protocol": "tcp",
                "remote": "0.0.0.0/0",
                "type": 0
              },
              {
                "code": 0,
                "direction": "outbound",
                "ip_version": "ipv4",
                "local": "0.0.0.0/0",
                "name": "copious-bansela-slacking-freebee",
                "port_max": 6443,
                "port_min": 6443,
                "protocol": "tcp",
                "remote": "0.0.0.0/0",
                "type": 0
              },
              {
                "code": 0,
                "direction": "outbound",
                "ip_version": "ipv4",
                "local": "0.0.0.0/0",
                "name": "status-curvature-rebate-deflected",
                "port_max": 10250,
                "port_min": 10250,
                "protocol": "tcp",
                "remote": "0.0.0.0/0",
                "type": 0
              },
              {
                "code": 0,
                "direction": "inbound",
                "ip_version": "ipv4",
                "local": "0.0.0.0/0",
                "name": "negotiate-tingling-shed-tightknit",
                "port_max": 6443,
                "port_min": 6443,
                "protocol": "tcp",
                "remote": "0.0.0.0/0",
                "type": 0
              },
              {
                "code": 0,
                "direction": "outbound",
                "ip_version": "ipv4",
                "local": "0.0.0.0/0",
                "name": "purchase-crisped-valiant-coping",
                "port_max": 10251,
                "port_min": 10251,
                "protocol": "tcp",
                "remote": "0.0.0.0/0",
                "type": 0
              },
              {
                "code": 0,
                "direction": "inbound",
                "ip_version": "ipv4",
                "local": "0.0.0.0/0",
                "name": "juror-uncured-amends-widget",
                "port_max": 2380,
                "port_min": 2379,
                "protocol": "tcp",
                "remote": "0.0.0.0/0",
                "type": 0
              },
              {
                "code": 0,
                "direction": "outbound",
                "ip_version": "ipv4",
                "local": "0.0.0.0/0",
                "name": "plus-blunderer-goal-olive",
                "port_max": 22,
                "port_min": 22,
                "protocol": "tcp",
                "remote": "0.0.0.0/0",
                "type": 0
              },
              {
                "code": 0,
                "direction": "inbound",
                "ip_version": "ipv4",
                "local": "0.0.0.0/0",
                "name": "elm-average-available-unsettled",
                "port_max": 10252,
                "port_min": 10252,
                "protocol": "tcp",
                "remote": "0.0.0.0/0",
                "type": 0
              },
              {
                "code": 0,
                "direction": "inbound",
                "ip_version": "ipv4",
                "local": "0.0.0.0/0",
                "name": "duchess-generous-carless-frequency",
                "port_max": 10250,
                "port_min": 10250,
                "protocol": "tcp",
                "remote": "0.0.0.0/0",
                "type": 0
              },
              {
                "code": 0,
                "direction": "inbound",
                "ip_version": "ipv4",
                "local": "0.0.0.0/0",
                "name": "stumble-drivable-savor-overlap",
                "port_max": 80,
                "port_min": 80,
                "protocol": "tcp",
                "remote": "0.0.0.0/0",
                "type": 0
              },
              {
                "code": 0,
                "direction": "inbound",
                "ip_version": "ipv4",
                "local": "0.0.0.0/0",
                "name": "maker-robotics-esteemed-freezable",
                "port_max": 10251,
                "port_min": 10251,
                "protocol": "tcp",
                "remote": "0.0.0.0/0",
                "type": 0
              },
              {
                "code": 0,
                "direction": "outbound",
                "ip_version": "ipv4",
                "local": "0.0.0.0/0",
                "name": "staring-keep-crisped-moving",
                "port_max": 10252,
                "port_min": 10252,
                "protocol": "tcp",
                "remote": "0.0.0.0/0",
                "type": 0
              },
              {
                "code": 0,
                "direction": "inbound",
                "ip_version": "ipv4",
                "local": "0.0.0.0/0",
                "name": "plywood-uropod-iciness-hat",
                "port_max": 53,
                "port_min": 53,
                "protocol": "tcp",
                "remote": "0.0.0.0/0",
                "type": 0
              }
            ],
            "tags": [
              "name:sg_worker"
            ],
            "timeouts": null,
            "vpc": "r018-7e9dddc1-288c-4d0d-a9f5-d78eb68b8072"
          },
          "sensitive_attributes": [],
          "identity_schema_version": 0,
          "private": "eyJlMmJmYjczMC1lY2FhLTExZTYtOGY4OC0zNDM2M2JjN2M0YzAiOnsiY3JlYXRlIjo2MDAwMDAwMDAwMDAsImRlbGV0ZSI6NjAwMDAwMDAwMDAwfX0=",
          "dependencies": [
            "module.network.ibm_is_vpc.vpc",
            "module.network.ibm_resource_group.resource_group"
          ]
        }
      ]
    },
    {
      "module": "module.security",
      "mode": "managed",
      "type": "ibm_is_security_group_rule",
      "name": "security_group_rule_icmp",
      "provider": "module.security.provider[\"registry.terraform.io/ibm-cloud/ibm\"]",
      "instances": [
        {
          "index_key": "security_group_rule_icmp_master_inbound",
          "schema_version": 0,
          "attributes": {
            "code": null,
            "direction": "inbound",
            "group": "r018-2b3107cc-d84c-4802-845b-76c3f0ae0e7c",
            "icmp": [],
            "id": "r018-2b3107cc-d84c-4802-845b-76c3f0ae0e7c.r018-29ae51ba-fbb9-4165-8d76-3d4b3444a87b",
            "ip_version": "ipv4",
            "local": "0.0.0.0/0",
            "name": "fabricable-super-implosive-oversweet",
            "port_max": null,
            "port_min": null,
            "protocol": "icmp",
            "related_crn": "crn:v1:bluemix:public:is:eu-gb:a/65c005b968304c79af0072316cd66882::security-group:r018-2b3107cc-d84c-4802-845b-76c3f0ae0e7c",
            "remote": "0.0.0.0/0",
            "rule_id": "r018-29ae51ba-fbb9-4165-8d76-3d4b3444a87b",
            "tcp": [],
            "type": null,
            "udp": []
          },
          "sensitive_attributes": [],
          "identity_schema_version": 0,
          "private": "bnVsbA==",
          "dependencies": [
            "module.network.ibm_is_vpc.vpc",
            "module.network.ibm_resource_group.resource_group",
            "module.security.ibm_is_security_group.security_group"
          ]
        },
        {
          "index_key": "security_group_rule_icmp_master_outbound",
          "schema_version": 0,
          "attributes": {
            "code": null,
            "direction": "outbound",
            "group": "r018-2b3107cc-d84c-4802-845b-76c3f0ae0e7c",
            "icmp": [],
            "id": "r018-2b3107cc-d84c-4802-845b-76c3f0ae0e7c.r018-36f662c0-fff3-44a9-b6e8-ba20a5f5e3be",
            "ip_version": "ipv4",
            "local": "0.0.0.0/0",
            "name": "quack-reburial-strongbox-proponent",
            "port_max": null,
            "port_min": null,
            "protocol": "icmp",
            "related_crn": "crn:v1:bluemix:public:is:eu-gb:a/65c005b968304c79af0072316cd66882::security-group:r018-2b3107cc-d84c-4802-845b-76c3f0ae0e7c",
            "remote": "0.0.0.0/0",
            "rule_id": "r018-36f662c0-fff3-44a9-b6e8-ba20a5f5e3be",
            "tcp": [],
            "type": null,
            "udp": []
          },
          "sensitive_attributes": [],
          "identity_schema_version": 0,
          "private": "bnVsbA==",
          "dependencies": [
            "module.network.ibm_is_vpc.vpc",
            "module.network.ibm_resource_group.resource_group",
            "module.security.ibm_is_security_group.security_group"
          ]
        },
        {
          "index_key": "security_group_rule_icmp_worker_inbound",
          "schema_version": 0,
          "attributes": {
            "code": null,
            "direction": "inbound",
            "group": "r018-3b864b47-d1fd-4288-83d7-b15ef0022ed6",
            "icmp": [],
            "id": "r018-3b864b47-d1fd-4288-83d7-b15ef0022ed6.r018-9a307a3e-0165-4e5a-bafa-19dc4d89f535",
            "ip_version": "ipv4",
            "local": "0.0.0.0/0",
            "name": "showy-fringe-moustache-blandness",
            "port_max": null,
            "port_min": null,
            "protocol": "icmp",
            "related_crn": "crn:v1:bluemix:public:is:eu-gb:a/65c005b968304c79af0072316cd66882::security-group:r018-3b864b47-d1fd-4288-83d7-b15ef0022ed6",
            "remote": "0.0.0.0/0",
            "rule_id": "r018-9a307a3e-0165-4e5a-bafa-19dc4d89f535",
            "tcp": [],
            "type": null,
            "udp": []
          },
          "sensitive_attributes": [],
          "identity_schema_version": 0,
          "private": "bnVsbA==",
          "dependencies": [
            "module.network.ibm_is_vpc.vpc",
            "module.network.ibm_resource_group.resource_group",
            "module.security.ibm_is_security_group.security_group"
          ]
        },
        {
          "index_key": "security_group_rule_icmp_worker_outbound",
          "schema_version": 0,
          "attributes": {
            "code": null,
            "direction": "outbound",
            "group": "r018-3b864b47-d1fd-4288-83d7-b15ef0022ed6",
            "icmp": [],
            "id": "r018-3b864b47-d1fd-4288-83d7-b15ef0022ed6.r018-0502f579-4757-46a3-b878-5e1643b3c832",
            "ip_version": "ipv4",
            "local": "0.0.0.0/0",
            "name": "thirty-scalping-unturned-overhang",
            "port_max": null,
            "port_min": null,
            "protocol": "icmp",
            "related_crn": "crn:v1:bluemix:public:is:eu-gb:a/65c005b968304c79af0072316cd66882::security-group:r018-3b864b47-d1fd-4288-83d7-b15ef0022ed6",
            "remote": "0.0.0.0/0",
            "rule_id": "r018-0502f579-4757-46a3-b878-5e1643b3c832",
            "tcp": [],
            "type": null,
            "udp": []
          },
          "sensitive_attributes": [],
          "identity_schema_version": 0,
          "private": "bnVsbA==",
          "dependencies": [
            "module.network.ibm_is_vpc.vpc",
            "module.network.ibm_resource_group.resource_group",
            "module.security.ibm_is_security_group.security_group"
          ]
        }
      ]
    },
    {
      "module": "module.security",
      "mode": "managed",
      "type": "ibm_is_security_group_rule",
      "name": "security_group_rule_tcp",
      "provider": "module.security.provider[\"registry.terraform.io/ibm-cloud/ibm\"]",
      "instances": [
        {
          "index_key": "TCP_master_inbound_10250",
          "schema_version": 0,
          "attributes": {
            "code": null,
            "direction": "inbound",
            "group": "r018-2b3107cc-d84c-4802-845b-76c3f0ae0e7c",
            "icmp": [],
            "id": "r018-2b3107cc-d84c-4802-845b-76c3f0ae0e7c.r018-431322f7-4130-425c-a5f9-97197827631b",
            "ip_version": "ipv4",
            "local": "0.0.0.0/0",
            "name": "alright-excluding-manicure-boxcar",
            "port_max": 10250,
            "port_min": 10250,
            "protocol": "tcp",
            "related_crn": "crn:v1:bluemix:public:is:eu-gb:a/65c005b968304c79af0072316cd66882::security-group:r018-2b3107cc-d84c-4802-845b-76c3f0ae0e7c",
            "remote": "0.0.0.0/0",
            "rule_id": "r018-431322f7-4130-425c-a5f9-97197827631b",
            "tcp": [],
            "type": null,
            "udp": []
          },
          "sensitive_attributes": [],
          "identity_schema_version": 0,
          "private": "bnVsbA==",
          "dependencies": [
            "module.network.ibm_is_vpc.vpc",
            "module.network.ibm_resource_group.resource_group",
            "module.security.ibm_is_security_group.security_group"
          ]
        },
        {
          "index_key": "TCP_master_inbound_10251",
          "schema_version": 0,
          "attributes": {
            "code": null,
            "direction": "inbound",
            "group": "r018-2b3107cc-d84c-4802-845b-76c3f0ae0e7c",
            "icmp": [],
            "id": "r018-2b3107cc-d84c-4802-845b-76c3f0ae0e7c.r018-095ca328-ee18-4f37-9abb-6071caaa385e",
            "ip_version": "ipv4",
            "local": "0.0.0.0/0",
            "name": "shakiness-cattail-tadpole-underdog",
            "port_max": 10251,
            "port_min": 10251,
            "protocol": "tcp",
            "related_crn": "crn:v1:bluemix:public:is:eu-gb:a/65c005b968304c79af0072316cd66882::security-group:r018-2b3107cc-d84c-4802-845b-76c3f0ae0e7c",
            "remote": "0.0.0.0/0",
            "rule_id": "r018-095ca328-ee18-4f37-9abb-6071caaa385e",
            "tcp": [],
            "type": null,
            "udp": []
          },
          "sensitive_attributes": [],
          "identity_schema_version": 0,
          "private": "bnVsbA==",
          "dependencies": [
            "module.network.ibm_is_vpc.vpc",
            "module.network.ibm_resource_group.resource_group",
            "module.security.ibm_is_security_group.security_group"
          ]
        },
        {
          "index_key": "TCP_master_inbound_10252",
          "schema_version": 0,
          "attributes": {
            "code": null,
            "direction": "inbound",
            "group": "r018-2b3107cc-d84c-4802-845b-76c3f0ae0e7c",
            "icmp": [],
            "id": "r018-2b3107cc-d84c-4802-845b-76c3f0ae0e7c.r018-3620f336-9245-4772-b19d-df86fccebc04",
            "ip_version": "ipv4",
            "local": "0.0.0.0/0",
            "name": "resisting-jolly-opossum-strut",
            "port_max": 10252,
            "port_min": 10252,
            "protocol": "tcp",
            "related_crn": "crn:v1:bluemix:public:is:eu-gb:a/65c005b968304c79af0072316cd66882::security-group:r018-2b3107cc-d84c-4802-845b-76c3f0ae0e7c",
            "remote": "0.0.0.0/0",
            "rule_id": "r018-3620f336-9245-4772-b19d-df86fccebc04",
            "tcp": [],
            "type": null,
            "udp": []
          },
          "sensitive_attributes": [],
          "identity_schema_version": 0,
          "private": "bnVsbA==",
          "dependencies": [
            "module.network.ibm_is_vpc.vpc",
            "module.network.ibm_resource_group.resource_group",
            "module.security.ibm_is_security_group.security_group"
          ]
        },
        {
          "index_key": "TCP_master_inbound_2379",
          "schema_version": 0,
          "attributes": {
            "code": null,
            "direction": "inbound",
            "group": "r018-2b3107cc-d84c-4802-845b-76c3f0ae0e7c",
            "icmp": [],
            "id": "r018-2b3107cc-d84c-4802-845b-76c3f0ae0e7c.r018-d58badf1-91a3-4292-acce-02dc6623b29f",
            "ip_version": "ipv4",
            "local": "0.0.0.0/0",
            "name": "cosmos-clock-tartly-onyx",
            "port_max": 2380,
            "port_min": 2379,
            "protocol": "tcp",
            "related_crn": "crn:v1:bluemix:public:is:eu-gb:a/65c005b968304c79af0072316cd66882::security-group:r018-2b3107cc-d84c-4802-845b-76c3f0ae0e7c",
            "remote": "0.0.0.0/0",
            "rule_id": "r018-d58badf1-91a3-4292-acce-02dc6623b29f",
            "tcp": [],
            "type": null,
            "udp": []
          },
          "sensitive_attributes": [],
          "identity_schema_version": 0,
          "private": "bnVsbA==",
          "dependencies": [
            "module.network.ibm_is_vpc.vpc",
            "module.network.ibm_resource_group.resource_group",
            "module.security.ibm_is_security_group.security_group"
          ]
        },
        {
          "index_key": "TCP_master_inbound_6443",
          "schema_version": 0,
          "attributes": {
            "code": null,
            "direction": "inbound",
            "group": "r018-2b3107cc-d84c-4802-845b-76c3f0ae0e7c",
            "icmp": [],
            "id": "r018-2b3107cc-d84c-4802-845b-76c3f0ae0e7c.r018-e33c57c2-2f02-4ee8-b2a3-6c151d55b5d2",
            "ip_version": "ipv4",
            "local": "0.0.0.0/0",
            "name": "easel-copied-obedience-linguini",
            "port_max": 6443,
            "port_min": 6443,
            "protocol": "tcp",
            "related_crn": "crn:v1:bluemix:public:is:eu-gb:a/65c005b968304c79af0072316cd66882::security-group:r018-2b3107cc-d84c-4802-845b-76c3f0ae0e7c",
            "remote": "0.0.0.0/0",
            "rule_id": "r018-e33c57c2-2f02-4ee8-b2a3-6c151d55b5d2",
            "tcp": [],
            "type": null,
            "udp": []
          },
          "sensitive_attributes": [],
          "identity_schema_version": 0,
          "private": "bnVsbA==",
          "dependencies": [
            "module.network.ibm_is_vpc.vpc",
            "module.network.ibm_resource_group.resource_group",
            "module.security.ibm_is_security_group.security_group"
          ]
        },
        {
          "index_key": "TCP_master_inbound_6783",
          "schema_version": 0,
          "attributes": {
            "code": null,
            "direction": "inbound",
            "group": "r018-2b3107cc-d84c-4802-845b-76c3f0ae0e7c",
            "icmp": [],
            "id": "r018-2b3107cc-d84c-4802-845b-76c3f0ae0e7c.r018-271d30e4-adb2-4a3e-9010-f8d43e65c7bb",
            "ip_version": "ipv4",
            "local": "0.0.0.0/0",
            "name": "query-mold-huntsman-onslaught",
            "port_max": 6783,
            "port_min": 6783,
            "protocol": "tcp",
            "related_crn": "crn:v1:bluemix:public:is:eu-gb:a/65c005b968304c79af0072316cd66882::security-group:r018-2b3107cc-d84c-4802-845b-76c3f0ae0e7c",
            "remote": "0.0.0.0/0",
            "rule_id": "r018-271d30e4-adb2-4a3e-9010-f8d43e65c7bb",
            "tcp": [],
            "type": null,
            "udp": []
          },
          "sensitive_attributes": [],
          "identity_schema_version": 0,
          "private": "bnVsbA==",
          "dependencies": [
            "module.network.ibm_is_vpc.vpc",
            "module.network.ibm_resource_group.resource_group",
            "module.security.ibm_is_security_group.security_group"
          ]
        },
        {
          "index_key": "TCP_master_inbound_DNS",
          "schema_version": 0,
          "attributes": {
            "code": null,
            "direction": "inbound",
            "group": "r018-2b3107cc-d84c-4802-845b-76c3f0ae0e7c",
            "icmp": [],
            "id": "r018-2b3107cc-d84c-4802-845b-76c3f0ae0e7c.r018-b9868551-9df3-41d8-b756-819c1137a966",
            "ip_version": "ipv4",
            "local": "0.0.0.0/0",
            "name": "olive-brave-outboard-coffee",
            "port_max": 53,
            "port_min": 53,
            "protocol": "tcp",
            "related_crn": "crn:v1:bluemix:public:is:eu-gb:a/65c005b968304c79af0072316cd66882::security-group:r018-2b3107cc-d84c-4802-845b-76c3f0ae0e7c",
            "remote": "0.0.0.0/0",
            "rule_id": "r018-b9868551-9df3-41d8-b756-819c1137a966",
            "tcp": [],
            "type": null,
            "udp": []
          },
          "sensitive_attributes": [],
          "identity_schema_version": 0,
          "private": "bnVsbA==",
          "dependencies": [
            "module.network.ibm_is_vpc.vpc",
            "module.network.ibm_resource_group.resource_group",
            "module.security.ibm_is_security_group.security_group"
          ]
        },
        {
          "index_key": "TCP_master_inbound_http",
          "schema_version": 0,
          "attributes": {
            "code": null,
            "direction": "inbound",
            "group": "r018-2b3107cc-d84c-4802-845b-76c3f0ae0e7c",
            "icmp": [],
            "id": "r018-2b3107cc-d84c-4802-845b-76c3f0ae0e7c.r018-51ad895b-1b10-4c13-be83-9c9f325883b3",
            "ip_version": "ipv4",
            "local": "0.0.0.0/0",
            "name": "filler-poise-dwindle-dugout",
            "port_max": 80,
            "port_min": 80,
            "protocol": "tcp",
            "related_crn": "crn:v1:bluemix:public:is:eu-gb:a/65c005b968304c79af0072316cd66882::security-group:r018-2b3107cc-d84c-4802-845b-76c3f0ae0e7c",
            "remote": "0.0.0.0/0",
            "rule_id": "r018-51ad895b-1b10-4c13-be83-9c9f325883b3",
            "tcp": [],
            "type": null,
            "udp": []
          },
          "sensitive_attributes": [],
          "identity_schema_version": 0,
          "private": "bnVsbA==",
          "dependencies": [
            "module.network.ibm_is_vpc.vpc",
            "module.network.ibm_resource_group.resource_group",
            "module.security.ibm_is_security_group.security_group"
          ]
        },
        {
          "index_key": "TCP_master_inbound_https",
          "schema_version": 0,
          "attributes": {
            "code": null,
            "direction": "inbound",
            "group": "r018-2b3107cc-d84c-4802-845b-76c3f0ae0e7c",
            "icmp": [],
            "id": "r018-2b3107cc-d84c-4802-845b-76c3f0ae0e7c.r018-344260fc-acd0-4411-91a3-af6957da2c3a",
            "ip_version": "ipv4",
            "local": "0.0.0.0/0",
            "name": "proximal-moonrise-yoga-heaving",
            "port_max": 443,
            "port_min": 443,
            "protocol": "tcp",
            "related_crn": "crn:v1:bluemix:public:is:eu-gb:a/65c005b968304c79af0072316cd66882::security-group:r018-2b3107cc-d84c-4802-845b-76c3f0ae0e7c",
            "remote": "0.0.0.0/0",
            "rule_id": "r018-344260fc-acd0-4411-91a3-af6957da2c3a",
            "tcp": [],
            "type": null,
            "udp": []
          },
          "sensitive_attributes": [],
          "identity_schema_version": 0,
          "private": "bnVsbA==",
          "dependencies": [
            "module.network.ibm_is_vpc.vpc",
            "module.network.ibm_resource_group.resource_group",
            "module.security.ibm_is_security_group.security_group"
          ]
        },
        {
          "index_key": "TCP_master_inbound_ssh",
          "schema_version": 0,
          "attributes": {
            "code": null,
            "direction": "inbound",
            "group": "r018-2b3107cc-d84c-4802-845b-76c3f0ae0e7c",
            "icmp": [],
            "id": "r018-2b3107cc-d84c-4802-845b-76c3f0ae0e7c.r018-efecf138-c0c4-4a15-8826-806ea25f58c8",
            "ip_version": "ipv4",
            "local": "0.0.0.0/0",
            "name": "unfrosted-acoustics-mundane-artificial",
            "port_max": 22,
            "port_min": 22,
            "protocol": "tcp",
            "related_crn": "crn:v1:bluemix:public:is:eu-gb:a/65c005b968304c79af0072316cd66882::security-group:r018-2b3107cc-d84c-4802-845b-76c3f0ae0e7c",
            "remote": "0.0.0.0/0",
            "rule_id": "r018-efecf138-c0c4-4a15-8826-806ea25f58c8",
            "tcp": [],
            "type": null,
            "udp": []
          },
          "sensitive_attributes": [],
          "identity_schema_version": 0,
          "private": "bnVsbA==",
          "dependencies": [
            "module.network.ibm_is_vpc.vpc",
            "module.network.ibm_resource_group.resource_group",
            "module.security.ibm_is_security_group.security_group"
          ]
        },
        {
          "index_key": "TCP_master_outbound_10250",
          "schema_version": 0,
          "attributes": {
            "code": null,
            "direction": "outbound",
            "group": "r018-2b3107cc-d84c-4802-845b-76c3f0ae0e7c",
            "icmp": [],
            "id": "r018-2b3107cc-d84c-4802-845b-76c3f0ae0e7c.r018-c8681cfa-771a-4a60-9cb3-ea361cf8b286",
            "ip_version": "ipv4",
            "local": "0.0.0.0/0",
            "name": "crisply-omen-remake-provolone",
            "port_max": 10250,
            "port_min": 10250,
            "protocol": "tcp",
            "related_crn": "crn:v1:bluemix:public:is:eu-gb:a/65c005b968304c79af0072316cd66882::security-group:r018-2b3107cc-d84c-4802-845b-76c3f0ae0e7c",
            "remote": "0.0.0.0/0",
            "rule_id": "r018-c8681cfa-771a-4a60-9cb3-ea361cf8b286",
            "tcp": [],
            "type": null,
            "udp": []
          },
          "sensitive_attributes": [],
          "identity_schema_version": 0,
          "private": "bnVsbA==",
          "dependencies": [
            "module.network.ibm_is_vpc.vpc",
            "module.network.ibm_resource_group.resource_group",
            "module.security.ibm_is_security_group.security_group"
          ]
        },
        {
          "index_key": "TCP_master_outbound_10251",
          "schema_version": 0,
          "attributes": {
            "code": null,
            "direction": "outbound",
            "group": "r018-2b3107cc-d84c-4802-845b-76c3f0ae0e7c",
            "icmp": [],
            "id": "r018-2b3107cc-d84c-4802-845b-76c3f0ae0e7c.r018-bc0217b7-2ceb-4477-94a1-59671976ae1e",
            "ip_version": "ipv4",
            "local": "0.0.0.0/0",
            "name": "underfed-stopped-vertical-flavorful",
            "port_max": 10251,
            "port_min": 10251,
            "protocol": "tcp",
            "related_crn": "crn:v1:bluemix:public:is:eu-gb:a/65c005b968304c79af0072316cd66882::security-group:r018-2b3107cc-d84c-4802-845b-76c3f0ae0e7c",
            "remote": "0.0.0.0/0",
            "rule_id": "r018-bc0217b7-2ceb-4477-94a1-59671976ae1e",
            "tcp": [],
            "type": null,
            "udp": []
          },
          "sensitive_attributes": [],
          "identity_schema_version": 0,
          "private": "bnVsbA==",
          "dependencies": [
            "module.network.ibm_is_vpc.vpc",
            "module.network.ibm_resource_group.resource_group",
            "module.security.ibm_is_security_group.security_group"
          ]
        },
        {
          "index_key": "TCP_master_outbound_10252",
          "schema_version": 0,
          "attributes": {
            "code": null,
            "direction": "outbound",
            "group": "r018-2b3107cc-d84c-4802-845b-76c3f0ae0e7c",
            "icmp": [],
            "id": "r018-2b3107cc-d84c-4802-845b-76c3f0ae0e7c.r018-752a460e-72f5-4a78-ac4c-b3cf99c03acb",
            "ip_version": "ipv4",
            "local": "0.0.0.0/0",
            "name": "regretful-rubbing-custodian-font",
            "port_max": 10252,
            "port_min": 10252,
            "protocol": "tcp",
            "related_crn": "crn:v1:bluemix:public:is:eu-gb:a/65c005b968304c79af0072316cd66882::security-group:r018-2b3107cc-d84c-4802-845b-76c3f0ae0e7c",
            "remote": "0.0.0.0/0",
            "rule_id": "r018-752a460e-72f5-4a78-ac4c-b3cf99c03acb",
            "tcp": [],
            "type": null,
            "udp": []
          },
          "sensitive_attributes": [],
          "identity_schema_version": 0,
          "private": "bnVsbA==",
          "dependencies": [
            "module.network.ibm_is_vpc.vpc",
            "module.network.ibm_resource_group.resource_group",
            "module.security.ibm_is_security_group.security_group"
          ]
        },
        {
          "index_key": "TCP_master_outbound_6443",
          "schema_version": 0,
          "attributes": {
            "code": null,
            "direction": "outbound",
            "group": "r018-2b3107cc-d84c-4802-845b-76c3f0ae0e7c",
            "icmp": [],
            "id": "r018-2b3107cc-d84c-4802-845b-76c3f0ae0e7c.r018-6c6b5d1b-6c5b-4a8a-a233-8899deae8a31",
            "ip_version": "ipv4",
            "local": "0.0.0.0/0",
            "name": "rippling-subzero-economic-busboy",
            "port_max": 6443,
            "port_min": 6443,
            "protocol": "tcp",
            "related_crn": "crn:v1:bluemix:public:is:eu-gb:a/65c005b968304c79af0072316cd66882::security-group:r018-2b3107cc-d84c-4802-845b-76c3f0ae0e7c",
            "remote": "0.0.0.0/0",
            "rule_id": "r018-6c6b5d1b-6c5b-4a8a-a233-8899deae8a31",
            "tcp": [],
            "type": null,
            "udp": []
          },
          "sensitive_attributes": [],
          "identity_schema_version": 0,
          "private": "bnVsbA==",
          "dependencies": [
            "module.network.ibm_is_vpc.vpc",
            "module.network.ibm_resource_group.resource_group",
            "module.security.ibm_is_security_group.security_group"
          ]
        },
        {
          "index_key": "TCP_master_outbound_6783",
          "schema_version": 0,
          "attributes": {
            "code": null,
            "direction": "outbound",
            "group": "r018-2b3107cc-d84c-4802-845b-76c3f0ae0e7c",
            "icmp": [],
            "id": "r018-2b3107cc-d84c-4802-845b-76c3f0ae0e7c.r018-eee2d7e4-5fcf-4f8c-b905-a968eab7adb2",
            "ip_version": "ipv4",
            "local": "0.0.0.0/0",
            "name": "underhand-circulate-footwork-isolating",
            "port_max": 6783,
            "port_min": 6783,
            "protocol": "tcp",
            "related_crn": "crn:v1:bluemix:public:is:eu-gb:a/65c005b968304c79af0072316cd66882::security-group:r018-2b3107cc-d84c-4802-845b-76c3f0ae0e7c",
            "remote": "0.0.0.0/0",
            "rule_id": "r018-eee2d7e4-5fcf-4f8c-b905-a968eab7adb2",
            "tcp": [],
            "type": null,
            "udp": []
          },
          "sensitive_attributes": [],
          "identity_schema_version": 0,
          "private": "bnVsbA==",
          "dependencies": [
            "module.network.ibm_is_vpc.vpc",
            "module.network.ibm_resource_group.resource_group",
            "module.security.ibm_is_security_group.security_group"
          ]
        },
        {
          "index_key": "TCP_master_outbound_DNS",
          "schema_version": 0,
          "attributes": {
            "code": null,
            "direction": "outbound",
            "group": "r018-2b3107cc-d84c-4802-845b-76c3f0ae0e7c",
            "icmp": [],
            "id": "r018-2b3107cc-d84c-4802-845b-76c3f0ae0e7c.r018-01a97340-923e-4f65-8572-6517ebc853f4",
            "ip_version": "ipv4",
            "local": "0.0.0.0/0",
            "name": "implicate-shaping-scrutiny-refining",
            "port_max": 53,
            "port_min": 53,
            "protocol": "tcp",
            "related_crn": "crn:v1:bluemix:public:is:eu-gb:a/65c005b968304c79af0072316cd66882::security-group:r018-2b3107cc-d84c-4802-845b-76c3f0ae0e7c",
            "remote": "0.0.0.0/0",
            "rule_id": "r018-01a97340-923e-4f65-8572-6517ebc853f4",
            "tcp": [],
            "type": null,
            "udp": []
          },
          "sensitive_attributes": [],
          "identity_schema_version": 0,
          "private": "bnVsbA==",
          "dependencies": [
            "module.network.ibm_is_vpc.vpc",
            "module.network.ibm_resource_group.resource_group",
            "module.security.ibm_is_security_group.security_group"
          ]
        },
        {
          "index_key": "TCP_master_outbound_http",
          "schema_version": 0,
          "attributes": {
            "code": null,
            "direction": "outbound",
            "group": "r018-2b3107cc-d84c-4802-845b-76c3f0ae0e7c",
            "icmp": [],
            "id": "r018-2b3107cc-d84c-4802-845b-76c3f0ae0e7c.r018-6cba55d1-affa-4bfb-ae38-bc8dd18418e9",
            "ip_version": "ipv4",
            "local": "0.0.0.0/0",
            "name": "skipping-copper-flaring-juggling",
            "port_max": 80,
            "port_min": 80,
            "protocol": "tcp",
            "related_crn": "crn:v1:bluemix:public:is:eu-gb:a/65c005b968304c79af0072316cd66882::security-group:r018-2b3107cc-d84c-4802-845b-76c3f0ae0e7c",
            "remote": "0.0.0.0/0",
            "rule_id": "r018-6cba55d1-affa-4bfb-ae38-bc8dd18418e9",
            "tcp": [],
            "type": null,
            "udp": []
          },
          "sensitive_attributes": [],
          "identity_schema_version": 0,
          "private": "bnVsbA==",
          "dependencies": [
            "module.network.ibm_is_vpc.vpc",
            "module.network.ibm_resource_group.resource_group",
            "module.security.ibm_is_security_group.security_group"
          ]
        },
        {
          "index_key": "TCP_master_outbound_https",
          "schema_version": 0,
          "attributes": {
            "code": null,
            "direction": "outbound",
            "group": "r018-2b3107cc-d84c-4802-845b-76c3f0ae0e7c",
            "icmp": [],
            "id": "r018-2b3107cc-d84c-4802-845b-76c3f0ae0e7c.r018-ff9a6609-4d4f-4e25-bb80-8cb405d25b25",
            "ip_version": "ipv4",
            "local": "0.0.0.0/0",
            "name": "smugness-septet-spearman-alpha",
            "port_max": 443,
            "port_min": 443,
            "protocol": "tcp",
            "related_crn": "crn:v1:bluemix:public:is:eu-gb:a/65c005b968304c79af0072316cd66882::security-group:r018-2b3107cc-d84c-4802-845b-76c3f0ae0e7c",
            "remote": "0.0.0.0/0",
            "rule_id": "r018-ff9a6609-4d4f-4e25-bb80-8cb405d25b25",
            "tcp": [],
            "type": null,
            "udp": []
          },
          "sensitive_attributes": [],
          "identity_schema_version": 0,
          "private": "bnVsbA==",
          "dependencies": [
            "module.network.ibm_is_vpc.vpc",
            "module.network.ibm_resource_group.resource_group",
            "module.security.ibm_is_security_group.security_group"
          ]
        },
        {
          "index_key": "TCP_master_outbound_ssh",
          "schema_version": 0,
          "attributes": {
            "code": null,
            "direction": "outbound",
            "group": "r018-2b3107cc-d84c-4802-845b-76c3f0ae0e7c",
            "icmp": [],
            "id": "r018-2b3107cc-d84c-4802-845b-76c3f0ae0e7c.r018-a3e4f103-1d24-4d8b-875e-cf150a3df6d4",
            "ip_version": "ipv4",
            "local": "0.0.0.0/0",
            "name": "thinner-kebab-gravel-unwired",
            "port_max": 22,
            "port_min": 22,
            "protocol": "tcp",
            "related_crn": "crn:v1:bluemix:public:is:eu-gb:a/65c005b968304c79af0072316cd66882::security-group:r018-2b3107cc-d84c-4802-845b-76c3f0ae0e7c",
            "remote": "0.0.0.0/0",
            "rule_id": "r018-a3e4f103-1d24-4d8b-875e-cf150a3df6d4",
            "tcp": [],
            "type": null,
            "udp": []
          },
          "sensitive_attributes": [],
          "identity_schema_version": 0,
          "private": "bnVsbA==",
          "dependencies": [
            "module.network.ibm_is_vpc.vpc",
            "module.network.ibm_resource_group.resource_group",
            "module.security.ibm_is_security_group.security_group"
          ]
        },
        {
          "index_key": "TCP_worker_inbound_10250",
          "schema_version": 0,
          "attributes": {
            "code": null,
            "direction": "inbound",
            "group": "r018-3b864b47-d1fd-4288-83d7-b15ef0022ed6",
            "icmp": [],
            "id": "r018-3b864b47-d1fd-4288-83d7-b15ef0022ed6.r018-f80a71f5-1eef-4345-bb91-146b1ecae59d",
            "ip_version": "ipv4",
            "local": "0.0.0.0/0",
            "name": "duchess-generous-carless-frequency",
            "port_max": 10250,
            "port_min": 10250,
            "protocol": "tcp",
            "related_crn": "crn:v1:bluemix:public:is:eu-gb:a/65c005b968304c79af0072316cd66882::security-group:r018-3b864b47-d1fd-4288-83d7-b15ef0022ed6",
            "remote": "0.0.0.0/0",
            "rule_id": "r018-f80a71f5-1eef-4345-bb91-146b1ecae59d",
            "tcp": [],
            "type": null,
            "udp": []
          },
          "sensitive_attributes": [],
          "identity_schema_version": 0,
          "private": "bnVsbA==",
          "dependencies": [
            "module.network.ibm_is_vpc.vpc",
            "module.network.ibm_resource_group.resource_group",
            "module.security.ibm_is_security_group.security_group"
          ]
        },
        {
          "index_key": "TCP_worker_inbound_10251",
          "schema_version": 0,
          "attributes": {
            "code": null,
            "direction": "inbound",
            "group": "r018-3b864b47-d1fd-4288-83d7-b15ef0022ed6",
            "icmp": [],
            "id": "r018-3b864b47-d1fd-4288-83d7-b15ef0022ed6.r018-5858ae9a-d503-44ba-b127-54990f50f93d",
            "ip_version": "ipv4",
            "local": "0.0.0.0/0",
            "name": "maker-robotics-esteemed-freezable",
            "port_max": 10251,
            "port_min": 10251,
            "protocol": "tcp",
            "related_crn": "crn:v1:bluemix:public:is:eu-gb:a/65c005b968304c79af0072316cd66882::security-group:r018-3b864b47-d1fd-4288-83d7-b15ef0022ed6",
            "remote": "0.0.0.0/0",
            "rule_id": "r018-5858ae9a-d503-44ba-b127-54990f50f93d",
            "tcp": [],
            "type": null,
            "udp": []
          },
          "sensitive_attributes": [],
          "identity_schema_version": 0,
          "private": "bnVsbA==",
          "dependencies": [
            "module.network.ibm_is_vpc.vpc",
            "module.network.ibm_resource_group.resource_group",
            "module.security.ibm_is_security_group.security_group"
          ]
        },
        {
          "index_key": "TCP_worker_inbound_10252",
          "schema_version": 0,
          "attributes": {
            "code": null,
            "direction": "inbound",
            "group": "r018-3b864b47-d1fd-4288-83d7-b15ef0022ed6",
            "icmp": [],
            "id": "r018-3b864b47-d1fd-4288-83d7-b15ef0022ed6.r018-037c9d92-e0db-4b6a-9100-4e3ea523dcf0",
            "ip_version": "ipv4",
            "local": "0.0.0.0/0",
            "name": "elm-average-available-unsettled",
            "port_max": 10252,
            "port_min": 10252,
            "protocol": "tcp",
            "related_crn": "crn:v1:bluemix:public:is:eu-gb:a/65c005b968304c79af0072316cd66882::security-group:r018-3b864b47-d1fd-4288-83d7-b15ef0022ed6",
            "remote": "0.0.0.0/0",
            "rule_id": "r018-037c9d92-e0db-4b6a-9100-4e3ea523dcf0",
            "tcp": [],
            "type": null,
            "udp": []
          },
          "sensitive_attributes": [],
          "identity_schema_version": 0,
          "private": "bnVsbA==",
          "dependencies": [
            "module.network.ibm_is_vpc.vpc",
            "module.network.ibm_resource_group.resource_group",
            "module.security.ibm_is_security_group.security_group"
          ]
        },
        {
          "index_key": "TCP_worker_inbound_2379_to_2380",
          "schema_version": 0,
          "attributes": {
            "code": null,
            "direction": "inbound",
            "group": "r018-3b864b47-d1fd-4288-83d7-b15ef0022ed6",
            "icmp": [],
            "id": "r018-3b864b47-d1fd-4288-83d7-b15ef0022ed6.r018-8d4dd78e-5388-48a6-8a06-eb949f0dc80c",
            "ip_version": "ipv4",
            "local": "0.0.0.0/0",
            "name": "juror-uncured-amends-widget",
            "port_max": 2380,
            "port_min": 2379,
            "protocol": "tcp",
            "related_crn": "crn:v1:bluemix:public:is:eu-gb:a/65c005b968304c79af0072316cd66882::security-group:r018-3b864b47-d1fd-4288-83d7-b15ef0022ed6",
            "remote": "0.0.0.0/0",
            "rule_id": "r018-8d4dd78e-5388-48a6-8a06-eb949f0dc80c",
            "tcp": [],
            "type": null,
            "udp": []
          },
          "sensitive_attributes": [],
          "identity_schema_version": 0,
          "private": "bnVsbA==",
          "dependencies": [
            "module.network.ibm_is_vpc.vpc",
            "module.network.ibm_resource_group.resource_group",
            "module.security.ibm_is_security_group.security_group"
          ]
        },
        {
          "index_key": "TCP_worker_inbound_6443",
          "schema_version": 0,
          "attributes": {
            "code": null,
            "direction": "inbound",
            "group": "r018-3b864b47-d1fd-4288-83d7-b15ef0022ed6",
            "icmp": [],
            "id": "r018-3b864b47-d1fd-4288-83d7-b15ef0022ed6.r018-f34e0e5b-b903-4040-9210-2b9564f52fde",
            "ip_version": "ipv4",
            "local": "0.0.0.0/0",
            "name": "negotiate-tingling-shed-tightknit",
            "port_max": 6443,
            "port_min": 6443,
            "protocol": "tcp",
            "related_crn": "crn:v1:bluemix:public:is:eu-gb:a/65c005b968304c79af0072316cd66882::security-group:r018-3b864b47-d1fd-4288-83d7-b15ef0022ed6",
            "remote": "0.0.0.0/0",
            "rule_id": "r018-f34e0e5b-b903-4040-9210-2b9564f52fde",
            "tcp": [],
            "type": null,
            "udp": []
          },
          "sensitive_attributes": [],
          "identity_schema_version": 0,
          "private": "bnVsbA==",
          "dependencies": [
            "module.network.ibm_is_vpc.vpc",
            "module.network.ibm_resource_group.resource_group",
            "module.security.ibm_is_security_group.security_group"
          ]
        },
        {
          "index_key": "TCP_worker_inbound_6783",
          "schema_version": 0,
          "attributes": {
            "code": null,
            "direction": "inbound",
            "group": "r018-3b864b47-d1fd-4288-83d7-b15ef0022ed6",
            "icmp": [],
            "id": "r018-3b864b47-d1fd-4288-83d7-b15ef0022ed6.r018-55bde222-d43e-45de-b371-01018196662d",
            "ip_version": "ipv4",
            "local": "0.0.0.0/0",
            "name": "unpledged-headache-letdown-overdrive",
            "port_max": 6783,
            "port_min": 6783,
            "protocol": "tcp",
            "related_crn": "crn:v1:bluemix:public:is:eu-gb:a/65c005b968304c79af0072316cd66882::security-group:r018-3b864b47-d1fd-4288-83d7-b15ef0022ed6",
            "remote": "0.0.0.0/0",
            "rule_id": "r018-55bde222-d43e-45de-b371-01018196662d",
            "tcp": [],
            "type": null,
            "udp": []
          },
          "sensitive_attributes": [],
          "identity_schema_version": 0,
          "private": "bnVsbA==",
          "dependencies": [
            "module.network.ibm_is_vpc.vpc",
            "module.network.ibm_resource_group.resource_group",
            "module.security.ibm_is_security_group.security_group"
          ]
        },
        {
          "index_key": "TCP_worker_inbound_DNS",
          "schema_version": 0,
          "attributes": {
            "code": null,
            "direction": "inbound",
            "group": "r018-3b864b47-d1fd-4288-83d7-b15ef0022ed6",
            "icmp": [],
            "id": "r018-3b864b47-d1fd-4288-83d7-b15ef0022ed6.r018-2ff43188-053c-4695-8993-72cf24b0a0f4",
            "ip_version": "ipv4",
            "local": "0.0.0.0/0",
            "name": "plywood-uropod-iciness-hat",
            "port_max": 53,
            "port_min": 53,
            "protocol": "tcp",
            "related_crn": "crn:v1:bluemix:public:is:eu-gb:a/65c005b968304c79af0072316cd66882::security-group:r018-3b864b47-d1fd-4288-83d7-b15ef0022ed6",
            "remote": "0.0.0.0/0",
            "rule_id": "r018-2ff43188-053c-4695-8993-72cf24b0a0f4",
            "tcp": [],
            "type": null,
            "udp": []
          },
          "sensitive_attributes": [],
          "identity_schema_version": 0,
          "private": "bnVsbA==",
          "dependencies": [
            "module.network.ibm_is_vpc.vpc",
            "module.network.ibm_resource_group.resource_group",
            "module.security.ibm_is_security_group.security_group"
          ]
        },
        {
          "index_key": "TCP_worker_inbound_http",
          "schema_version": 0,
          "attributes": {
            "code": null,
            "direction": "inbound",
            "group": "r018-3b864b47-d1fd-4288-83d7-b15ef0022ed6",
            "icmp": [],
            "id": "r018-3b864b47-d1fd-4288-83d7-b15ef0022ed6.r018-7f98fe78-a094-42bd-bf9e-1ba76ff4b776",
            "ip_version": "ipv4",
            "local": "0.0.0.0/0",
            "name": "stumble-drivable-savor-overlap",
            "port_max": 80,
            "port_min": 80,
            "protocol": "tcp",
            "related_crn": "crn:v1:bluemix:public:is:eu-gb:a/65c005b968304c79af0072316cd66882::security-group:r018-3b864b47-d1fd-4288-83d7-b15ef0022ed6",
            "remote": "0.0.0.0/0",
            "rule_id": "r018-7f98fe78-a094-42bd-bf9e-1ba76ff4b776",
            "tcp": [],
            "type": null,
            "udp": []
          },
          "sensitive_attributes": [],
          "identity_schema_version": 0,
          "private": "bnVsbA==",
          "dependencies": [
            "module.network.ibm_is_vpc.vpc",
            "module.network.ibm_resource_group.resource_group",
            "module.security.ibm_is_security_group.security_group"
          ]
        },
        {
          "index_key": "TCP_worker_inbound_https",
          "schema_version": 0,
          "attributes": {
            "code": null,
            "direction": "inbound",
            "group": "r018-3b864b47-d1fd-4288-83d7-b15ef0022ed6",
            "icmp": [],
            "id": "r018-3b864b47-d1fd-4288-83d7-b15ef0022ed6.r018-88b98bd7-50b2-4335-8a8a-5dd89954a0ad",
            "ip_version": "ipv4",
            "local": "0.0.0.0/0",
            "name": "sanitation-dried-tactile-cytoplast",
            "port_max": 443,
            "port_min": 443,
            "protocol": "tcp",
            "related_crn": "crn:v1:bluemix:public:is:eu-gb:a/65c005b968304c79af0072316cd66882::security-group:r018-3b864b47-d1fd-4288-83d7-b15ef0022ed6",
            "remote": "0.0.0.0/0",
            "rule_id": "r018-88b98bd7-50b2-4335-8a8a-5dd89954a0ad",
            "tcp": [],
            "type": null,
            "udp": []
          },
          "sensitive_attributes": [],
          "identity_schema_version": 0,
          "private": "bnVsbA==",
          "dependencies": [
            "module.network.ibm_is_vpc.vpc",
            "module.network.ibm_resource_group.resource_group",
            "module.security.ibm_is_security_group.security_group"
          ]
        },
        {
          "index_key": "TCP_worker_inbound_ssh",
          "schema_version": 0,
          "attributes": {
            "code": null,
            "direction": "inbound",
            "group": "r018-3b864b47-d1fd-4288-83d7-b15ef0022ed6",
            "icmp": [],
            "id": "r018-3b864b47-d1fd-4288-83d7-b15ef0022ed6.r018-0fcb9c3b-5c25-42b5-ae34-e41c4569c6eb",
            "ip_version": "ipv4",
            "local": "0.0.0.0/0",
            "name": "campsite-wick-posture-neolith",
            "port_max": 22,
            "port_min": 22,
            "protocol": "tcp",
            "related_crn": "crn:v1:bluemix:public:is:eu-gb:a/65c005b968304c79af0072316cd66882::security-group:r018-3b864b47-d1fd-4288-83d7-b15ef0022ed6",
            "remote": "0.0.0.0/0",
            "rule_id": "r018-0fcb9c3b-5c25-42b5-ae34-e41c4569c6eb",
            "tcp": [],
            "type": null,
            "udp": []
          },
          "sensitive_attributes": [],
          "identity_schema_version": 0,
          "private": "bnVsbA==",
          "dependencies": [
            "module.network.ibm_is_vpc.vpc",
            "module.network.ibm_resource_group.resource_group",
            "module.security.ibm_is_security_group.security_group"
          ]
        },
        {
          "index_key": "TCP_worker_outbound_10250",
          "schema_version": 0,
          "attributes": {
            "code": null,
            "direction": "outbound",
            "group": "r018-3b864b47-d1fd-4288-83d7-b15ef0022ed6",
            "icmp": [],
            "id": "r018-3b864b47-d1fd-4288-83d7-b15ef0022ed6.r018-cfa4feb0-543b-44a6-aef8-3df6abfc1690",
            "ip_version": "ipv4",
            "local": "0.0.0.0/0",
            "name": "status-curvature-rebate-deflected",
            "port_max": 10250,
            "port_min": 10250,
            "protocol": "tcp",
            "related_crn": "crn:v1:bluemix:public:is:eu-gb:a/65c005b968304c79af0072316cd66882::security-group:r018-3b864b47-d1fd-4288-83d7-b15ef0022ed6",
            "remote": "0.0.0.0/0",
            "rule_id": "r018-cfa4feb0-543b-44a6-aef8-3df6abfc1690",
            "tcp": [],
            "type": null,
            "udp": []
          },
          "sensitive_attributes": [],
          "identity_schema_version": 0,
          "private": "bnVsbA==",
          "dependencies": [
            "module.network.ibm_is_vpc.vpc",
            "module.network.ibm_resource_group.resource_group",
            "module.security.ibm_is_security_group.security_group"
          ]
        },
        {
          "index_key": "TCP_worker_outbound_10251",
          "schema_version": 0,
          "attributes": {
            "code": null,
            "direction": "outbound",
            "group": "r018-3b864b47-d1fd-4288-83d7-b15ef0022ed6",
            "icmp": [],
            "id": "r018-3b864b47-d1fd-4288-83d7-b15ef0022ed6.r018-0c55f879-f339-4fd9-97e7-b61472133bdf",
            "ip_version": "ipv4",
            "local": "0.0.0.0/0",
            "name": "purchase-crisped-valiant-coping",
            "port_max": 10251,
            "port_min": 10251,
            "protocol": "tcp",
            "related_crn": "crn:v1:bluemix:public:is:eu-gb:a/65c005b968304c79af0072316cd66882::security-group:r018-3b864b47-d1fd-4288-83d7-b15ef0022ed6",
            "remote": "0.0.0.0/0",
            "rule_id": "r018-0c55f879-f339-4fd9-97e7-b61472133bdf",
            "tcp": [],
            "type": null,
            "udp": []
          },
          "sensitive_attributes": [],
          "identity_schema_version": 0,
          "private": "bnVsbA==",
          "dependencies": [
            "module.network.ibm_is_vpc.vpc",
            "module.network.ibm_resource_group.resource_group",
            "module.security.ibm_is_security_group.security_group"
          ]
        },
        {
          "index_key": "TCP_worker_outbound_10252",
          "schema_version": 0,
          "attributes": {
            "code": null,
            "direction": "outbound",
            "group": "r018-3b864b47-d1fd-4288-83d7-b15ef0022ed6",
            "icmp": [],
            "id": "r018-3b864b47-d1fd-4288-83d7-b15ef0022ed6.r018-00b1804c-aad1-4a19-8c0e-a7063dd21337",
            "ip_version": "ipv4",
            "local": "0.0.0.0/0",
            "name": "staring-keep-crisped-moving",
            "port_max": 10252,
            "port_min": 10252,
            "protocol": "tcp",
            "related_crn": "crn:v1:bluemix:public:is:eu-gb:a/65c005b968304c79af0072316cd66882::security-group:r018-3b864b47-d1fd-4288-83d7-b15ef0022ed6",
            "remote": "0.0.0.0/0",
            "rule_id": "r018-00b1804c-aad1-4a19-8c0e-a7063dd21337",
            "tcp": [],
            "type": null,
            "udp": []
          },
          "sensitive_attributes": [],
          "identity_schema_version": 0,
          "private": "bnVsbA==",
          "dependencies": [
            "module.network.ibm_is_vpc.vpc",
            "module.network.ibm_resource_group.resource_group",
            "module.security.ibm_is_security_group.security_group"
          ]
        },
        {
          "index_key": "TCP_worker_outbound_6443",
          "schema_version": 0,
          "attributes": {
            "code": null,
            "direction": "outbound",
            "group": "r018-3b864b47-d1fd-4288-83d7-b15ef0022ed6",
            "icmp": [],
            "id": "r018-3b864b47-d1fd-4288-83d7-b15ef0022ed6.r018-e7f66db5-ca5e-49a5-995f-750a476c7b86",
            "ip_version": "ipv4",
            "local": "0.0.0.0/0",
            "name": "copious-bansela-slacking-freebee",
            "port_max": 6443,
            "port_min": 6443,
            "protocol": "tcp",
            "related_crn": "crn:v1:bluemix:public:is:eu-gb:a/65c005b968304c79af0072316cd66882::security-group:r018-3b864b47-d1fd-4288-83d7-b15ef0022ed6",
            "remote": "0.0.0.0/0",
            "rule_id": "r018-e7f66db5-ca5e-49a5-995f-750a476c7b86",
            "tcp": [],
            "type": null,
            "udp": []
          },
          "sensitive_attributes": [],
          "identity_schema_version": 0,
          "private": "bnVsbA==",
          "dependencies": [
            "module.network.ibm_is_vpc.vpc",
            "module.network.ibm_resource_group.resource_group",
            "module.security.ibm_is_security_group.security_group"
          ]
        },
        {
          "index_key": "TCP_worker_outbound_6783",
          "schema_version": 0,
          "attributes": {
            "code": null,
            "direction": "outbound",
            "group": "r018-3b864b47-d1fd-4288-83d7-b15ef0022ed6",
            "icmp": [],
            "id": "r018-3b864b47-d1fd-4288-83d7-b15ef0022ed6.r018-2e3d1a7d-5dc8-45c5-b8c9-dbd555dc4cb1",
            "ip_version": "ipv4",
            "local": "0.0.0.0/0",
            "name": "backing-cosmos-papyrus-apart",
            "port_max": 6783,
            "port_min": 6783,
            "protocol": "tcp",
            "related_crn": "crn:v1:bluemix:public:is:eu-gb:a/65c005b968304c79af0072316cd66882::security-group:r018-3b864b47-d1fd-4288-83d7-b15ef0022ed6",
            "remote": "0.0.0.0/0",
            "rule_id": "r018-2e3d1a7d-5dc8-45c5-b8c9-dbd555dc4cb1",
            "tcp": [],
            "type": null,
            "udp": []
          },
          "sensitive_attributes": [],
          "identity_schema_version": 0,
          "private": "bnVsbA==",
          "dependencies": [
            "module.network.ibm_is_vpc.vpc",
            "module.network.ibm_resource_group.resource_group",
            "module.security.ibm_is_security_group.security_group"
          ]
        },
        {
          "index_key": "TCP_worker_outbound_DNS",
          "schema_version": 0,
          "attributes": {
            "code": null,
            "direction": "outbound",
            "group": "r018-3b864b47-d1fd-4288-83d7-b15ef0022ed6",
            "icmp": [],
            "id": "r018-3b864b47-d1fd-4288-83d7-b15ef0022ed6.r018-6863230b-e36b-4212-a353-ad4037bfeb5a",
            "ip_version": "ipv4",
            "local": "0.0.0.0/0",
            "name": "unlatch-stratus-subzero-droop",
            "port_max": 53,
            "port_min": 53,
            "protocol": "tcp",
            "related_crn": "crn:v1:bluemix:public:is:eu-gb:a/65c005b968304c79af0072316cd66882::security-group:r018-3b864b47-d1fd-4288-83d7-b15ef0022ed6",
            "remote": "0.0.0.0/0",
            "rule_id": "r018-6863230b-e36b-4212-a353-ad4037bfeb5a",
            "tcp": [],
            "type": null,
            "udp": []
          },
          "sensitive_attributes": [],
          "identity_schema_version": 0,
          "private": "bnVsbA==",
          "dependencies": [
            "module.network.ibm_is_vpc.vpc",
            "module.network.ibm_resource_group.resource_group",
            "module.security.ibm_is_security_group.security_group"
          ]
        },
        {
          "index_key": "TCP_worker_outbound_http",
          "schema_version": 0,
          "attributes": {
            "code": null,
            "direction": "outbound",
            "group": "r018-3b864b47-d1fd-4288-83d7-b15ef0022ed6",
            "icmp": [],
            "id": "r018-3b864b47-d1fd-4288-83d7-b15ef0022ed6.r018-00ba2cfc-5b32-48d0-8029-7e06d7e8bb7b",
            "ip_version": "ipv4",
            "local": "0.0.0.0/0",
            "name": "abundant-economist-cascade-crewmate",
            "port_max": 80,
            "port_min": 80,
            "protocol": "tcp",
            "related_crn": "crn:v1:bluemix:public:is:eu-gb:a/65c005b968304c79af0072316cd66882::security-group:r018-3b864b47-d1fd-4288-83d7-b15ef0022ed6",
            "remote": "0.0.0.0/0",
            "rule_id": "r018-00ba2cfc-5b32-48d0-8029-7e06d7e8bb7b",
            "tcp": [],
            "type": null,
            "udp": []
          },
          "sensitive_attributes": [],
          "identity_schema_version": 0,
          "private": "bnVsbA==",
          "dependencies": [
            "module.network.ibm_is_vpc.vpc",
            "module.network.ibm_resource_group.resource_group",
            "module.security.ibm_is_security_group.security_group"
          ]
        },
        {
          "index_key": "TCP_worker_outbound_https",
          "schema_version": 0,
          "attributes": {
            "code": null,
            "direction": "outbound",
            "group": "r018-3b864b47-d1fd-4288-83d7-b15ef0022ed6",
            "icmp": [],
            "id": "r018-3b864b47-d1fd-4288-83d7-b15ef0022ed6.r018-66178b19-c304-425b-b0a5-5634b5546959",
            "ip_version": "ipv4",
            "local": "0.0.0.0/0",
            "name": "mowing-shone-glucose-prideful",
            "port_max": 443,
            "port_min": 443,
            "protocol": "tcp",
            "related_crn": "crn:v1:bluemix:public:is:eu-gb:a/65c005b968304c79af0072316cd66882::security-group:r018-3b864b47-d1fd-4288-83d7-b15ef0022ed6",
            "remote": "0.0.0.0/0",
            "rule_id": "r018-66178b19-c304-425b-b0a5-5634b5546959",
            "tcp": [],
            "type": null,
            "udp": []
          },
          "sensitive_attributes": [],
          "identity_schema_version": 0,
          "private": "bnVsbA==",
          "dependencies": [
            "module.network.ibm_is_vpc.vpc",
            "module.network.ibm_resource_group.resource_group",
            "module.security.ibm_is_security_group.security_group"
          ]
        },
        {
          "index_key": "TCP_worker_outbound_ssh",
          "schema_version": 0,
          "attributes": {
            "code": null,
            "direction": "outbound",
            "group": "r018-3b864b47-d1fd-4288-83d7-b15ef0022ed6",
            "icmp": [],
            "id": "r018-3b864b47-d1fd-4288-83d7-b15ef0022ed6.r018-36ff39da-2ee5-4738-94ae-dc3d6bb74c56",
            "ip_version": "ipv4",
            "local": "0.0.0.0/0",
            "name": "plus-blunderer-goal-olive",
            "port_max": 22,
            "port_min": 22,
            "protocol": "tcp",
            "related_crn": "crn:v1:bluemix:public:is:eu-gb:a/65c005b968304c79af0072316cd66882::security-group:r018-3b864b47-d1fd-4288-83d7-b15ef0022ed6",
            "remote": "0.0.0.0/0",
            "rule_id": "r018-36ff39da-2ee5-4738-94ae-dc3d6bb74c56",
            "tcp": [],
            "type": null,
            "udp": []
          },
          "sensitive_attributes": [],
          "identity_schema_version": 0,
          "private": "bnVsbA==",
          "dependencies": [
            "module.network.ibm_is_vpc.vpc",
            "module.network.ibm_resource_group.resource_group",
            "module.security.ibm_is_security_group.security_group"
          ]
        }
      ]
    },
    {
      "module": "module.security",
      "mode": "managed",
      "type": "ibm_is_security_group_rule",
      "name": "security_group_rule_udp",
      "provider": "module.security.provider[\"registry.terraform.io/ibm-cloud/ibm\"]",
      "instances": [
        {
          "index_key": "UDP_master_inbound_6783",
          "schema_version": 0,
          "attributes": {
            "code": null,
            "direction": "inbound",
            "group": "r018-2b3107cc-d84c-4802-845b-76c3f0ae0e7c",
            "icmp": [],
            "id": "r018-2b3107cc-d84c-4802-845b-76c3f0ae0e7c.r018-282bf144-2f51-4b3c-a7b3-64f081d6c0a3",
            "ip_version": "ipv4",
            "local": "0.0.0.0/0",
            "name": "cake-visitor-afraid-observant",
            "port_max": 6783,
            "port_min": 6783,
            "protocol": "udp",
            "related_crn": "crn:v1:bluemix:public:is:eu-gb:a/65c005b968304c79af0072316cd66882::security-group:r018-2b3107cc-d84c-4802-845b-76c3f0ae0e7c",
            "remote": "0.0.0.0/0",
            "rule_id": "r018-282bf144-2f51-4b3c-a7b3-64f081d6c0a3",
            "tcp": [],
            "type": null,
            "udp": []
          },
          "sensitive_attributes": [],
          "identity_schema_version": 0,
          "private": "bnVsbA==",
          "dependencies": [
            "module.network.ibm_is_vpc.vpc",
            "module.network.ibm_resource_group.resource_group",
            "module.security.ibm_is_security_group.security_group"
          ]
        },
        {
          "index_key": "UDP_master_outbound_6783",
          "schema_version": 0,
          "attributes": {
            "code": null,
            "direction": "outbound",
            "group": "r018-2b3107cc-d84c-4802-845b-76c3f0ae0e7c",
            "icmp": [],
            "id": "r018-2b3107cc-d84c-4802-845b-76c3f0ae0e7c.r018-1d5fafff-a54d-4369-9034-66aada067a31",
            "ip_version": "ipv4",
            "local": "0.0.0.0/0",
            "name": "excluded-clang-mankind-spotted",
            "port_max": 6783,
            "port_min": 6783,
            "protocol": "udp",
            "related_crn": "crn:v1:bluemix:public:is:eu-gb:a/65c005b968304c79af0072316cd66882::security-group:r018-2b3107cc-d84c-4802-845b-76c3f0ae0e7c",
            "remote": "0.0.0.0/0",
            "rule_id": "r018-1d5fafff-a54d-4369-9034-66aada067a31",
            "tcp": [],
            "type": null,
            "udp": []
          },
          "sensitive_attributes": [],
          "identity_schema_version": 0,
          "private": "bnVsbA==",
          "dependencies": [
            "module.network.ibm_is_vpc.vpc",
            "module.network.ibm_resource_group.resource_group",
            "module.security.ibm_is_security_group.security_group"
          ]
        },
        {
          "index_key": "UDP_master_outbound_6784",
          "schema_version": 0,
          "attributes": {
            "code": null,
            "direction": "outbound",
            "group": "r018-2b3107cc-d84c-4802-845b-76c3f0ae0e7c",
            "icmp": [],
            "id": "r018-2b3107cc-d84c-4802-845b-76c3f0ae0e7c.r018-e8283409-9a45-4dca-b216-9f361bf2c4a5",
            "ip_version": "ipv4",
            "local": "0.0.0.0/0",
            "name": "dried-enroute-gusty-icy",
            "port_max": 6784,
            "port_min": 6783,
            "protocol": "udp",
            "related_crn": "crn:v1:bluemix:public:is:eu-gb:a/65c005b968304c79af0072316cd66882::security-group:r018-2b3107cc-d84c-4802-845b-76c3f0ae0e7c",
            "remote": "0.0.0.0/0",
            "rule_id": "r018-e8283409-9a45-4dca-b216-9f361bf2c4a5",
            "tcp": [],
            "type": null,
            "udp": []
          },
          "sensitive_attributes": [],
          "identity_schema_version": 0,
          "private": "bnVsbA==",
          "dependencies": [
            "module.network.ibm_is_vpc.vpc",
            "module.network.ibm_resource_group.resource_group",
            "module.security.ibm_is_security_group.security_group"
          ]
        },
        {
          "index_key": "UDP_worker_inbound_6783",
          "schema_version": 0,
          "attributes": {
            "code": null,
            "direction": "inbound",
            "group": "r018-3b864b47-d1fd-4288-83d7-b15ef0022ed6",
            "icmp": [],
            "id": "r018-3b864b47-d1fd-4288-83d7-b15ef0022ed6.r018-553980a6-b8f9-4eb3-9637-db73aaf16324",
            "ip_version": "ipv4",
            "local": "0.0.0.0/0",
            "name": "plexiglas-gossip-uncounted-wacky",
            "port_max": 6783,
            "port_min": 6783,
            "protocol": "udp",
            "related_crn": "crn:v1:bluemix:public:is:eu-gb:a/65c005b968304c79af0072316cd66882::security-group:r018-3b864b47-d1fd-4288-83d7-b15ef0022ed6",
            "remote": "0.0.0.0/0",
            "rule_id": "r018-553980a6-b8f9-4eb3-9637-db73aaf16324",
            "tcp": [],
            "type": null,
            "udp": []
          },
          "sensitive_attributes": [],
          "identity_schema_version": 0,
          "private": "bnVsbA==",
          "dependencies": [
            "module.network.ibm_is_vpc.vpc",
            "module.network.ibm_resource_group.resource_group",
            "module.security.ibm_is_security_group.security_group"
          ]
        },
        {
          "index_key": "UDP_worker_outbound_6783",
          "schema_version": 0,
          "attributes": {
            "code": null,
            "direction": "outbound",
            "group": "r018-3b864b47-d1fd-4288-83d7-b15ef0022ed6",
            "icmp": [],
            "id": "r018-3b864b47-d1fd-4288-83d7-b15ef0022ed6.r018-b3a31b21-f5c3-49fb-8ce7-ebaba3204b68",
            "ip_version": "ipv4",
            "local": "0.0.0.0/0",
            "name": "pleading-spinster-frosty-majorette",
            "port_max": 6783,
            "port_min": 6783,
            "protocol": "udp",
            "related_crn": "crn:v1:bluemix:public:is:eu-gb:a/65c005b968304c79af0072316cd66882::security-group:r018-3b864b47-d1fd-4288-83d7-b15ef0022ed6",
            "remote": "0.0.0.0/0",
            "rule_id": "r018-b3a31b21-f5c3-49fb-8ce7-ebaba3204b68",
            "tcp": [],
            "type": null,
            "udp": []
          },
          "sensitive_attributes": [],
          "identity_schema_version": 0,
          "private": "bnVsbA==",
          "dependencies": [
            "module.network.ibm_is_vpc.vpc",
            "module.network.ibm_resource_group.resource_group",
            "module.security.ibm_is_security_group.security_group"
          ]
        },
        {
          "index_key": "UDP_worker_outbound_6784",
          "schema_version": 0,
          "attributes": {
            "code": null,
            "direction": "outbound",
            "group": "r018-3b864b47-d1fd-4288-83d7-b15ef0022ed6",
            "icmp": [],
            "id": "r018-3b864b47-d1fd-4288-83d7-b15ef0022ed6.r018-aaaec053-3924-46a9-9665-09bcf0e34de5",
            "ip_version": "ipv4",
            "local": "0.0.0.0/0",
            "name": "crabgrass-nail-diffused-support",
            "port_max": 6784,
            "port_min": 6783,
            "protocol": "udp",
            "related_crn": "crn:v1:bluemix:public:is:eu-gb:a/65c005b968304c79af0072316cd66882::security-group:r018-3b864b47-d1fd-4288-83d7-b15ef0022ed6",
            "remote": "0.0.0.0/0",
            "rule_id": "r018-aaaec053-3924-46a9-9665-09bcf0e34de5",
            "tcp": [],
            "type": null,
            "udp": []
          },
          "sensitive_attributes": [],
          "identity_schema_version": 0,
          "private": "bnVsbA==",
          "dependencies": [
            "module.network.ibm_is_vpc.vpc",
            "module.network.ibm_resource_group.resource_group",
            "module.security.ibm_is_security_group.security_group"
          ]
        }
      ]
    },
    {
      "module": "module.security",
      "mode": "managed",
      "type": "ibm_is_ssh_key",
      "name": "ssh",
      "provider": "module.security.provider[\"registry.terraform.io/ibm-cloud/ibm\"]",
      "instances": [
        {
          "index_key": "master",
          "schema_version": 0,
          "attributes": {
            "access_tags": [],
            "created_at": "2026-02-14T20:17:17.000Z",
            "crn": "crn:v1:bluemix:public:is:eu-gb:a/65c005b968304c79af0072316cd66882::key:r018-80237a6b-7cda-4b7b-b7f7-7186741f72b9",
            "fingerprint": "SHA256:IWo87v/25vC2Gau0xEGzxKpL21skSMXvMQfrtHljDaw",
            "href": "https://eu-gb.iaas.cloud.ibm.com/v1/keys/r018-80237a6b-7cda-4b7b-b7f7-7186741f72b9",
            "id": "r018-80237a6b-7cda-4b7b-b7f7-7186741f72b9",
            "length": 4096,
            "name": "master",
            "public_key": "ssh-rsa AAAAB3NzaC1yc2EAAAADAQABAAACAQC1Q6oyCRGwtFUCQBnNMstIliwLGUhfihuhKtQwxOea3s+AQoJ/gK2R79qEb0gYXEZr06VDdLonQ8LgNgaolz+0vAlsrSRDbwmB/4caIUqB7tNiAdtAfjHqG3P0gkw4te1RV0f5thgBp+8Sh/VKgc9Z85zkMe7kcgprsXasG04p8nVmOicMRAFVP4lPjNU3c21k6gBnS1D66ZkscRgDSlOhdRZ8RzosJ0nFjdQk6zQ7AQIfXLyu97MbrIsYrRZaQyIa0LUdNTl2Wp93uBNDcN7TUidxkSV2+j2+D63PS4zg2Yl0zNGEzJ4Ih8S+4oW0q4YSZOi/qVdsN+x7s+X3WIUffqjwXVMOU5jK3/v+Lx2YpR+r6q5LG3VMtetrYC8y1yjHeUiXVJaMqfA6yxu+B/uSn/mDVwuCdeMy1uA4NzUweSPrq8kVPo/CGrnx8oTjWx1P+xgnEl1R5Xu5LZtDEiRuX5gES2TRPOwmm2IZK/gEiQPohGE31lC088BKhXmlXh39tSYVyCgKZVzcA4c3WI0UJDpPLDlNghj1IguEslraSaDaldL03rcte0TXX7GfHpLeNr7LnU2DzkvoiCJ9CwS+r//W9261YcoEOGN6dOCxrgmGm/xiz2bgVnAM9hqU3FZDyPu4mBOo7uaFmfhgeEoqwaMrgqOY3252v8n07FJjyQ==",
            "resource_controller_url": "https://cloud.ibm.com/vpc-ext/compute/sshKeys",
            "resource_crn": "crn:v1:bluemix:public:is:eu-gb:a/65c005b968304c79af0072316cd66882::key:r018-80237a6b-7cda-4b7b-b7f7-7186741f72b9",
            "resource_group": "f85c67de9d944c59afb9709a10a7a25b",
            "resource_group_name": "Default",
            "resource_name": "master",
            "tags": [],
            "type": "rsa"
          },
          "sensitive_attributes": [],
          "identity_schema_version": 0,
          "private": "bnVsbA=="
        },
        {
          "index_key": "worker",
          "schema_version": 0,
          "attributes": {
            "access_tags": [],
            "created_at": "2026-02-14T20:17:17.000Z",
            "crn": "crn:v1:bluemix:public:is:eu-gb:a/65c005b968304c79af0072316cd66882::key:r018-43d5af8a-07bf-49cc-b739-bae5fa20cdb5",
            "fingerprint": "SHA256:7VVlHL7ytkhmANTzdPGOixiLQybkNUo/9PPF1YeHKzM",
            "href": "https://eu-gb.iaas.cloud.ibm.com/v1/keys/r018-43d5af8a-07bf-49cc-b739-bae5fa20cdb5",
            "id": "r018-43d5af8a-07bf-49cc-b739-bae5fa20cdb5",
            "length": 4096,
            "name": "worker",
            "public_key": "ssh-rsa AAAAB3NzaC1yc2EAAAADAQABAAACAQCQATCiDlesQOrAgI9fdX2jZqpVleQNxW+Ti91u8ksfFLkfINmCUwiBm4xOUMB3FG841y8rZBuIpatlvWLNYYwCR8Q7uguEXwWC6mldSICR5KO2I3VwSCZNXTGjcPXF3AvPwWmwz6J6lld1w4V5GdwvPpNPHJ+whRV0qZJMymcK6/eLlyH/U9jJVy/i5YW+KreHuqkTQgz8ql077E+wrBcUxlx9QhdgkafERJ0/kNLVALy3QQyK5/P4NANfbTmfVVRD6ZyvQoNBHPpkdoYKXdofFi8KHQB7m5qaHkbranwJaEOBAoFqFC4gYqYb7d3wpAQ9+lUL4HEEephNyhmLAub8gJU732ojzjqI0fKwoNQb4YXMpEL4mKZSLKsj+qOCfPf8K+8t+LfARK03K9E1b1A0t7Vm5/+g0m4x5ZMMsU3RiLF2sTwado/h87og9m8GsRE7sf0JrTrrkGVrrHZZ9CCkmYOSckWgkogMDdi7G0ognD0FvRuIVKglSDBOB2+w8QMHcURSjyQGFJi/YGRtddpWFQgyDizwGyv9ZrhSebp5TmJdkn4Smt5Kl1O1c4mvmFL8aR33vU23T/JQZbAdx0i778oSlemnpwY/2eB71XP3LmvRcgsEjndQyjt3EM4ZV6XPQikJa+srKwzSFG70tqieZcNRJ2OyhPszHWt8PoW6Dw==",
            "resource_controller_url": "https://cloud.ibm.com/vpc-ext/compute/sshKeys",
            "resource_crn": "crn:v1:bluemix:public:is:eu-gb:a/65c005b968304c79af0072316cd66882::key:r018-43d5af8a-07bf-49cc-b739-bae5fa20cdb5",
            "resource_group": "f85c67de9d944c59afb9709a10a7a25b",
            "resource_group_name": "Default",
            "resource_name": "worker",
            "tags": [],
            "type": "rsa"
          },
          "sensitive_attributes": [],
          "identity_schema_version": 0,
          "private": "bnVsbA=="
        }
      ]
    }
  ],
  "check_results": null
}
