{
  "version": 4,
  "terraform_version": "1.10.3",
  "serial": 1107,
  "lineage": "123693d0-78d9-ce14-bf0d-cc96b5e24ee3",
  "outputs": {
    "IPs": {
      "value": "192.168.1.4",
      "type": "string"
    }
  },
  "resources": [
    {
      "mode": "data",
      "type": "ibm_is_floating_ip",
      "name": "public_ip_master",
      "provider": "provider[\"registry.terraform.io/ibm-cloud/ibm\"]",
      "instances": [
        {
          "schema_version": 0,
          "attributes": {
            "access_tags": [],
            "address": "141.125.108.144",
            "crn": "crn:v1:bluemix:public:is:eu-gb-2:a/65c005b968304c79af0072316cd66882::floating-ip:r018-4bb4eb3f-dbff-4c13-8c5b-8c4f99efca97",
            "id": "r018-4bb4eb3f-dbff-4c13-8c5b-8c4f99efca97",
            "name": "public-instance-1",
            "status": "available",
            "tags": [
              "name:f_ip_public-instance-1"
            ],
            "target": "0797-b0d01600-3d17-49e3-b11b-c80146adf763",
            "target_list": [
              {
                "crn": "",
                "deleted": [],
                "href": "https://eu-gb.iaas.cloud.ibm.com/v1/instances/0797_4eb07c38-ffcc-4388-943c-f8bea8cbb516/network_interfaces/0797-b0d01600-3d17-49e3-b11b-c80146adf763",
                "id": "0797-b0d01600-3d17-49e3-b11b-c80146adf763",
                "name": "clone-postal-gutter-likely",
                "primary_ip": [
                  {
                    "address": "192.168.1.4",
                    "href": "https://eu-gb.iaas.cloud.ibm.com/v1/subnets/0797-e989825b-f0b0-4a76-8079-136ca58ce6ba/reserved_ips/0797-5d067439-7b61-48e2-9f5e-aaaf4330eaf2",
                    "name": "nutmeg-empower-snitch-purifier",
                    "reserved_ip": "0797-5d067439-7b61-48e2-9f5e-aaaf4330eaf2",
                    "resource_type": "subnet_reserved_ip"
                  }
                ],
                "resource_type": "network_interface"
              }
            ],
            "zone": "eu-gb-2"
          },
          "sensitive_attributes": []
        }
      ]
    },
    {
      "mode": "data",
      "type": "ibm_is_image",
      "name": "image_ubuntu",
      "provider": "provider[\"registry.terraform.io/ibm-cloud/ibm\"]",
      "instances": [
        {
          "schema_version": 0,
          "attributes": {
            "access_tags": [],
            "architecture": "amd64",
            "catalog_offering": [
              {
                "managed": false,
                "version": []
              }
            ],
            "checksum": "e6b114cee941f8611d9ce0b9dff9e3df99f36f5d55a1b1fc34343a399836ee70",
            "created_at": "2024-12-10T14:00:30.000Z",
            "crn": "crn:v1:bluemix:public:is:eu-gb:a/811f8abfbd32425597dc7ba40da98fa6::image:r018-c7f1553f-2b6e-4e54-85c6-e0e8bec8fe51",
            "deprecation_at": null,
            "encryption": "none",
            "encryption_key": null,
            "id": "r018-c7f1553f-2b6e-4e54-85c6-e0e8bec8fe51",
            "identifier": null,
            "name": "ibm-ubuntu-22-04-5-minimal-amd64-1",
            "obsolescence_at": null,
            "operating_system": [
              {
                "allow_user_image_creation": true,
                "architecture": "amd64",
                "dedicated_host_only": false,
                "display_name": "Ubuntu Linux 22.04 LTS Jammy Jellyfish Minimal Install (amd64)",
                "family": "Ubuntu Linux",
                "href": "https://eu-gb.iaas.cloud.ibm.com/v1/operating_systems/ubuntu-22-04-amd64",
                "name": "ubuntu-22-04-amd64",
                "user_data_format": "cloud_init",
                "vendor": "Canonical",
                "version": "22.04 LTS Jammy Jellyfish Minimal Install"
              }
            ],
            "os": "ubuntu-22-04-amd64",
            "resource_group": [
              {
                "href": "https://resource-controller.cloud.ibm.com/v1/resource_groups/5807b5832a8741179b2e06ca2d2b3b96",
                "id": "5807b5832a8741179b2e06ca2d2b3b96",
                "name": "Default"
              }
            ],
            "source_volume": null,
            "status": "available",
            "status_reasons": null,
            "user_data_format": "cloud_init",
            "visibility": "public"
          },
          "sensitive_attributes": []
        }
      ]
    },
    {
      "mode": "managed",
      "type": "null_resource",
      "name": "bash_script",
      "provider": "provider[\"registry.terraform.io/hashicorp/null\"]",
      "instances": [
        {
          "schema_version": 0,
          "attributes": {
            "id": "3914876957099206973",
            "triggers": null
          },
          "sensitive_attributes": [],
          "dependencies": [
            "data.ibm_is_floating_ip.public_ip_master",
            "data.ibm_is_image.image_ubuntu",
            "module.compute.ibm_is_instance.instance",
            "module.network.ibm_is_floating_ip.F_ip",
            "module.network.ibm_is_public_gateway.gateway",
            "module.network.ibm_is_subnet.subnet",
            "module.network.ibm_is_vpc.vpc",
            "module.network.ibm_is_vpc_address_prefix.khaled",
            "module.network.ibm_is_vpc_routing_table.khaled",
            "module.network.ibm_resource_group.resource_group",
            "module.security.ibm_is_security_group.SG",
            "module.security.ibm_is_ssh_key.ssh",
            "null_resource.delay"
          ]
        }
      ]
    },
    {
      "mode": "managed",
      "type": "null_resource",
      "name": "delay",
      "provider": "provider[\"registry.terraform.io/hashicorp/null\"]",
      "instances": [
        {
          "schema_version": 0,
          "attributes": {
            "id": "4136328815641691364",
            "triggers": null
          },
          "sensitive_attributes": [],
          "dependencies": [
            "data.ibm_is_image.image_ubuntu",
            "module.compute.ibm_is_instance.instance",
            "module.network.ibm_is_floating_ip.F_ip",
            "module.network.ibm_is_public_gateway.gateway",
            "module.network.ibm_is_subnet.subnet",
            "module.network.ibm_is_vpc.vpc",
            "module.network.ibm_is_vpc_address_prefix.khaled",
            "module.network.ibm_is_vpc_routing_table.khaled",
            "module.network.ibm_resource_group.resource_group",
            "module.security.ibm_is_security_group.SG",
            "module.security.ibm_is_ssh_key.ssh"
          ]
        }
      ]
    },
    {
      "module": "module.compute",
      "mode": "managed",
      "type": "ibm_is_instance",
      "name": "instance",
      "provider": "module.compute.provider[\"registry.terraform.io/ibm-cloud/ibm\"]",
      "instances": [
        {
          "index_key": "instance-private-1",
          "schema_version": 0,
          "attributes": {
            "access_tags": [],
            "action": null,
            "auto_delete_volume": null,
            "availability_policy_host_failure": "restart",
            "bandwidth": 4000,
            "boot_volume": [
              {
                "auto_delete_volume": true,
                "encryption": "",
                "iops": 3000,
                "name": "decade-antiquity-chamber-purplish",
                "profile": "general-purpose",
                "size": 100,
                "snapshot": "",
                "snapshot_crn": "",
                "tags": [],
                "volume_id": "r018-2b999dde-542f-44bb-8b3b-2dadc1debf00"
              }
            ],
            "catalog_offering": [],
            "cluster_network": [],
            "cluster_network_attachments": [],
            "confidential_compute_mode": "disabled",
            "crn": "crn:v1:bluemix:public:is:eu-gb-2:a/65c005b968304c79af0072316cd66882::instance:0797_99a82d09-4a5b-4bcb-856a-f339789db486",
            "dedicated_host": null,
            "dedicated_host_group": null,
            "default_trusted_profile_auto_link": null,
            "default_trusted_profile_target": null,
            "disks": [],
            "enable_secure_boot": false,
            "force_action": false,
            "force_recovery_time": null,
            "gpu": [],
            "health_reasons": [],
            "health_state": "ok",
            "id": "0797_99a82d09-4a5b-4bcb-856a-f339789db486",
            "image": "r018-c7f1553f-2b6e-4e54-85c6-e0e8bec8fe51",
            "instance_template": null,
            "keys": [
              "r018-25555959-8946-4cd4-a4f6-43c8dc7bef00"
            ],
            "lifecycle_reasons": [],
            "lifecycle_state": "stable",
            "memory": 8,
            "metadata_service": [
              {
                "enabled": false,
                "protocol": "http",
                "response_hop_limit": 1
              }
            ],
            "metadata_service_enabled": false,
            "name": "instance-private-1",
            "network_attachments": [],
            "network_interfaces": [],
            "numa_count": 1,
            "placement_group": null,
            "placement_target": [],
            "primary_network_attachment": [],
            "primary_network_interface": [
              {
                "allow_ip_spoofing": false,
                "id": "0797-5c93ed6e-ab95-4fea-b778-930f5b561ad7",
                "name": "reliant-jot-aorta-smartness",
                "port_speed": 3000,
                "primary_ip": [
                  {
                    "address": "192.168.2.4",
                    "auto_delete": true,
                    "href": "https://eu-gb.iaas.cloud.ibm.com/v1/subnets/0797-a7f1b3dc-bf63-4322-bf16-63288dc60679/reserved_ips/0797-4a38b11f-b1dc-4237-96bb-3fdfc51f207e",
                    "name": "partridge-twentieth-requisite-staple",
                    "reserved_ip": "0797-4a38b11f-b1dc-4237-96bb-3fdfc51f207e",
                    "resource_type": "subnet_reserved_ip"
                  }
                ],
                "primary_ipv4_address": "192.168.2.4",
                "security_groups": [
                  "r018-16235b2c-6235-40a9-a4e9-73dd4147f7ff"
                ],
                "subnet": "0797-a7f1b3dc-bf63-4322-bf16-63288dc60679"
              }
            ],
            "profile": "bx2-2x8",
            "reservation": [],
            "reservation_affinity": [
              {
                "policy": "automatic",
                "pool": []
              }
            ],
            "resource_controller_url": "https://cloud.ibm.com/vpc-ext/compute/vs",
            "resource_crn": "crn:v1:bluemix:public:is:eu-gb-2:a/65c005b968304c79af0072316cd66882::instance:0797_99a82d09-4a5b-4bcb-856a-f339789db486",
            "resource_group": "7d88cbda00804bba9c07d952abf41173",
            "resource_group_name": "khaled-eldsoky",
            "resource_name": "instance-private-1",
            "resource_status": "running",
            "status": "running",
            "status_reasons": [],
            "tags": [
              "Name:instance_instance-private-1"
            ],
            "timeouts": null,
            "total_network_bandwidth": 3000,
            "total_volume_bandwidth": 1000,
            "user_data": null,
            "vcpu": [
              {
                "architecture": "amd64",
                "count": 2,
                "manufacturer": "intel"
              }
            ],
            "volume_attachments": [
              {
                "id": "0797-643b9e0d-bcc8-4e80-884b-d8a45ae5fa76",
                "name": "dreaming-preformed-rimmed-exception",
                "volume_crn": "crn:v1:bluemix:public:is:eu-gb-2:a/65c005b968304c79af0072316cd66882::volume:r018-2b999dde-542f-44bb-8b3b-2dadc1debf00",
                "volume_id": "r018-2b999dde-542f-44bb-8b3b-2dadc1debf00",
                "volume_name": "decade-antiquity-chamber-purplish"
              }
            ],
            "volume_prototypes": [],
            "volumes": null,
            "vpc": "r018-0492464c-d7d9-4d84-ae4d-52e75f93b397",
            "wait_before_delete": true,
            "zone": "eu-gb-2"
          },
          "sensitive_attributes": [],
          "private": "eyJlMmJmYjczMC1lY2FhLTExZTYtOGY4OC0zNDM2M2JjN2M0YzAiOnsiY3JlYXRlIjoxODAwMDAwMDAwMDAwLCJkZWxldGUiOjE4MDAwMDAwMDAwMDAsInVwZGF0ZSI6MTgwMDAwMDAwMDAwMH19",
          "dependencies": [
            "data.ibm_is_image.image_ubuntu",
            "module.network.ibm_is_public_gateway.gateway",
            "module.network.ibm_is_subnet.subnet",
            "module.network.ibm_is_vpc.vpc",
            "module.network.ibm_is_vpc_address_prefix.khaled",
            "module.network.ibm_is_vpc_routing_table.khaled",
            "module.network.ibm_resource_group.resource_group",
            "module.security.ibm_is_security_group.SG",
            "module.security.ibm_is_ssh_key.ssh"
          ]
        },
        {
          "index_key": "instance-private-2",
          "schema_version": 0,
          "attributes": {
            "access_tags": [],
            "action": null,
            "auto_delete_volume": null,
            "availability_policy_host_failure": "restart",
            "bandwidth": 4000,
            "boot_volume": [
              {
                "auto_delete_volume": true,
                "encryption": "",
                "iops": 3000,
                "name": "dreaming-phoenix-tanned-braid",
                "profile": "general-purpose",
                "size": 100,
                "snapshot": "",
                "snapshot_crn": "",
                "tags": [],
                "volume_id": "r018-2b3ecf3f-cadc-4fbb-883c-e265bc3f41e8"
              }
            ],
            "catalog_offering": [],
            "cluster_network": [],
            "cluster_network_attachments": [],
            "confidential_compute_mode": "disabled",
            "crn": "crn:v1:bluemix:public:is:eu-gb-3:a/65c005b968304c79af0072316cd66882::instance:07a7_d950cc13-13f7-4057-8488-dca7718aca3d",
            "dedicated_host": null,
            "dedicated_host_group": null,
            "default_trusted_profile_auto_link": null,
            "default_trusted_profile_target": null,
            "disks": [],
            "enable_secure_boot": false,
            "force_action": false,
            "force_recovery_time": null,
            "gpu": [],
            "health_reasons": [],
            "health_state": "ok",
            "id": "07a7_d950cc13-13f7-4057-8488-dca7718aca3d",
            "image": "r018-c7f1553f-2b6e-4e54-85c6-e0e8bec8fe51",
            "instance_template": null,
            "keys": [
              "r018-25555959-8946-4cd4-a4f6-43c8dc7bef00"
            ],
            "lifecycle_reasons": [],
            "lifecycle_state": "stable",
            "memory": 8,
            "metadata_service": [
              {
                "enabled": false,
                "protocol": "http",
                "response_hop_limit": 1
              }
            ],
            "metadata_service_enabled": false,
            "name": "instance-private-2",
            "network_attachments": [],
            "network_interfaces": [],
            "numa_count": 1,
            "placement_group": null,
            "placement_target": [],
            "primary_network_attachment": [],
            "primary_network_interface": [
              {
                "allow_ip_spoofing": false,
                "id": "07a7-f267ac65-756d-4c41-bd35-8f472eae7ebb",
                "name": "footing-unhappily-scary-cabbie",
                "port_speed": 3000,
                "primary_ip": [
                  {
                    "address": "192.168.3.4",
                    "auto_delete": true,
                    "href": "https://eu-gb.iaas.cloud.ibm.com/v1/subnets/07a7-aaf09be7-d6d9-479f-b861-30d990325221/reserved_ips/07a7-57fbf256-7031-4cee-a3a4-1313d378c221",
                    "name": "dynamic-persecute-smashup-moment",
                    "reserved_ip": "07a7-57fbf256-7031-4cee-a3a4-1313d378c221",
                    "resource_type": "subnet_reserved_ip"
                  }
                ],
                "primary_ipv4_address": "192.168.3.4",
                "security_groups": [
                  "r018-16235b2c-6235-40a9-a4e9-73dd4147f7ff"
                ],
                "subnet": "07a7-aaf09be7-d6d9-479f-b861-30d990325221"
              }
            ],
            "profile": "bx2-2x8",
            "reservation": [],
            "reservation_affinity": [
              {
                "policy": "automatic",
                "pool": []
              }
            ],
            "resource_controller_url": "https://cloud.ibm.com/vpc-ext/compute/vs",
            "resource_crn": "crn:v1:bluemix:public:is:eu-gb-3:a/65c005b968304c79af0072316cd66882::instance:07a7_d950cc13-13f7-4057-8488-dca7718aca3d",
            "resource_group": "7d88cbda00804bba9c07d952abf41173",
            "resource_group_name": "khaled-eldsoky",
            "resource_name": "instance-private-2",
            "resource_status": "running",
            "status": "running",
            "status_reasons": [],
            "tags": [
              "Name:instance_instance-private-2"
            ],
            "timeouts": null,
            "total_network_bandwidth": 3000,
            "total_volume_bandwidth": 1000,
            "user_data": null,
            "vcpu": [
              {
                "architecture": "amd64",
                "count": 2,
                "manufacturer": "intel"
              }
            ],
            "volume_attachments": [
              {
                "id": "07a7-b60be566-72c1-47d8-a98d-fabefeb4f9af",
                "name": "storage-upbraid-outlying-prejudge",
                "volume_crn": "crn:v1:bluemix:public:is:eu-gb-3:a/65c005b968304c79af0072316cd66882::volume:r018-2b3ecf3f-cadc-4fbb-883c-e265bc3f41e8",
                "volume_id": "r018-2b3ecf3f-cadc-4fbb-883c-e265bc3f41e8",
                "volume_name": "dreaming-phoenix-tanned-braid"
              }
            ],
            "volume_prototypes": [],
            "volumes": null,
            "vpc": "r018-0492464c-d7d9-4d84-ae4d-52e75f93b397",
            "wait_before_delete": true,
            "zone": "eu-gb-3"
          },
          "sensitive_attributes": [],
          "private": "eyJlMmJmYjczMC1lY2FhLTExZTYtOGY4OC0zNDM2M2JjN2M0YzAiOnsiY3JlYXRlIjoxODAwMDAwMDAwMDAwLCJkZWxldGUiOjE4MDAwMDAwMDAwMDAsInVwZGF0ZSI6MTgwMDAwMDAwMDAwMH19",
          "dependencies": [
            "data.ibm_is_image.image_ubuntu",
            "module.network.ibm_is_public_gateway.gateway",
            "module.network.ibm_is_subnet.subnet",
            "module.network.ibm_is_vpc.vpc",
            "module.network.ibm_is_vpc_address_prefix.khaled",
            "module.network.ibm_is_vpc_routing_table.khaled",
            "module.network.ibm_resource_group.resource_group",
            "module.security.ibm_is_security_group.SG",
            "module.security.ibm_is_ssh_key.ssh"
          ]
        },
        {
          "index_key": "instance-public",
          "schema_version": 0,
          "attributes": {
            "access_tags": [],
            "action": null,
            "auto_delete_volume": null,
            "availability_policy_host_failure": "restart",
            "bandwidth": 4000,
            "boot_volume": [
              {
                "auto_delete_volume": true,
                "encryption": "",
                "iops": 3000,
                "name": "barracuda-unifier-itinerary-presoak",
                "profile": "general-purpose",
                "size": 100,
                "snapshot": "",
                "snapshot_crn": "",
                "tags": [],
                "volume_id": "r018-403a60d4-c48f-478e-aadc-cae764cb2089"
              }
            ],
            "catalog_offering": [],
            "cluster_network": [],
            "cluster_network_attachments": [],
            "confidential_compute_mode": "disabled",
            "crn": "crn:v1:bluemix:public:is:eu-gb-2:a/65c005b968304c79af0072316cd66882::instance:0797_4eb07c38-ffcc-4388-943c-f8bea8cbb516",
            "dedicated_host": null,
            "dedicated_host_group": null,
            "default_trusted_profile_auto_link": null,
            "default_trusted_profile_target": null,
            "disks": [],
            "enable_secure_boot": false,
            "force_action": false,
            "force_recovery_time": null,
            "gpu": [],
            "health_reasons": [],
            "health_state": "ok",
            "id": "0797_4eb07c38-ffcc-4388-943c-f8bea8cbb516",
            "image": "r018-c7f1553f-2b6e-4e54-85c6-e0e8bec8fe51",
            "instance_template": null,
            "keys": [
              "r018-42989c6e-6547-4633-b348-ac5e66914084"
            ],
            "lifecycle_reasons": [],
            "lifecycle_state": "stable",
            "memory": 8,
            "metadata_service": [
              {
                "enabled": false,
                "protocol": "http",
                "response_hop_limit": 1
              }
            ],
            "metadata_service_enabled": false,
            "name": "instance-public",
            "network_attachments": [],
            "network_interfaces": [],
            "numa_count": 1,
            "placement_group": null,
            "placement_target": [],
            "primary_network_attachment": [],
            "primary_network_interface": [
              {
                "allow_ip_spoofing": false,
                "id": "0797-b0d01600-3d17-49e3-b11b-c80146adf763",
                "name": "clone-postal-gutter-likely",
                "port_speed": 3000,
                "primary_ip": [
                  {
                    "address": "192.168.1.4",
                    "auto_delete": true,
                    "href": "https://eu-gb.iaas.cloud.ibm.com/v1/subnets/0797-e989825b-f0b0-4a76-8079-136ca58ce6ba/reserved_ips/0797-5d067439-7b61-48e2-9f5e-aaaf4330eaf2",
                    "name": "nutmeg-empower-snitch-purifier",
                    "reserved_ip": "0797-5d067439-7b61-48e2-9f5e-aaaf4330eaf2",
                    "resource_type": "subnet_reserved_ip"
                  }
                ],
                "primary_ipv4_address": "192.168.1.4",
                "security_groups": [
                  "r018-416e592e-9d96-4d98-af08-27fd634e8139"
                ],
                "subnet": "0797-e989825b-f0b0-4a76-8079-136ca58ce6ba"
              }
            ],
            "profile": "bx2-2x8",
            "reservation": [],
            "reservation_affinity": [
              {
                "policy": "automatic",
                "pool": []
              }
            ],
            "resource_controller_url": "https://cloud.ibm.com/vpc-ext/compute/vs",
            "resource_crn": "crn:v1:bluemix:public:is:eu-gb-2:a/65c005b968304c79af0072316cd66882::instance:0797_4eb07c38-ffcc-4388-943c-f8bea8cbb516",
            "resource_group": "7d88cbda00804bba9c07d952abf41173",
            "resource_group_name": "khaled-eldsoky",
            "resource_name": "instance-public",
            "resource_status": "running",
            "status": "running",
            "status_reasons": [],
            "tags": [
              "Name:instance_instance-public"
            ],
            "timeouts": null,
            "total_network_bandwidth": 3000,
            "total_volume_bandwidth": 1000,
            "user_data": null,
            "vcpu": [
              {
                "architecture": "amd64",
                "count": 2,
                "manufacturer": "intel"
              }
            ],
            "volume_attachments": [
              {
                "id": "0797-e01e6dd7-9152-4c71-93cb-4b90606b8402",
                "name": "unlined-borrowing-kilogram-tyke",
                "volume_crn": "crn:v1:bluemix:public:is:eu-gb-2:a/65c005b968304c79af0072316cd66882::volume:r018-403a60d4-c48f-478e-aadc-cae764cb2089",
                "volume_id": "r018-403a60d4-c48f-478e-aadc-cae764cb2089",
                "volume_name": "barracuda-unifier-itinerary-presoak"
              }
            ],
            "volume_prototypes": [],
            "volumes": null,
            "vpc": "r018-0492464c-d7d9-4d84-ae4d-52e75f93b397",
            "wait_before_delete": true,
            "zone": "eu-gb-2"
          },
          "sensitive_attributes": [],
          "private": "eyJlMmJmYjczMC1lY2FhLTExZTYtOGY4OC0zNDM2M2JjN2M0YzAiOnsiY3JlYXRlIjoxODAwMDAwMDAwMDAwLCJkZWxldGUiOjE4MDAwMDAwMDAwMDAsInVwZGF0ZSI6MTgwMDAwMDAwMDAwMH19",
          "dependencies": [
            "data.ibm_is_image.image_ubuntu",
            "module.network.ibm_is_public_gateway.gateway",
            "module.network.ibm_is_subnet.subnet",
            "module.network.ibm_is_vpc.vpc",
            "module.network.ibm_is_vpc_address_prefix.khaled",
            "module.network.ibm_is_vpc_routing_table.khaled",
            "module.network.ibm_resource_group.resource_group",
            "module.security.ibm_is_security_group.SG",
            "module.security.ibm_is_ssh_key.ssh"
          ]
        }
      ]
    },
    {
      "module": "module.network",
      "mode": "managed",
      "type": "ibm_is_floating_ip",
      "name": "F_ip",
      "provider": "module.network.provider[\"registry.terraform.io/ibm-cloud/ibm\"]",
      "instances": [
        {
          "index_key": "public-instance-1",
          "schema_version": 0,
          "attributes": {
            "access_tags": [],
            "address": "141.125.108.144",
            "crn": "crn:v1:bluemix:public:is:eu-gb-2:a/65c005b968304c79af0072316cd66882::floating-ip:r018-4bb4eb3f-dbff-4c13-8c5b-8c4f99efca97",
            "id": "r018-4bb4eb3f-dbff-4c13-8c5b-8c4f99efca97",
            "name": "public-instance-1",
            "resource_controller_url": "https://cloud.ibm.com/vpc-ext/network/floatingIPs",
            "resource_crn": "crn:v1:bluemix:public:is:eu-gb-2:a/65c005b968304c79af0072316cd66882::floating-ip:r018-4bb4eb3f-dbff-4c13-8c5b-8c4f99efca97",
            "resource_group": "f85c67de9d944c59afb9709a10a7a25b",
            "resource_group_name": "Default",
            "resource_name": "public-instance-1",
            "resource_status": "available",
            "status": "available",
            "tags": [
              "Name:F_ip_public-instance-1"
            ],
            "target": "0797-b0d01600-3d17-49e3-b11b-c80146adf763",
            "target_list": [
              {
                "crn": "",
                "deleted": [],
                "href": "https://eu-gb.iaas.cloud.ibm.com/v1/instances/0797_4eb07c38-ffcc-4388-943c-f8bea8cbb516/network_interfaces/0797-b0d01600-3d17-49e3-b11b-c80146adf763",
                "id": "0797-b0d01600-3d17-49e3-b11b-c80146adf763",
                "name": "clone-postal-gutter-likely",
                "primary_ip": [
                  {
                    "address": "192.168.1.4",
                    "href": "https://eu-gb.iaas.cloud.ibm.com/v1/subnets/0797-e989825b-f0b0-4a76-8079-136ca58ce6ba/reserved_ips/0797-5d067439-7b61-48e2-9f5e-aaaf4330eaf2",
                    "name": "nutmeg-empower-snitch-purifier",
                    "reserved_ip": "0797-5d067439-7b61-48e2-9f5e-aaaf4330eaf2",
                    "resource_type": "subnet_reserved_ip"
                  }
                ],
                "resource_type": "network_interface"
              }
            ],
            "timeouts": null,
            "zone": "eu-gb-2"
          },
          "sensitive_attributes": [],
          "private": "eyJlMmJmYjczMC1lY2FhLTExZTYtOGY4OC0zNDM2M2JjN2M0YzAiOnsiY3JlYXRlIjo2MDAwMDAwMDAwMDAsImRlbGV0ZSI6NjAwMDAwMDAwMDAwfX0=",
          "dependencies": [
            "data.ibm_is_image.image_ubuntu",
            "module.compute.ibm_is_instance.instance",
            "module.network.ibm_is_public_gateway.gateway",
            "module.network.ibm_is_subnet.subnet",
            "module.network.ibm_is_vpc.vpc",
            "module.network.ibm_is_vpc_address_prefix.khaled",
            "module.network.ibm_is_vpc_routing_table.khaled",
            "module.network.ibm_resource_group.resource_group",
            "module.security.ibm_is_security_group.SG",
            "module.security.ibm_is_ssh_key.ssh"
          ]
        }
      ]
    },
    {
      "module": "module.network",
      "mode": "managed",
      "type": "ibm_is_public_gateway",
      "name": "gateway",
      "provider": "module.network.provider[\"registry.terraform.io/ibm-cloud/ibm\"]",
      "instances": [
        {
          "index_key": "gw-1",
          "schema_version": 0,
          "attributes": {
            "access_tags": [],
            "crn": "crn:v1:bluemix:public:is:eu-gb-2:a/65c005b968304c79af0072316cd66882::public-gateway:r018-10378414-5797-4d9b-8923-5410002a421e",
            "floating_ip": {
              "address": "141.125.157.43",
              "id": "r018-c2a1c56e-9bb2-4109-b1ed-c42e94504c54"
            },
            "id": "r018-10378414-5797-4d9b-8923-5410002a421e",
            "name": "gw-1",
            "resource_controller_url": "https://cloud.ibm.com/vpc-ext/network/publicGateways",
            "resource_crn": "crn:v1:bluemix:public:is:eu-gb-2:a/65c005b968304c79af0072316cd66882::public-gateway:r018-10378414-5797-4d9b-8923-5410002a421e",
            "resource_group": "f85c67de9d944c59afb9709a10a7a25b",
            "resource_group_name": "Default",
            "resource_name": "gw-1",
            "resource_status": "available",
            "status": "available",
            "tags": [],
            "timeouts": null,
            "vpc": "r018-0492464c-d7d9-4d84-ae4d-52e75f93b397",
            "zone": "eu-gb-2"
          },
          "sensitive_attributes": [],
          "private": "eyJlMmJmYjczMC1lY2FhLTExZTYtOGY4OC0zNDM2M2JjN2M0YzAiOnsiY3JlYXRlIjo2MDAwMDAwMDAwMDAsImRlbGV0ZSI6NjAwMDAwMDAwMDAwfX0=",
          "dependencies": [
            "module.network.ibm_is_vpc.vpc",
            "module.network.ibm_resource_group.resource_group"
          ]
        },
        {
          "index_key": "gw-2",
          "schema_version": 0,
          "attributes": {
            "access_tags": [],
            "crn": "crn:v1:bluemix:public:is:eu-gb-3:a/65c005b968304c79af0072316cd66882::public-gateway:r018-10af006a-1ed4-4cd6-b0bd-19386e75b9dd",
            "floating_ip": {
              "address": "158.176.181.241",
              "id": "r018-b1a9a476-79a5-4c23-9937-0ff85526d85f"
            },
            "id": "r018-10af006a-1ed4-4cd6-b0bd-19386e75b9dd",
            "name": "gw-2",
            "resource_controller_url": "https://cloud.ibm.com/vpc-ext/network/publicGateways",
            "resource_crn": "crn:v1:bluemix:public:is:eu-gb-3:a/65c005b968304c79af0072316cd66882::public-gateway:r018-10af006a-1ed4-4cd6-b0bd-19386e75b9dd",
            "resource_group": "f85c67de9d944c59afb9709a10a7a25b",
            "resource_group_name": "Default",
            "resource_name": "gw-2",
            "resource_status": "available",
            "status": "available",
            "tags": [],
            "timeouts": null,
            "vpc": "r018-0492464c-d7d9-4d84-ae4d-52e75f93b397",
            "zone": "eu-gb-3"
          },
          "sensitive_attributes": [],
          "private": "eyJlMmJmYjczMC1lY2FhLTExZTYtOGY4OC0zNDM2M2JjN2M0YzAiOnsiY3JlYXRlIjo2MDAwMDAwMDAwMDAsImRlbGV0ZSI6NjAwMDAwMDAwMDAwfX0=",
          "dependencies": [
            "module.network.ibm_is_vpc.vpc",
            "module.network.ibm_resource_group.resource_group"
          ]
        }
      ]
    },
    {
      "module": "module.network",
      "mode": "managed",
      "type": "ibm_is_subnet",
      "name": "subnet",
      "provider": "module.network.provider[\"registry.terraform.io/ibm-cloud/ibm\"]",
      "instances": [
        {
          "index_key": "private-subnet-1",
          "schema_version": 0,
          "attributes": {
            "access_tags": [],
            "available_ipv4_address_count": 251,
            "crn": "crn:v1:bluemix:public:is:eu-gb-2:a/65c005b968304c79af0072316cd66882::subnet:0797-a7f1b3dc-bf63-4322-bf16-63288dc60679",
            "id": "0797-a7f1b3dc-bf63-4322-bf16-63288dc60679",
            "ip_version": "ipv4",
            "ipv4_cidr_block": "192.168.2.0/24",
            "name": "private-subnet-1",
            "network_acl": "r018-d3b3eceb-6c43-4652-a85d-c3d222e9e41e",
            "public_gateway": "r018-10378414-5797-4d9b-8923-5410002a421e",
            "resource_controller_url": "https://cloud.ibm.com/vpc-ext/network/subnets",
            "resource_crn": "crn:v1:bluemix:public:is:eu-gb-2:a/65c005b968304c79af0072316cd66882::subnet:0797-a7f1b3dc-bf63-4322-bf16-63288dc60679",
            "resource_group": "f85c67de9d944c59afb9709a10a7a25b",
            "resource_group_name": "Default",
            "resource_name": "private-subnet-1",
            "resource_status": "available",
            "routing_table": "r018-6361eab6-3c10-4cff-b746-387ba97e84c4",
            "routing_table_crn": "crn:v1:bluemix:public:is:eu-gb:a/65c005b968304c79af0072316cd66882::vpc-routing-table:r018-0492464c-d7d9-4d84-ae4d-52e75f93b397/r018-6361eab6-3c10-4cff-b746-387ba97e84c4",
            "status": "available",
            "tags": [
              "name:subnet_private-subnet-1"
            ],
            "timeouts": null,
            "total_ipv4_address_count": 256,
            "vpc": "r018-0492464c-d7d9-4d84-ae4d-52e75f93b397",
            "zone": "eu-gb-2"
          },
          "sensitive_attributes": [],
          "private": "eyJlMmJmYjczMC1lY2FhLTExZTYtOGY4OC0zNDM2M2JjN2M0YzAiOnsiY3JlYXRlIjo2MDAwMDAwMDAwMDAsImRlbGV0ZSI6NjAwMDAwMDAwMDAwLCJ1cGRhdGUiOjYwMDAwMDAwMDAwMH19",
          "dependencies": [
            "module.network.ibm_is_public_gateway.gateway",
            "module.network.ibm_is_vpc.vpc",
            "module.network.ibm_is_vpc_address_prefix.khaled",
            "module.network.ibm_is_vpc_routing_table.khaled",
            "module.network.ibm_resource_group.resource_group"
          ]
        },
        {
          "index_key": "private-subnet-2",
          "schema_version": 0,
          "attributes": {
            "access_tags": [],
            "available_ipv4_address_count": 251,
            "crn": "crn:v1:bluemix:public:is:eu-gb-3:a/65c005b968304c79af0072316cd66882::subnet:07a7-aaf09be7-d6d9-479f-b861-30d990325221",
            "id": "07a7-aaf09be7-d6d9-479f-b861-30d990325221",
            "ip_version": "ipv4",
            "ipv4_cidr_block": "192.168.3.0/24",
            "name": "private-subnet-2",
            "network_acl": "r018-d3b3eceb-6c43-4652-a85d-c3d222e9e41e",
            "public_gateway": "r018-10af006a-1ed4-4cd6-b0bd-19386e75b9dd",
            "resource_controller_url": "https://cloud.ibm.com/vpc-ext/network/subnets",
            "resource_crn": "crn:v1:bluemix:public:is:eu-gb-3:a/65c005b968304c79af0072316cd66882::subnet:07a7-aaf09be7-d6d9-479f-b861-30d990325221",
            "resource_group": "f85c67de9d944c59afb9709a10a7a25b",
            "resource_group_name": "Default",
            "resource_name": "private-subnet-2",
            "resource_status": "available",
            "routing_table": "r018-6361eab6-3c10-4cff-b746-387ba97e84c4",
            "routing_table_crn": "crn:v1:bluemix:public:is:eu-gb:a/65c005b968304c79af0072316cd66882::vpc-routing-table:r018-0492464c-d7d9-4d84-ae4d-52e75f93b397/r018-6361eab6-3c10-4cff-b746-387ba97e84c4",
            "status": "available",
            "tags": [
              "Name:subnet_private-subnet-2"
            ],
            "timeouts": null,
            "total_ipv4_address_count": 256,
            "vpc": "r018-0492464c-d7d9-4d84-ae4d-52e75f93b397",
            "zone": "eu-gb-3"
          },
          "sensitive_attributes": [],
          "private": "eyJlMmJmYjczMC1lY2FhLTExZTYtOGY4OC0zNDM2M2JjN2M0YzAiOnsiY3JlYXRlIjo2MDAwMDAwMDAwMDAsImRlbGV0ZSI6NjAwMDAwMDAwMDAwLCJ1cGRhdGUiOjYwMDAwMDAwMDAwMH19",
          "dependencies": [
            "module.network.ibm_is_public_gateway.gateway",
            "module.network.ibm_is_vpc.vpc",
            "module.network.ibm_is_vpc_address_prefix.khaled",
            "module.network.ibm_is_vpc_routing_table.khaled",
            "module.network.ibm_resource_group.resource_group"
          ]
        },
        {
          "index_key": "public-subnet-1",
          "schema_version": 0,
          "attributes": {
            "access_tags": [],
            "available_ipv4_address_count": 251,
            "crn": "crn:v1:bluemix:public:is:eu-gb-2:a/65c005b968304c79af0072316cd66882::subnet:0797-e989825b-f0b0-4a76-8079-136ca58ce6ba",
            "id": "0797-e989825b-f0b0-4a76-8079-136ca58ce6ba",
            "ip_version": "ipv4",
            "ipv4_cidr_block": "192.168.1.0/24",
            "name": "public-subnet-1",
            "network_acl": "r018-d3b3eceb-6c43-4652-a85d-c3d222e9e41e",
            "public_gateway": "",
            "resource_controller_url": "https://cloud.ibm.com/vpc-ext/network/subnets",
            "resource_crn": "crn:v1:bluemix:public:is:eu-gb-2:a/65c005b968304c79af0072316cd66882::subnet:0797-e989825b-f0b0-4a76-8079-136ca58ce6ba",
            "resource_group": "f85c67de9d944c59afb9709a10a7a25b",
            "resource_group_name": "Default",
            "resource_name": "public-subnet-1",
            "resource_status": "available",
            "routing_table": "r018-6361eab6-3c10-4cff-b746-387ba97e84c4",
            "routing_table_crn": "crn:v1:bluemix:public:is:eu-gb:a/65c005b968304c79af0072316cd66882::vpc-routing-table:r018-0492464c-d7d9-4d84-ae4d-52e75f93b397/r018-6361eab6-3c10-4cff-b746-387ba97e84c4",
            "status": "available",
            "tags": [
              "name:subnet_public-subnet-1"
            ],
            "timeouts": null,
            "total_ipv4_address_count": 256,
            "vpc": "r018-0492464c-d7d9-4d84-ae4d-52e75f93b397",
            "zone": "eu-gb-2"
          },
          "sensitive_attributes": [],
          "private": "eyJlMmJmYjczMC1lY2FhLTExZTYtOGY4OC0zNDM2M2JjN2M0YzAiOnsiY3JlYXRlIjo2MDAwMDAwMDAwMDAsImRlbGV0ZSI6NjAwMDAwMDAwMDAwLCJ1cGRhdGUiOjYwMDAwMDAwMDAwMH19",
          "dependencies": [
            "module.network.ibm_is_public_gateway.gateway",
            "module.network.ibm_is_vpc.vpc",
            "module.network.ibm_is_vpc_address_prefix.khaled",
            "module.network.ibm_is_vpc_routing_table.khaled",
            "module.network.ibm_resource_group.resource_group"
          ]
        }
      ]
    },
    {
      "module": "module.network",
      "mode": "managed",
      "type": "ibm_is_vpc",
      "name": "vpc",
      "provider": "module.network.provider[\"registry.terraform.io/ibm-cloud/ibm\"]",
      "instances": [
        {
          "index_key": "vpc-khaled",
          "schema_version": 0,
          "attributes": {
            "access_tags": [],
            "address_prefix_management": "auto",
            "classic_access": false,
            "crn": "crn:v1:bluemix:public:is:eu-gb:a/65c005b968304c79af0072316cd66882::vpc:r018-0492464c-d7d9-4d84-ae4d-52e75f93b397",
            "cse_source_addresses": [
              {
                "address": "10.16.48.155",
                "zone_name": "eu-gb-1"
              },
              {
                "address": "10.223.19.68",
                "zone_name": "eu-gb-2"
              },
              {
                "address": "10.16.69.23",
                "zone_name": "eu-gb-3"
              }
            ],
            "default_network_acl": "r018-d3b3eceb-6c43-4652-a85d-c3d222e9e41e",
            "default_network_acl_crn": "crn:v1:bluemix:public:is:eu-gb:a/65c005b968304c79af0072316cd66882::network-acl:r018-d3b3eceb-6c43-4652-a85d-c3d222e9e41e",
            "default_network_acl_name": "vault-moneybags-effective-sculptor",
            "default_routing_table": "r018-1b30570e-3ec0-4f6a-99fb-682edc3c2371",
            "default_routing_table_crn": "crn:v1:bluemix:public:is:eu-gb:a/65c005b968304c79af0072316cd66882::vpc-routing-table:r018-0492464c-d7d9-4d84-ae4d-52e75f93b397/r018-1b30570e-3ec0-4f6a-99fb-682edc3c2371",
            "default_routing_table_name": "disrupt-pastel-trustee-lemon",
            "default_security_group": "r018-c7bdcaeb-1ad5-4019-ba3b-7c48974e8194",
            "default_security_group_crn": "crn:v1:bluemix:public:is:eu-gb:a/65c005b968304c79af0072316cd66882::security-group:r018-c7bdcaeb-1ad5-4019-ba3b-7c48974e8194",
            "default_security_group_name": "drearily-stamina-deglaze-overfeed",
            "dns": [
              {
                "enable_hub": false,
                "resolution_binding_count": 0,
                "resolver": [
                  {
                    "configuration": "default",
                    "dns_binding_id": "",
                    "dns_binding_name": "",
                    "manual_servers": [],
                    "servers": [
                      {
                        "address": "161.26.0.10",
                        "zone_affinity": ""
                      },
                      {
                        "address": "161.26.0.11",
                        "zone_affinity": ""
                      }
                    ],
                    "type": "system",
                    "vpc_crn": "",
                    "vpc_id": "",
                    "vpc_name": "",
                    "vpc_remote_account_id": "",
                    "vpc_remote_region": ""
                  }
                ]
              }
            ],
            "health_reasons": [],
            "health_state": "ok",
            "id": "r018-0492464c-d7d9-4d84-ae4d-52e75f93b397",
            "name": "vpc-khaled",
            "no_sg_acl_rules": false,
            "resource_controller_url": "https://cloud.ibm.com/vpc-ext/network/vpcs",
            "resource_crn": "crn:v1:bluemix:public:is:eu-gb:a/65c005b968304c79af0072316cd66882::vpc:r018-0492464c-d7d9-4d84-ae4d-52e75f93b397",
            "resource_group": "7d88cbda00804bba9c07d952abf41173",
            "resource_group_name": "khaled-eldsoky",
            "resource_name": "vpc-khaled",
            "resource_status": "available",
            "security_group": [
              {
                "group_id": "r018-16235b2c-6235-40a9-a4e9-73dd4147f7ff",
                "group_name": "node",
                "rules": [
                  {
                    "code": 0,
                    "direction": "inbound",
                    "ip_version": "ipv4",
                    "port_max": 0,
                    "port_min": 0,
                    "protocol": "icmp",
                    "remote": "0.0.0.0/0",
                    "rule_id": "r018-ed5660cf-6add-42ae-9f13-932bc6f2d84a",
                    "type": 0
                  },
                  {
                    "code": 0,
                    "direction": "outbound",
                    "ip_version": "ipv4",
                    "port_max": 6784,
                    "port_min": 6783,
                    "protocol": "udp",
                    "remote": "0.0.0.0/0",
                    "rule_id": "r018-f641eb3a-ba38-4d45-91cd-d6ccfe7bdc13",
                    "type": 0
                  },
                  {
                    "code": 0,
                    "direction": "inbound",
                    "ip_version": "ipv4",
                    "port_max": 6783,
                    "port_min": 6783,
                    "protocol": "udp",
                    "remote": "0.0.0.0/0",
                    "rule_id": "r018-c9a088f1-b183-4233-8145-9f282b1f545a",
                    "type": 0
                  },
                  {
                    "code": 0,
                    "direction": "outbound",
                    "ip_version": "ipv4",
                    "port_max": 6783,
                    "port_min": 6783,
                    "protocol": "udp",
                    "remote": "0.0.0.0/0",
                    "rule_id": "r018-d85328e5-89a2-482c-adb6-cb4d072b265f",
                    "type": 0
                  },
                  {
                    "code": 0,
                    "direction": "outbound",
                    "ip_version": "ipv4",
                    "port_max": 0,
                    "port_min": 0,
                    "protocol": "icmp",
                    "remote": "0.0.0.0/0",
                    "rule_id": "r018-4b072b4a-da67-42f8-8015-46b4f04df59a",
                    "type": 0
                  },
                  {
                    "code": 0,
                    "direction": "outbound",
                    "ip_version": "ipv4",
                    "port_max": 22,
                    "port_min": 22,
                    "protocol": "tcp",
                    "remote": "0.0.0.0/0",
                    "rule_id": "r018-d734450e-1f7a-4327-a10b-7cb505e62bda",
                    "type": 0
                  },
                  {
                    "code": 0,
                    "direction": "inbound",
                    "ip_version": "ipv4",
                    "port_max": 2380,
                    "port_min": 2379,
                    "protocol": "tcp",
                    "remote": "0.0.0.0/0",
                    "rule_id": "r018-886bae57-2107-43d8-8e61-96ff640ea9b6",
                    "type": 0
                  },
                  {
                    "code": 0,
                    "direction": "outbound",
                    "ip_version": "ipv4",
                    "port_max": 53,
                    "port_min": 53,
                    "protocol": "tcp",
                    "remote": "0.0.0.0/0",
                    "rule_id": "r018-dcdc0d67-6d50-4823-b6fb-a57f7a615b18",
                    "type": 0
                  },
                  {
                    "code": 0,
                    "direction": "outbound",
                    "ip_version": "ipv4",
                    "port_max": 443,
                    "port_min": 443,
                    "protocol": "tcp",
                    "remote": "0.0.0.0/0",
                    "rule_id": "r018-ff1a757b-bde7-4b1b-9016-bab6e52a2bc9",
                    "type": 0
                  },
                  {
                    "code": 0,
                    "direction": "outbound",
                    "ip_version": "ipv4",
                    "port_max": 10250,
                    "port_min": 10250,
                    "protocol": "tcp",
                    "remote": "0.0.0.0/0",
                    "rule_id": "r018-0a2f55cf-269b-4d65-9b97-23024c1b83f2",
                    "type": 0
                  },
                  {
                    "code": 0,
                    "direction": "outbound",
                    "ip_version": "ipv4",
                    "port_max": 6443,
                    "port_min": 6443,
                    "protocol": "tcp",
                    "remote": "0.0.0.0/0",
                    "rule_id": "r018-1dbf8a60-7c6f-4215-850f-27e5d54987ca",
                    "type": 0
                  },
                  {
                    "code": 0,
                    "direction": "outbound",
                    "ip_version": "ipv4",
                    "port_max": 10251,
                    "port_min": 10251,
                    "protocol": "tcp",
                    "remote": "0.0.0.0/0",
                    "rule_id": "r018-be336e06-32ae-4962-b155-a30b2048edc8",
                    "type": 0
                  },
                  {
                    "code": 0,
                    "direction": "inbound",
                    "ip_version": "ipv4",
                    "port_max": 10252,
                    "port_min": 10252,
                    "protocol": "tcp",
                    "remote": "0.0.0.0/0",
                    "rule_id": "r018-328fb09e-9734-4f0f-b990-3b05abff0086",
                    "type": 0
                  },
                  {
                    "code": 0,
                    "direction": "outbound",
                    "ip_version": "ipv4",
                    "port_max": 6783,
                    "port_min": 6783,
                    "protocol": "tcp",
                    "remote": "0.0.0.0/0",
                    "rule_id": "r018-d4134ae5-a247-4837-9711-498b266b8308",
                    "type": 0
                  },
                  {
                    "code": 0,
                    "direction": "inbound",
                    "ip_version": "ipv4",
                    "port_max": 22,
                    "port_min": 22,
                    "protocol": "tcp",
                    "remote": "0.0.0.0/0",
                    "rule_id": "r018-7b4dee54-74e5-4538-a9ad-db22a17db3b2",
                    "type": 0
                  },
                  {
                    "code": 0,
                    "direction": "inbound",
                    "ip_version": "ipv4",
                    "port_max": 6783,
                    "port_min": 6783,
                    "protocol": "tcp",
                    "remote": "0.0.0.0/0",
                    "rule_id": "r018-bca34a09-721b-4c22-8e2f-15ce131f8bd9",
                    "type": 0
                  },
                  {
                    "code": 0,
                    "direction": "inbound",
                    "ip_version": "ipv4",
                    "port_max": 10250,
                    "port_min": 10250,
                    "protocol": "tcp",
                    "remote": "0.0.0.0/0",
                    "rule_id": "r018-0dc1d7c0-3439-489d-bc6c-ac8a462ae3e2",
                    "type": 0
                  },
                  {
                    "code": 0,
                    "direction": "outbound",
                    "ip_version": "ipv4",
                    "port_max": 10252,
                    "port_min": 10252,
                    "protocol": "tcp",
                    "remote": "0.0.0.0/0",
                    "rule_id": "r018-5c0829f9-6d45-40f4-af9d-7979003bd2ab",
                    "type": 0
                  },
                  {
                    "code": 0,
                    "direction": "outbound",
                    "ip_version": "ipv4",
                    "port_max": 80,
                    "port_min": 80,
                    "protocol": "tcp",
                    "remote": "0.0.0.0/0",
                    "rule_id": "r018-6587d3aa-04f9-4d74-b0fe-91edc52f6946",
                    "type": 0
                  },
                  {
                    "code": 0,
                    "direction": "inbound",
                    "ip_version": "ipv4",
                    "port_max": 6443,
                    "port_min": 6443,
                    "protocol": "tcp",
                    "remote": "0.0.0.0/0",
                    "rule_id": "r018-ccce396c-5d13-4431-b860-e358bf68c83b",
                    "type": 0
                  },
                  {
                    "code": 0,
                    "direction": "inbound",
                    "ip_version": "ipv4",
                    "port_max": 10251,
                    "port_min": 10251,
                    "protocol": "tcp",
                    "remote": "0.0.0.0/0",
                    "rule_id": "r018-e5cd4819-1fdf-4058-897d-ae1ad741c0c6",
                    "type": 0
                  },
                  {
                    "code": 0,
                    "direction": "inbound",
                    "ip_version": "ipv4",
                    "port_max": 53,
                    "port_min": 53,
                    "protocol": "tcp",
                    "remote": "0.0.0.0/0",
                    "rule_id": "r018-2c468b97-d94a-4568-b1bc-7bf9e2e429fb",
                    "type": 0
                  },
                  {
                    "code": 0,
                    "direction": "inbound",
                    "ip_version": "ipv4",
                    "port_max": 443,
                    "port_min": 443,
                    "protocol": "tcp",
                    "remote": "0.0.0.0/0",
                    "rule_id": "r018-a5da93bc-4906-4668-9720-48277b26c711",
                    "type": 0
                  },
                  {
                    "code": 0,
                    "direction": "inbound",
                    "ip_version": "ipv4",
                    "port_max": 80,
                    "port_min": 80,
                    "protocol": "tcp",
                    "remote": "0.0.0.0/0",
                    "rule_id": "r018-2bd0a179-f114-4adb-93e6-cba259c23074",
                    "type": 0
                  }
                ]
              },
              {
                "group_id": "r018-416e592e-9d96-4d98-af08-27fd634e8139",
                "group_name": "master",
                "rules": [
                  {
                    "code": 0,
                    "direction": "inbound",
                    "ip_version": "ipv4",
                    "port_max": 6783,
                    "port_min": 6783,
                    "protocol": "udp",
                    "remote": "0.0.0.0/0",
                    "rule_id": "r018-a93ebca4-22e0-4d7a-995f-bb1b57322165",
                    "type": 0
                  },
                  {
                    "code": 0,
                    "direction": "outbound",
                    "ip_version": "ipv4",
                    "port_max": 6784,
                    "port_min": 6783,
                    "protocol": "udp",
                    "remote": "0.0.0.0/0",
                    "rule_id": "r018-63abafab-e839-42e1-9178-8af4e8c01366",
                    "type": 0
                  },
                  {
                    "code": 0,
                    "direction": "outbound",
                    "ip_version": "ipv4",
                    "port_max": 0,
                    "port_min": 0,
                    "protocol": "icmp",
                    "remote": "0.0.0.0/0",
                    "rule_id": "r018-a34d39d5-b6bd-4c5b-93e7-5a4c393e8d58",
                    "type": 0
                  },
                  {
                    "code": 0,
                    "direction": "inbound",
                    "ip_version": "ipv4",
                    "port_max": 0,
                    "port_min": 0,
                    "protocol": "icmp",
                    "remote": "0.0.0.0/0",
                    "rule_id": "r018-46efd26f-704b-4ae4-8b5f-9e9836ccbf59",
                    "type": 0
                  },
                  {
                    "code": 0,
                    "direction": "outbound",
                    "ip_version": "ipv4",
                    "port_max": 6783,
                    "port_min": 6783,
                    "protocol": "udp",
                    "remote": "0.0.0.0/0",
                    "rule_id": "r018-20b8a313-82f8-4aad-a69f-ea91ed104137",
                    "type": 0
                  },
                  {
                    "code": 0,
                    "direction": "inbound",
                    "ip_version": "ipv4",
                    "port_max": 10252,
                    "port_min": 10252,
                    "protocol": "tcp",
                    "remote": "0.0.0.0/0",
                    "rule_id": "r018-14d8a891-64e6-4b5a-86e9-5814fb9118f4",
                    "type": 0
                  },
                  {
                    "code": 0,
                    "direction": "inbound",
                    "ip_version": "ipv4",
                    "port_max": 10251,
                    "port_min": 10251,
                    "protocol": "tcp",
                    "remote": "0.0.0.0/0",
                    "rule_id": "r018-ed657617-83a0-4835-aac9-ef89989a4355",
                    "type": 0
                  },
                  {
                    "code": 0,
                    "direction": "inbound",
                    "ip_version": "ipv4",
                    "port_max": 53,
                    "port_min": 53,
                    "protocol": "tcp",
                    "remote": "0.0.0.0/0",
                    "rule_id": "r018-930de080-ede3-4f02-b929-f76dc644b597",
                    "type": 0
                  },
                  {
                    "code": 0,
                    "direction": "inbound",
                    "ip_version": "ipv4",
                    "port_max": 10250,
                    "port_min": 10250,
                    "protocol": "tcp",
                    "remote": "0.0.0.0/0",
                    "rule_id": "r018-84f65bb5-0548-4f88-a64f-5feda618c47b",
                    "type": 0
                  },
                  {
                    "code": 0,
                    "direction": "outbound",
                    "ip_version": "ipv4",
                    "port_max": 10250,
                    "port_min": 10250,
                    "protocol": "tcp",
                    "remote": "0.0.0.0/0",
                    "rule_id": "r018-829d5748-cdff-4db0-93d8-5e48eb6418ae",
                    "type": 0
                  },
                  {
                    "code": 0,
                    "direction": "inbound",
                    "ip_version": "ipv4",
                    "port_max": 2380,
                    "port_min": 2379,
                    "protocol": "tcp",
                    "remote": "0.0.0.0/0",
                    "rule_id": "r018-26577dfe-d14a-414a-89a9-63bc291ae47f",
                    "type": 0
                  },
                  {
                    "code": 0,
                    "direction": "inbound",
                    "ip_version": "ipv4",
                    "port_max": 80,
                    "port_min": 80,
                    "protocol": "tcp",
                    "remote": "0.0.0.0/0",
                    "rule_id": "r018-02e6e24e-67fa-4602-aa20-92493298f00c",
                    "type": 0
                  },
                  {
                    "code": 0,
                    "direction": "inbound",
                    "ip_version": "ipv4",
                    "port_max": 6783,
                    "port_min": 6783,
                    "protocol": "tcp",
                    "remote": "0.0.0.0/0",
                    "rule_id": "r018-36184867-48bb-4ef9-b764-3d4d2298a42a",
                    "type": 0
                  },
                  {
                    "code": 0,
                    "direction": "outbound",
                    "ip_version": "ipv4",
                    "port_max": 80,
                    "port_min": 80,
                    "protocol": "tcp",
                    "remote": "0.0.0.0/0",
                    "rule_id": "r018-bf6ae6b2-1718-4ea4-95b6-7353f31b39af",
                    "type": 0
                  },
                  {
                    "code": 0,
                    "direction": "outbound",
                    "ip_version": "ipv4",
                    "port_max": 10252,
                    "port_min": 10252,
                    "protocol": "tcp",
                    "remote": "0.0.0.0/0",
                    "rule_id": "r018-bd6d70dc-e90e-4171-8cf0-fc8f21c35db7",
                    "type": 0
                  },
                  {
                    "code": 0,
                    "direction": "inbound",
                    "ip_version": "ipv4",
                    "port_max": 443,
                    "port_min": 443,
                    "protocol": "tcp",
                    "remote": "0.0.0.0/0",
                    "rule_id": "r018-799074bd-8f14-498e-a5fc-6c27d6ca74c9",
                    "type": 0
                  },
                  {
                    "code": 0,
                    "direction": "outbound",
                    "ip_version": "ipv4",
                    "port_max": 6443,
                    "port_min": 6443,
                    "protocol": "tcp",
                    "remote": "0.0.0.0/0",
                    "rule_id": "r018-4bc782ab-e8ea-4ae2-9db1-4c3fb6e73a9e",
                    "type": 0
                  },
                  {
                    "code": 0,
                    "direction": "outbound",
                    "ip_version": "ipv4",
                    "port_max": 443,
                    "port_min": 443,
                    "protocol": "tcp",
                    "remote": "0.0.0.0/0",
                    "rule_id": "r018-49aa3311-d687-47ed-aaef-24c07a3d69ef",
                    "type": 0
                  },
                  {
                    "code": 0,
                    "direction": "outbound",
                    "ip_version": "ipv4",
                    "port_max": 53,
                    "port_min": 53,
                    "protocol": "tcp",
                    "remote": "0.0.0.0/0",
                    "rule_id": "r018-ef841605-3e18-402c-b06e-30fffda8e22a",
                    "type": 0
                  },
                  {
                    "code": 0,
                    "direction": "outbound",
                    "ip_version": "ipv4",
                    "port_max": 6783,
                    "port_min": 6783,
                    "protocol": "tcp",
                    "remote": "0.0.0.0/0",
                    "rule_id": "r018-961e6b3a-c1dd-450a-a201-a54935e2bf45",
                    "type": 0
                  },
                  {
                    "code": 0,
                    "direction": "outbound",
                    "ip_version": "ipv4",
                    "port_max": 10251,
                    "port_min": 10251,
                    "protocol": "tcp",
                    "remote": "0.0.0.0/0",
                    "rule_id": "r018-32f1b564-727b-4e6d-9ad7-c307b29d708c",
                    "type": 0
                  },
                  {
                    "code": 0,
                    "direction": "inbound",
                    "ip_version": "ipv4",
                    "port_max": 6443,
                    "port_min": 6443,
                    "protocol": "tcp",
                    "remote": "0.0.0.0/0",
                    "rule_id": "r018-049793cd-5eba-46ad-839b-3a4b07ba9927",
                    "type": 0
                  },
                  {
                    "code": 0,
                    "direction": "inbound",
                    "ip_version": "ipv4",
                    "port_max": 22,
                    "port_min": 22,
                    "protocol": "tcp",
                    "remote": "0.0.0.0/0",
                    "rule_id": "r018-886f335d-e5fc-4ee2-b989-d3d438f35bae",
                    "type": 0
                  },
                  {
                    "code": 0,
                    "direction": "outbound",
                    "ip_version": "ipv4",
                    "port_max": 22,
                    "port_min": 22,
                    "protocol": "tcp",
                    "remote": "0.0.0.0/0",
                    "rule_id": "r018-0c65291c-bd62-4fd8-adcf-7cb1ac563729",
                    "type": 0
                  }
                ]
              },
              {
                "group_id": "r018-c7bdcaeb-1ad5-4019-ba3b-7c48974e8194",
                "group_name": "drearily-stamina-deglaze-overfeed",
                "rules": [
                  {
                    "code": 0,
                    "direction": "outbound",
                    "ip_version": "ipv4",
                    "port_max": 0,
                    "port_min": 0,
                    "protocol": "all",
                    "remote": "0.0.0.0/0",
                    "rule_id": "r018-b7747302-4004-4909-b776-1e9f1acd0f4c",
                    "type": 0
                  },
                  {
                    "code": 0,
                    "direction": "inbound",
                    "ip_version": "ipv4",
                    "port_max": 0,
                    "port_min": 0,
                    "protocol": "all",
                    "remote": "r018-c7bdcaeb-1ad5-4019-ba3b-7c48974e8194",
                    "rule_id": "r018-0c2c0878-5282-41bd-b78a-55bcec06e962",
                    "type": 0
                  }
                ]
              }
            ],
            "status": "available",
            "subnets": [
              {
                "available_ipv4_address_count": 251,
                "id": "0797-a7f1b3dc-bf63-4322-bf16-63288dc60679",
                "name": "private-subnet-1",
                "status": "available",
                "total_ipv4_address_count": 256,
                "zone": "eu-gb-2"
              },
              {
                "available_ipv4_address_count": 251,
                "id": "0797-e989825b-f0b0-4a76-8079-136ca58ce6ba",
                "name": "public-subnet-1",
                "status": "available",
                "total_ipv4_address_count": 256,
                "zone": "eu-gb-2"
              }
            ],
            "tags": [
              "name:vpc-khaled"
            ],
            "timeouts": null
          },
          "sensitive_attributes": [],
          "private": "eyJlMmJmYjczMC1lY2FhLTExZTYtOGY4OC0zNDM2M2JjN2M0YzAiOnsiY3JlYXRlIjo2MDAwMDAwMDAwMDAsImRlbGV0ZSI6NjAwMDAwMDAwMDAwfX0=",
          "dependencies": [
            "module.network.ibm_resource_group.resource_group"
          ]
        }
      ]
    },
    {
      "module": "module.network",
      "mode": "managed",
      "type": "ibm_is_vpc_address_prefix",
      "name": "khaled",
      "provider": "module.network.provider[\"registry.terraform.io/ibm-cloud/ibm\"]",
      "instances": [
        {
          "index_key": "192.168.1",
          "schema_version": 0,
          "attributes": {
            "address_prefix": "r018-cad5a0e4-847a-4af8-b591-d9d6401fe4fc",
            "cidr": "192.168.1.0/24",
            "has_subnets": true,
            "id": "r018-0492464c-d7d9-4d84-ae4d-52e75f93b397/r018-cad5a0e4-847a-4af8-b591-d9d6401fe4fc",
            "is_default": false,
            "name": "prefix1-192-168-1",
            "related_crn": "crn:v1:bluemix:public:is:eu-gb:a/65c005b968304c79af0072316cd66882::vpc:r018-0492464c-d7d9-4d84-ae4d-52e75f93b397",
            "vpc": "r018-0492464c-d7d9-4d84-ae4d-52e75f93b397",
            "zone": "eu-gb-2"
          },
          "sensitive_attributes": [],
          "private": "bnVsbA==",
          "dependencies": [
            "module.network.ibm_is_vpc.vpc",
            "module.network.ibm_resource_group.resource_group"
          ]
        },
        {
          "index_key": "192.168.2",
          "schema_version": 0,
          "attributes": {
            "address_prefix": "r018-b6e58106-bde1-4e02-8a84-b8a6d95c747c",
            "cidr": "192.168.2.0/24",
            "has_subnets": true,
            "id": "r018-0492464c-d7d9-4d84-ae4d-52e75f93b397/r018-b6e58106-bde1-4e02-8a84-b8a6d95c747c",
            "is_default": false,
            "name": "prefix1-192-168-2",
            "related_crn": "crn:v1:bluemix:public:is:eu-gb:a/65c005b968304c79af0072316cd66882::vpc:r018-0492464c-d7d9-4d84-ae4d-52e75f93b397",
            "vpc": "r018-0492464c-d7d9-4d84-ae4d-52e75f93b397",
            "zone": "eu-gb-2"
          },
          "sensitive_attributes": [],
          "private": "bnVsbA==",
          "dependencies": [
            "module.network.ibm_is_vpc.vpc",
            "module.network.ibm_resource_group.resource_group"
          ]
        },
        {
          "index_key": "192.168.3",
          "schema_version": 0,
          "attributes": {
            "address_prefix": "r018-6f37a402-178e-4b96-b260-a184fcc4f269",
            "cidr": "192.168.3.0/24",
            "has_subnets": false,
            "id": "r018-0492464c-d7d9-4d84-ae4d-52e75f93b397/r018-6f37a402-178e-4b96-b260-a184fcc4f269",
            "is_default": false,
            "name": "prefix2-192-168-3",
            "related_crn": "crn:v1:bluemix:public:is:eu-gb:a/65c005b968304c79af0072316cd66882::vpc:r018-0492464c-d7d9-4d84-ae4d-52e75f93b397",
            "vpc": "r018-0492464c-d7d9-4d84-ae4d-52e75f93b397",
            "zone": "eu-gb-3"
          },
          "sensitive_attributes": [],
          "private": "bnVsbA==",
          "dependencies": [
            "module.network.ibm_is_vpc.vpc",
            "module.network.ibm_resource_group.resource_group"
          ]
        }
      ]
    },
    {
      "module": "module.network",
      "mode": "managed",
      "type": "ibm_is_vpc_routing_table",
      "name": "khaled",
      "provider": "module.network.provider[\"registry.terraform.io/ibm-cloud/ibm\"]",
      "instances": [
        {
          "schema_version": 0,
          "attributes": {
            "accept_routes_from_resource_type": [],
            "access_tags": [],
            "advertise_routes_to": [],
            "created_at": "2025-02-11T07:45:14.000Z",
            "crn": "crn:v1:bluemix:public:is:eu-gb:a/65c005b968304c79af0072316cd66882::vpc-routing-table:r018-0492464c-d7d9-4d84-ae4d-52e75f93b397/r018-6361eab6-3c10-4cff-b746-387ba97e84c4",
            "href": "https://eu-gb.iaas.cloud.ibm.com/v1/vpcs/r018-0492464c-d7d9-4d84-ae4d-52e75f93b397/routing_tables/r018-6361eab6-3c10-4cff-b746-387ba97e84c4",
            "id": "r018-0492464c-d7d9-4d84-ae4d-52e75f93b397/r018-6361eab6-3c10-4cff-b746-387ba97e84c4",
            "is_default": false,
            "lifecycle_state": "stable",
            "name": "khaled-routing-table",
            "resource_group": [
              {
                "href": "https://resource-controller.cloud.ibm.com/v2/resource_groups/7d88cbda00804bba9c07d952abf41173",
                "id": "7d88cbda00804bba9c07d952abf41173",
                "name": "khaled-eldsoky"
              }
            ],
            "resource_type": "routing_table",
            "route_direct_link_ingress": false,
            "route_internet_ingress": false,
            "route_transit_gateway_ingress": false,
            "route_vpc_zone_ingress": false,
            "routing_table": "r018-6361eab6-3c10-4cff-b746-387ba97e84c4",
            "subnets": [
              {
                "id": "0797-a7f1b3dc-bf63-4322-bf16-63288dc60679",
                "name": "private-subnet-1"
              },
              {
                "id": "0797-e989825b-f0b0-4a76-8079-136ca58ce6ba",
                "name": "public-subnet-1"
              }
            ],
            "tags": [],
            "timeouts": null,
            "vpc": "r018-0492464c-d7d9-4d84-ae4d-52e75f93b397"
          },
          "sensitive_attributes": [],
          "private": "eyJlMmJmYjczMC1lY2FhLTExZTYtOGY4OC0zNDM2M2JjN2M0YzAiOnsiY3JlYXRlIjo2MDAwMDAwMDAwMDAsImRlbGV0ZSI6NjAwMDAwMDAwMDAwLCJ1cGRhdGUiOjYwMDAwMDAwMDAwMH19",
          "dependencies": [
            "module.network.ibm_is_vpc.vpc",
            "module.network.ibm_resource_group.resource_group"
          ]
        }
      ]
    },
    {
      "module": "module.network",
      "mode": "managed",
      "type": "ibm_resource_group",
      "name": "resource_group",
      "provider": "module.network.provider[\"registry.terraform.io/ibm-cloud/ibm\"]",
      "instances": [
        {
          "schema_version": 0,
          "attributes": {
            "created_at": "2025-02-11T07:44:24.260Z",
            "crn": "crn:v1:bluemix:public:resource-controller::a/65c005b968304c79af0072316cd66882::resource-group:7d88cbda00804bba9c07d952abf41173",
            "default": false,
            "id": "7d88cbda00804bba9c07d952abf41173",
            "name": "khaled-eldsoky",
            "payment_methods_url": null,
            "quota_id": "a3d7b8d01e261c24677937c29ab33f3c",
            "quota_url": "/v2/quota_definitions/a3d7b8d01e261c24677937c29ab33f3c",
            "resource_linkages": [],
            "state": "ACTIVE",
            "tags": null,
            "teams_url": null,
            "timeouts": null,
            "updated_at": "2025-02-11T07:44:24.260Z"
          },
          "sensitive_attributes": [],
          "private": "eyJlMmJmYjczMC1lY2FhLTExZTYtOGY4OC0zNDM2M2JjN2M0YzAiOnsiZGVsZXRlIjoxMjAwMDAwMDAwMDAwfX0="
        }
      ]
    },
    {
      "module": "module.security",
      "mode": "managed",
      "type": "ibm_is_security_group",
      "name": "SG",
      "provider": "module.security.provider[\"registry.terraform.io/ibm-cloud/ibm\"]",
      "instances": [
        {
          "index_key": "master",
          "schema_version": 0,
          "attributes": {
            "access_tags": [],
            "crn": "crn:v1:bluemix:public:is:eu-gb:a/65c005b968304c79af0072316cd66882::security-group:r018-416e592e-9d96-4d98-af08-27fd634e8139",
            "id": "r018-416e592e-9d96-4d98-af08-27fd634e8139",
            "name": "master",
            "resource_controller_url": "https://cloud.ibm.com/vpc-ext/network/securityGroups",
            "resource_crn": "crn:v1:bluemix:public:is:eu-gb:a/65c005b968304c79af0072316cd66882::security-group:r018-416e592e-9d96-4d98-af08-27fd634e8139",
            "resource_group": "f85c67de9d944c59afb9709a10a7a25b",
            "resource_group_name": "Default",
            "resource_name": "master",
            "rules": [
              {
                "code": 0,
                "direction": "inbound",
                "ip_version": "ipv4",
                "local": "0.0.0.0/0",
                "port_max": 6783,
                "port_min": 6783,
                "protocol": "udp",
                "remote": "0.0.0.0/0",
                "type": 0
              },
              {
                "code": 0,
                "direction": "outbound",
                "ip_version": "ipv4",
                "local": "0.0.0.0/0",
                "port_max": 6784,
                "port_min": 6783,
                "protocol": "udp",
                "remote": "0.0.0.0/0",
                "type": 0
              },
              {
                "code": 0,
                "direction": "outbound",
                "ip_version": "ipv4",
                "local": "0.0.0.0/0",
                "port_max": 0,
                "port_min": 0,
                "protocol": "icmp",
                "remote": "0.0.0.0/0",
                "type": 0
              },
              {
                "code": 0,
                "direction": "inbound",
                "ip_version": "ipv4",
                "local": "0.0.0.0/0",
                "port_max": 0,
                "port_min": 0,
                "protocol": "icmp",
                "remote": "0.0.0.0/0",
                "type": 0
              },
              {
                "code": 0,
                "direction": "outbound",
                "ip_version": "ipv4",
                "local": "0.0.0.0/0",
                "port_max": 6783,
                "port_min": 6783,
                "protocol": "udp",
                "remote": "0.0.0.0/0",
                "type": 0
              },
              {
                "code": 0,
                "direction": "inbound",
                "ip_version": "ipv4",
                "local": "0.0.0.0/0",
                "port_max": 10252,
                "port_min": 10252,
                "protocol": "tcp",
                "remote": "0.0.0.0/0",
                "type": 0
              },
              {
                "code": 0,
                "direction": "inbound",
                "ip_version": "ipv4",
                "local": "0.0.0.0/0",
                "port_max": 10251,
                "port_min": 10251,
                "protocol": "tcp",
                "remote": "0.0.0.0/0",
                "type": 0
              },
              {
                "code": 0,
                "direction": "inbound",
                "ip_version": "ipv4",
                "local": "0.0.0.0/0",
                "port_max": 53,
                "port_min": 53,
                "protocol": "tcp",
                "remote": "0.0.0.0/0",
                "type": 0
              },
              {
                "code": 0,
                "direction": "inbound",
                "ip_version": "ipv4",
                "local": "0.0.0.0/0",
                "port_max": 10250,
                "port_min": 10250,
                "protocol": "tcp",
                "remote": "0.0.0.0/0",
                "type": 0
              },
              {
                "code": 0,
                "direction": "outbound",
                "ip_version": "ipv4",
                "local": "0.0.0.0/0",
                "port_max": 10250,
                "port_min": 10250,
                "protocol": "tcp",
                "remote": "0.0.0.0/0",
                "type": 0
              },
              {
                "code": 0,
                "direction": "inbound",
                "ip_version": "ipv4",
                "local": "0.0.0.0/0",
                "port_max": 2380,
                "port_min": 2379,
                "protocol": "tcp",
                "remote": "0.0.0.0/0",
                "type": 0
              },
              {
                "code": 0,
                "direction": "inbound",
                "ip_version": "ipv4",
                "local": "0.0.0.0/0",
                "port_max": 80,
                "port_min": 80,
                "protocol": "tcp",
                "remote": "0.0.0.0/0",
                "type": 0
              },
              {
                "code": 0,
                "direction": "inbound",
                "ip_version": "ipv4",
                "local": "0.0.0.0/0",
                "port_max": 6783,
                "port_min": 6783,
                "protocol": "tcp",
                "remote": "0.0.0.0/0",
                "type": 0
              },
              {
                "code": 0,
                "direction": "outbound",
                "ip_version": "ipv4",
                "local": "0.0.0.0/0",
                "port_max": 80,
                "port_min": 80,
                "protocol": "tcp",
                "remote": "0.0.0.0/0",
                "type": 0
              },
              {
                "code": 0,
                "direction": "outbound",
                "ip_version": "ipv4",
                "local": "0.0.0.0/0",
                "port_max": 10252,
                "port_min": 10252,
                "protocol": "tcp",
                "remote": "0.0.0.0/0",
                "type": 0
              },
              {
                "code": 0,
                "direction": "inbound",
                "ip_version": "ipv4",
                "local": "0.0.0.0/0",
                "port_max": 443,
                "port_min": 443,
                "protocol": "tcp",
                "remote": "0.0.0.0/0",
                "type": 0
              },
              {
                "code": 0,
                "direction": "outbound",
                "ip_version": "ipv4",
                "local": "0.0.0.0/0",
                "port_max": 6443,
                "port_min": 6443,
                "protocol": "tcp",
                "remote": "0.0.0.0/0",
                "type": 0
              },
              {
                "code": 0,
                "direction": "outbound",
                "ip_version": "ipv4",
                "local": "0.0.0.0/0",
                "port_max": 443,
                "port_min": 443,
                "protocol": "tcp",
                "remote": "0.0.0.0/0",
                "type": 0
              },
              {
                "code": 0,
                "direction": "outbound",
                "ip_version": "ipv4",
                "local": "0.0.0.0/0",
                "port_max": 53,
                "port_min": 53,
                "protocol": "tcp",
                "remote": "0.0.0.0/0",
                "type": 0
              },
              {
                "code": 0,
                "direction": "outbound",
                "ip_version": "ipv4",
                "local": "0.0.0.0/0",
                "port_max": 6783,
                "port_min": 6783,
                "protocol": "tcp",
                "remote": "0.0.0.0/0",
                "type": 0
              },
              {
                "code": 0,
                "direction": "outbound",
                "ip_version": "ipv4",
                "local": "0.0.0.0/0",
                "port_max": 10251,
                "port_min": 10251,
                "protocol": "tcp",
                "remote": "0.0.0.0/0",
                "type": 0
              },
              {
                "code": 0,
                "direction": "inbound",
                "ip_version": "ipv4",
                "local": "0.0.0.0/0",
                "port_max": 6443,
                "port_min": 6443,
                "protocol": "tcp",
                "remote": "0.0.0.0/0",
                "type": 0
              },
              {
                "code": 0,
                "direction": "inbound",
                "ip_version": "ipv4",
                "local": "0.0.0.0/0",
                "port_max": 22,
                "port_min": 22,
                "protocol": "tcp",
                "remote": "0.0.0.0/0",
                "type": 0
              },
              {
                "code": 0,
                "direction": "outbound",
                "ip_version": "ipv4",
                "local": "0.0.0.0/0",
                "port_max": 22,
                "port_min": 22,
                "protocol": "tcp",
                "remote": "0.0.0.0/0",
                "type": 0
              }
            ],
            "tags": [
              "name:sg_master"
            ],
            "timeouts": null,
            "vpc": "r018-0492464c-d7d9-4d84-ae4d-52e75f93b397"
          },
          "sensitive_attributes": [],
          "private": "eyJlMmJmYjczMC1lY2FhLTExZTYtOGY4OC0zNDM2M2JjN2M0YzAiOnsiY3JlYXRlIjo2MDAwMDAwMDAwMDAsImRlbGV0ZSI6NjAwMDAwMDAwMDAwfX0=",
          "dependencies": [
            "module.network.ibm_is_vpc.vpc",
            "module.network.ibm_resource_group.resource_group"
          ]
        },
        {
          "index_key": "node",
          "schema_version": 0,
          "attributes": {
            "access_tags": [],
            "crn": "crn:v1:bluemix:public:is:eu-gb:a/65c005b968304c79af0072316cd66882::security-group:r018-16235b2c-6235-40a9-a4e9-73dd4147f7ff",
            "id": "r018-16235b2c-6235-40a9-a4e9-73dd4147f7ff",
            "name": "node",
            "resource_controller_url": "https://cloud.ibm.com/vpc-ext/network/securityGroups",
            "resource_crn": "crn:v1:bluemix:public:is:eu-gb:a/65c005b968304c79af0072316cd66882::security-group:r018-16235b2c-6235-40a9-a4e9-73dd4147f7ff",
            "resource_group": "f85c67de9d944c59afb9709a10a7a25b",
            "resource_group_name": "Default",
            "resource_name": "node",
            "rules": [
              {
                "code": 0,
                "direction": "inbound",
                "ip_version": "ipv4",
                "local": "0.0.0.0/0",
                "port_max": 0,
                "port_min": 0,
                "protocol": "icmp",
                "remote": "0.0.0.0/0",
                "type": 0
              },
              {
                "code": 0,
                "direction": "outbound",
                "ip_version": "ipv4",
                "local": "0.0.0.0/0",
                "port_max": 6784,
                "port_min": 6783,
                "protocol": "udp",
                "remote": "0.0.0.0/0",
                "type": 0
              },
              {
                "code": 0,
                "direction": "inbound",
                "ip_version": "ipv4",
                "local": "0.0.0.0/0",
                "port_max": 6783,
                "port_min": 6783,
                "protocol": "udp",
                "remote": "0.0.0.0/0",
                "type": 0
              },
              {
                "code": 0,
                "direction": "outbound",
                "ip_version": "ipv4",
                "local": "0.0.0.0/0",
                "port_max": 6783,
                "port_min": 6783,
                "protocol": "udp",
                "remote": "0.0.0.0/0",
                "type": 0
              },
              {
                "code": 0,
                "direction": "outbound",
                "ip_version": "ipv4",
                "local": "0.0.0.0/0",
                "port_max": 0,
                "port_min": 0,
                "protocol": "icmp",
                "remote": "0.0.0.0/0",
                "type": 0
              },
              {
                "code": 0,
                "direction": "outbound",
                "ip_version": "ipv4",
                "local": "0.0.0.0/0",
                "port_max": 22,
                "port_min": 22,
                "protocol": "tcp",
                "remote": "0.0.0.0/0",
                "type": 0
              },
              {
                "code": 0,
                "direction": "inbound",
                "ip_version": "ipv4",
                "local": "0.0.0.0/0",
                "port_max": 2380,
                "port_min": 2379,
                "protocol": "tcp",
                "remote": "0.0.0.0/0",
                "type": 0
              },
              {
                "code": 0,
                "direction": "outbound",
                "ip_version": "ipv4",
                "local": "0.0.0.0/0",
                "port_max": 53,
                "port_min": 53,
                "protocol": "tcp",
                "remote": "0.0.0.0/0",
                "type": 0
              },
              {
                "code": 0,
                "direction": "outbound",
                "ip_version": "ipv4",
                "local": "0.0.0.0/0",
                "port_max": 443,
                "port_min": 443,
                "protocol": "tcp",
                "remote": "0.0.0.0/0",
                "type": 0
              },
              {
                "code": 0,
                "direction": "outbound",
                "ip_version": "ipv4",
                "local": "0.0.0.0/0",
                "port_max": 10250,
                "port_min": 10250,
                "protocol": "tcp",
                "remote": "0.0.0.0/0",
                "type": 0
              },
              {
                "code": 0,
                "direction": "outbound",
                "ip_version": "ipv4",
                "local": "0.0.0.0/0",
                "port_max": 6443,
                "port_min": 6443,
                "protocol": "tcp",
                "remote": "0.0.0.0/0",
                "type": 0
              },
              {
                "code": 0,
                "direction": "outbound",
                "ip_version": "ipv4",
                "local": "0.0.0.0/0",
                "port_max": 10251,
                "port_min": 10251,
                "protocol": "tcp",
                "remote": "0.0.0.0/0",
                "type": 0
              },
              {
                "code": 0,
                "direction": "inbound",
                "ip_version": "ipv4",
                "local": "0.0.0.0/0",
                "port_max": 10252,
                "port_min": 10252,
                "protocol": "tcp",
                "remote": "0.0.0.0/0",
                "type": 0
              },
              {
                "code": 0,
                "direction": "outbound",
                "ip_version": "ipv4",
                "local": "0.0.0.0/0",
                "port_max": 6783,
                "port_min": 6783,
                "protocol": "tcp",
                "remote": "0.0.0.0/0",
                "type": 0
              },
              {
                "code": 0,
                "direction": "inbound",
                "ip_version": "ipv4",
                "local": "0.0.0.0/0",
                "port_max": 22,
                "port_min": 22,
                "protocol": "tcp",
                "remote": "0.0.0.0/0",
                "type": 0
              },
              {
                "code": 0,
                "direction": "inbound",
                "ip_version": "ipv4",
                "local": "0.0.0.0/0",
                "port_max": 6783,
                "port_min": 6783,
                "protocol": "tcp",
                "remote": "0.0.0.0/0",
                "type": 0
              },
              {
                "code": 0,
                "direction": "inbound",
                "ip_version": "ipv4",
                "local": "0.0.0.0/0",
                "port_max": 10250,
                "port_min": 10250,
                "protocol": "tcp",
                "remote": "0.0.0.0/0",
                "type": 0
              },
              {
                "code": 0,
                "direction": "outbound",
                "ip_version": "ipv4",
                "local": "0.0.0.0/0",
                "port_max": 10252,
                "port_min": 10252,
                "protocol": "tcp",
                "remote": "0.0.0.0/0",
                "type": 0
              },
              {
                "code": 0,
                "direction": "outbound",
                "ip_version": "ipv4",
                "local": "0.0.0.0/0",
                "port_max": 80,
                "port_min": 80,
                "protocol": "tcp",
                "remote": "0.0.0.0/0",
                "type": 0
              },
              {
                "code": 0,
                "direction": "inbound",
                "ip_version": "ipv4",
                "local": "0.0.0.0/0",
                "port_max": 6443,
                "port_min": 6443,
                "protocol": "tcp",
                "remote": "0.0.0.0/0",
                "type": 0
              },
              {
                "code": 0,
                "direction": "inbound",
                "ip_version": "ipv4",
                "local": "0.0.0.0/0",
                "port_max": 10251,
                "port_min": 10251,
                "protocol": "tcp",
                "remote": "0.0.0.0/0",
                "type": 0
              },
              {
                "code": 0,
                "direction": "inbound",
                "ip_version": "ipv4",
                "local": "0.0.0.0/0",
                "port_max": 53,
                "port_min": 53,
                "protocol": "tcp",
                "remote": "0.0.0.0/0",
                "type": 0
              },
              {
                "code": 0,
                "direction": "inbound",
                "ip_version": "ipv4",
                "local": "0.0.0.0/0",
                "port_max": 443,
                "port_min": 443,
                "protocol": "tcp",
                "remote": "0.0.0.0/0",
                "type": 0
              },
              {
                "code": 0,
                "direction": "inbound",
                "ip_version": "ipv4",
                "local": "0.0.0.0/0",
                "port_max": 80,
                "port_min": 80,
                "protocol": "tcp",
                "remote": "0.0.0.0/0",
                "type": 0
              }
            ],
            "tags": [
              "name:sg_node"
            ],
            "timeouts": null,
            "vpc": "r018-0492464c-d7d9-4d84-ae4d-52e75f93b397"
          },
          "sensitive_attributes": [],
          "private": "eyJlMmJmYjczMC1lY2FhLTExZTYtOGY4OC0zNDM2M2JjN2M0YzAiOnsiY3JlYXRlIjo2MDAwMDAwMDAwMDAsImRlbGV0ZSI6NjAwMDAwMDAwMDAwfX0=",
          "dependencies": [
            "module.network.ibm_is_vpc.vpc",
            "module.network.ibm_resource_group.resource_group"
          ]
        }
      ]
    },
    {
      "module": "module.security",
      "mode": "managed",
      "type": "ibm_is_security_group_rule",
      "name": "SGR_icmp",
      "provider": "module.security.provider[\"registry.terraform.io/ibm-cloud/ibm\"]",
      "instances": [
        {
          "index_key": "SGR_icmp_master_inbound",
          "schema_version": 0,
          "attributes": {
            "direction": "inbound",
            "group": "r018-416e592e-9d96-4d98-af08-27fd634e8139",
            "icmp": [
              {
                "code": null,
                "type": null
              }
            ],
            "id": "r018-416e592e-9d96-4d98-af08-27fd634e8139.r018-46efd26f-704b-4ae4-8b5f-9e9836ccbf59",
            "ip_version": "ipv4",
            "local": "0.0.0.0/0",
            "protocol": "icmp",
            "related_crn": "crn:v1:bluemix:public:is:eu-gb:a/65c005b968304c79af0072316cd66882::security-group:r018-416e592e-9d96-4d98-af08-27fd634e8139",
            "remote": "0.0.0.0/0",
            "rule_id": "r018-46efd26f-704b-4ae4-8b5f-9e9836ccbf59",
            "tcp": [],
            "udp": []
          },
          "sensitive_attributes": [],
          "private": "bnVsbA==",
          "dependencies": [
            "module.network.ibm_is_vpc.vpc",
            "module.network.ibm_resource_group.resource_group",
            "module.security.ibm_is_security_group.SG"
          ]
        },
        {
          "index_key": "SGR_icmp_master_outbound",
          "schema_version": 0,
          "attributes": {
            "direction": "outbound",
            "group": "r018-416e592e-9d96-4d98-af08-27fd634e8139",
            "icmp": [
              {
                "code": null,
                "type": null
              }
            ],
            "id": "r018-416e592e-9d96-4d98-af08-27fd634e8139.r018-a34d39d5-b6bd-4c5b-93e7-5a4c393e8d58",
            "ip_version": "ipv4",
            "local": "0.0.0.0/0",
            "protocol": "icmp",
            "related_crn": "crn:v1:bluemix:public:is:eu-gb:a/65c005b968304c79af0072316cd66882::security-group:r018-416e592e-9d96-4d98-af08-27fd634e8139",
            "remote": "0.0.0.0/0",
            "rule_id": "r018-a34d39d5-b6bd-4c5b-93e7-5a4c393e8d58",
            "tcp": [],
            "udp": []
          },
          "sensitive_attributes": [],
          "private": "bnVsbA==",
          "dependencies": [
            "module.network.ibm_is_vpc.vpc",
            "module.network.ibm_resource_group.resource_group",
            "module.security.ibm_is_security_group.SG"
          ]
        },
        {
          "index_key": "SGR_icmp_node_inbound",
          "schema_version": 0,
          "attributes": {
            "direction": "inbound",
            "group": "r018-16235b2c-6235-40a9-a4e9-73dd4147f7ff",
            "icmp": [
              {
                "code": null,
                "type": null
              }
            ],
            "id": "r018-16235b2c-6235-40a9-a4e9-73dd4147f7ff.r018-ed5660cf-6add-42ae-9f13-932bc6f2d84a",
            "ip_version": "ipv4",
            "local": "0.0.0.0/0",
            "protocol": "icmp",
            "related_crn": "crn:v1:bluemix:public:is:eu-gb:a/65c005b968304c79af0072316cd66882::security-group:r018-16235b2c-6235-40a9-a4e9-73dd4147f7ff",
            "remote": "0.0.0.0/0",
            "rule_id": "r018-ed5660cf-6add-42ae-9f13-932bc6f2d84a",
            "tcp": [],
            "udp": []
          },
          "sensitive_attributes": [],
          "private": "bnVsbA==",
          "dependencies": [
            "module.network.ibm_is_vpc.vpc",
            "module.network.ibm_resource_group.resource_group",
            "module.security.ibm_is_security_group.SG"
          ]
        },
        {
          "index_key": "SGR_icmp_node_outbound",
          "schema_version": 0,
          "attributes": {
            "direction": "outbound",
            "group": "r018-16235b2c-6235-40a9-a4e9-73dd4147f7ff",
            "icmp": [
              {
                "code": null,
                "type": null
              }
            ],
            "id": "r018-16235b2c-6235-40a9-a4e9-73dd4147f7ff.r018-4b072b4a-da67-42f8-8015-46b4f04df59a",
            "ip_version": "ipv4",
            "local": "0.0.0.0/0",
            "protocol": "icmp",
            "related_crn": "crn:v1:bluemix:public:is:eu-gb:a/65c005b968304c79af0072316cd66882::security-group:r018-16235b2c-6235-40a9-a4e9-73dd4147f7ff",
            "remote": "0.0.0.0/0",
            "rule_id": "r018-4b072b4a-da67-42f8-8015-46b4f04df59a",
            "tcp": [],
            "udp": []
          },
          "sensitive_attributes": [],
          "private": "bnVsbA==",
          "dependencies": [
            "module.network.ibm_is_vpc.vpc",
            "module.network.ibm_resource_group.resource_group",
            "module.security.ibm_is_security_group.SG"
          ]
        }
      ]
    },
    {
      "module": "module.security",
      "mode": "managed",
      "type": "ibm_is_security_group_rule",
      "name": "SGR_tcp",
      "provider": "module.security.provider[\"registry.terraform.io/ibm-cloud/ibm\"]",
      "instances": [
        {
          "index_key": "TCP_master_inbound_10250",
          "schema_version": 0,
          "attributes": {
            "direction": "inbound",
            "group": "r018-416e592e-9d96-4d98-af08-27fd634e8139",
            "icmp": [],
            "id": "r018-416e592e-9d96-4d98-af08-27fd634e8139.r018-84f65bb5-0548-4f88-a64f-5feda618c47b",
            "ip_version": "ipv4",
            "local": "0.0.0.0/0",
            "protocol": "tcp",
            "related_crn": "crn:v1:bluemix:public:is:eu-gb:a/65c005b968304c79af0072316cd66882::security-group:r018-416e592e-9d96-4d98-af08-27fd634e8139",
            "remote": "0.0.0.0/0",
            "rule_id": "r018-84f65bb5-0548-4f88-a64f-5feda618c47b",
            "tcp": [
              {
                "port_max": 10250,
                "port_min": 10250
              }
            ],
            "udp": []
          },
          "sensitive_attributes": [],
          "private": "bnVsbA==",
          "dependencies": [
            "module.network.ibm_is_vpc.vpc",
            "module.network.ibm_resource_group.resource_group",
            "module.security.ibm_is_security_group.SG"
          ]
        },
        {
          "index_key": "TCP_master_inbound_10251",
          "schema_version": 0,
          "attributes": {
            "direction": "inbound",
            "group": "r018-416e592e-9d96-4d98-af08-27fd634e8139",
            "icmp": [],
            "id": "r018-416e592e-9d96-4d98-af08-27fd634e8139.r018-ed657617-83a0-4835-aac9-ef89989a4355",
            "ip_version": "ipv4",
            "local": "0.0.0.0/0",
            "protocol": "tcp",
            "related_crn": "crn:v1:bluemix:public:is:eu-gb:a/65c005b968304c79af0072316cd66882::security-group:r018-416e592e-9d96-4d98-af08-27fd634e8139",
            "remote": "0.0.0.0/0",
            "rule_id": "r018-ed657617-83a0-4835-aac9-ef89989a4355",
            "tcp": [
              {
                "port_max": 10251,
                "port_min": 10251
              }
            ],
            "udp": []
          },
          "sensitive_attributes": [],
          "private": "bnVsbA==",
          "dependencies": [
            "module.network.ibm_is_vpc.vpc",
            "module.network.ibm_resource_group.resource_group",
            "module.security.ibm_is_security_group.SG"
          ]
        },
        {
          "index_key": "TCP_master_inbound_10252",
          "schema_version": 0,
          "attributes": {
            "direction": "inbound",
            "group": "r018-416e592e-9d96-4d98-af08-27fd634e8139",
            "icmp": [],
            "id": "r018-416e592e-9d96-4d98-af08-27fd634e8139.r018-14d8a891-64e6-4b5a-86e9-5814fb9118f4",
            "ip_version": "ipv4",
            "local": "0.0.0.0/0",
            "protocol": "tcp",
            "related_crn": "crn:v1:bluemix:public:is:eu-gb:a/65c005b968304c79af0072316cd66882::security-group:r018-416e592e-9d96-4d98-af08-27fd634e8139",
            "remote": "0.0.0.0/0",
            "rule_id": "r018-14d8a891-64e6-4b5a-86e9-5814fb9118f4",
            "tcp": [
              {
                "port_max": 10252,
                "port_min": 10252
              }
            ],
            "udp": []
          },
          "sensitive_attributes": [],
          "private": "bnVsbA==",
          "dependencies": [
            "module.network.ibm_is_vpc.vpc",
            "module.network.ibm_resource_group.resource_group",
            "module.security.ibm_is_security_group.SG"
          ]
        },
        {
          "index_key": "TCP_master_inbound_2379",
          "schema_version": 0,
          "attributes": {
            "direction": "inbound",
            "group": "r018-416e592e-9d96-4d98-af08-27fd634e8139",
            "icmp": [],
            "id": "r018-416e592e-9d96-4d98-af08-27fd634e8139.r018-26577dfe-d14a-414a-89a9-63bc291ae47f",
            "ip_version": "ipv4",
            "local": "0.0.0.0/0",
            "protocol": "tcp",
            "related_crn": "crn:v1:bluemix:public:is:eu-gb:a/65c005b968304c79af0072316cd66882::security-group:r018-416e592e-9d96-4d98-af08-27fd634e8139",
            "remote": "0.0.0.0/0",
            "rule_id": "r018-26577dfe-d14a-414a-89a9-63bc291ae47f",
            "tcp": [
              {
                "port_max": 2380,
                "port_min": 2379
              }
            ],
            "udp": []
          },
          "sensitive_attributes": [],
          "private": "bnVsbA==",
          "dependencies": [
            "module.network.ibm_is_vpc.vpc",
            "module.network.ibm_resource_group.resource_group",
            "module.security.ibm_is_security_group.SG"
          ]
        },
        {
          "index_key": "TCP_master_inbound_6443",
          "schema_version": 0,
          "attributes": {
            "direction": "inbound",
            "group": "r018-416e592e-9d96-4d98-af08-27fd634e8139",
            "icmp": [],
            "id": "r018-416e592e-9d96-4d98-af08-27fd634e8139.r018-049793cd-5eba-46ad-839b-3a4b07ba9927",
            "ip_version": "ipv4",
            "local": "0.0.0.0/0",
            "protocol": "tcp",
            "related_crn": "crn:v1:bluemix:public:is:eu-gb:a/65c005b968304c79af0072316cd66882::security-group:r018-416e592e-9d96-4d98-af08-27fd634e8139",
            "remote": "0.0.0.0/0",
            "rule_id": "r018-049793cd-5eba-46ad-839b-3a4b07ba9927",
            "tcp": [
              {
                "port_max": 6443,
                "port_min": 6443
              }
            ],
            "udp": []
          },
          "sensitive_attributes": [],
          "private": "bnVsbA==",
          "dependencies": [
            "module.network.ibm_is_vpc.vpc",
            "module.network.ibm_resource_group.resource_group",
            "module.security.ibm_is_security_group.SG"
          ]
        },
        {
          "index_key": "TCP_master_inbound_6783",
          "schema_version": 0,
          "attributes": {
            "direction": "inbound",
            "group": "r018-416e592e-9d96-4d98-af08-27fd634e8139",
            "icmp": [],
            "id": "r018-416e592e-9d96-4d98-af08-27fd634e8139.r018-36184867-48bb-4ef9-b764-3d4d2298a42a",
            "ip_version": "ipv4",
            "local": "0.0.0.0/0",
            "protocol": "tcp",
            "related_crn": "crn:v1:bluemix:public:is:eu-gb:a/65c005b968304c79af0072316cd66882::security-group:r018-416e592e-9d96-4d98-af08-27fd634e8139",
            "remote": "0.0.0.0/0",
            "rule_id": "r018-36184867-48bb-4ef9-b764-3d4d2298a42a",
            "tcp": [
              {
                "port_max": 6783,
                "port_min": 6783
              }
            ],
            "udp": []
          },
          "sensitive_attributes": [],
          "private": "bnVsbA==",
          "dependencies": [
            "module.network.ibm_is_vpc.vpc",
            "module.network.ibm_resource_group.resource_group",
            "module.security.ibm_is_security_group.SG"
          ]
        },
        {
          "index_key": "TCP_master_inbound_DNS",
          "schema_version": 0,
          "attributes": {
            "direction": "inbound",
            "group": "r018-416e592e-9d96-4d98-af08-27fd634e8139",
            "icmp": [],
            "id": "r018-416e592e-9d96-4d98-af08-27fd634e8139.r018-930de080-ede3-4f02-b929-f76dc644b597",
            "ip_version": "ipv4",
            "local": "0.0.0.0/0",
            "protocol": "tcp",
            "related_crn": "crn:v1:bluemix:public:is:eu-gb:a/65c005b968304c79af0072316cd66882::security-group:r018-416e592e-9d96-4d98-af08-27fd634e8139",
            "remote": "0.0.0.0/0",
            "rule_id": "r018-930de080-ede3-4f02-b929-f76dc644b597",
            "tcp": [
              {
                "port_max": 53,
                "port_min": 53
              }
            ],
            "udp": []
          },
          "sensitive_attributes": [],
          "private": "bnVsbA==",
          "dependencies": [
            "module.network.ibm_is_vpc.vpc",
            "module.network.ibm_resource_group.resource_group",
            "module.security.ibm_is_security_group.SG"
          ]
        },
        {
          "index_key": "TCP_master_inbound_http",
          "schema_version": 0,
          "attributes": {
            "direction": "inbound",
            "group": "r018-416e592e-9d96-4d98-af08-27fd634e8139",
            "icmp": [],
            "id": "r018-416e592e-9d96-4d98-af08-27fd634e8139.r018-02e6e24e-67fa-4602-aa20-92493298f00c",
            "ip_version": "ipv4",
            "local": "0.0.0.0/0",
            "protocol": "tcp",
            "related_crn": "crn:v1:bluemix:public:is:eu-gb:a/65c005b968304c79af0072316cd66882::security-group:r018-416e592e-9d96-4d98-af08-27fd634e8139",
            "remote": "0.0.0.0/0",
            "rule_id": "r018-02e6e24e-67fa-4602-aa20-92493298f00c",
            "tcp": [
              {
                "port_max": 80,
                "port_min": 80
              }
            ],
            "udp": []
          },
          "sensitive_attributes": [],
          "private": "bnVsbA==",
          "dependencies": [
            "module.network.ibm_is_vpc.vpc",
            "module.network.ibm_resource_group.resource_group",
            "module.security.ibm_is_security_group.SG"
          ]
        },
        {
          "index_key": "TCP_master_inbound_https",
          "schema_version": 0,
          "attributes": {
            "direction": "inbound",
            "group": "r018-416e592e-9d96-4d98-af08-27fd634e8139",
            "icmp": [],
            "id": "r018-416e592e-9d96-4d98-af08-27fd634e8139.r018-799074bd-8f14-498e-a5fc-6c27d6ca74c9",
            "ip_version": "ipv4",
            "local": "0.0.0.0/0",
            "protocol": "tcp",
            "related_crn": "crn:v1:bluemix:public:is:eu-gb:a/65c005b968304c79af0072316cd66882::security-group:r018-416e592e-9d96-4d98-af08-27fd634e8139",
            "remote": "0.0.0.0/0",
            "rule_id": "r018-799074bd-8f14-498e-a5fc-6c27d6ca74c9",
            "tcp": [
              {
                "port_max": 443,
                "port_min": 443
              }
            ],
            "udp": []
          },
          "sensitive_attributes": [],
          "private": "bnVsbA==",
          "dependencies": [
            "module.network.ibm_is_vpc.vpc",
            "module.network.ibm_resource_group.resource_group",
            "module.security.ibm_is_security_group.SG"
          ]
        },
        {
          "index_key": "TCP_master_inbound_ssh",
          "schema_version": 0,
          "attributes": {
            "direction": "inbound",
            "group": "r018-416e592e-9d96-4d98-af08-27fd634e8139",
            "icmp": [],
            "id": "r018-416e592e-9d96-4d98-af08-27fd634e8139.r018-886f335d-e5fc-4ee2-b989-d3d438f35bae",
            "ip_version": "ipv4",
            "local": "0.0.0.0/0",
            "protocol": "tcp",
            "related_crn": "crn:v1:bluemix:public:is:eu-gb:a/65c005b968304c79af0072316cd66882::security-group:r018-416e592e-9d96-4d98-af08-27fd634e8139",
            "remote": "0.0.0.0/0",
            "rule_id": "r018-886f335d-e5fc-4ee2-b989-d3d438f35bae",
            "tcp": [
              {
                "port_max": 22,
                "port_min": 22
              }
            ],
            "udp": []
          },
          "sensitive_attributes": [],
          "private": "bnVsbA==",
          "dependencies": [
            "module.network.ibm_is_vpc.vpc",
            "module.network.ibm_resource_group.resource_group",
            "module.security.ibm_is_security_group.SG"
          ]
        },
        {
          "index_key": "TCP_master_outbound_10250",
          "schema_version": 0,
          "attributes": {
            "direction": "outbound",
            "group": "r018-416e592e-9d96-4d98-af08-27fd634e8139",
            "icmp": [],
            "id": "r018-416e592e-9d96-4d98-af08-27fd634e8139.r018-829d5748-cdff-4db0-93d8-5e48eb6418ae",
            "ip_version": "ipv4",
            "local": "0.0.0.0/0",
            "protocol": "tcp",
            "related_crn": "crn:v1:bluemix:public:is:eu-gb:a/65c005b968304c79af0072316cd66882::security-group:r018-416e592e-9d96-4d98-af08-27fd634e8139",
            "remote": "0.0.0.0/0",
            "rule_id": "r018-829d5748-cdff-4db0-93d8-5e48eb6418ae",
            "tcp": [
              {
                "port_max": 10250,
                "port_min": 10250
              }
            ],
            "udp": []
          },
          "sensitive_attributes": [],
          "private": "bnVsbA==",
          "dependencies": [
            "module.network.ibm_is_vpc.vpc",
            "module.network.ibm_resource_group.resource_group",
            "module.security.ibm_is_security_group.SG"
          ]
        },
        {
          "index_key": "TCP_master_outbound_10251",
          "schema_version": 0,
          "attributes": {
            "direction": "outbound",
            "group": "r018-416e592e-9d96-4d98-af08-27fd634e8139",
            "icmp": [],
            "id": "r018-416e592e-9d96-4d98-af08-27fd634e8139.r018-32f1b564-727b-4e6d-9ad7-c307b29d708c",
            "ip_version": "ipv4",
            "local": "0.0.0.0/0",
            "protocol": "tcp",
            "related_crn": "crn:v1:bluemix:public:is:eu-gb:a/65c005b968304c79af0072316cd66882::security-group:r018-416e592e-9d96-4d98-af08-27fd634e8139",
            "remote": "0.0.0.0/0",
            "rule_id": "r018-32f1b564-727b-4e6d-9ad7-c307b29d708c",
            "tcp": [
              {
                "port_max": 10251,
                "port_min": 10251
              }
            ],
            "udp": []
          },
          "sensitive_attributes": [],
          "private": "bnVsbA==",
          "dependencies": [
            "module.network.ibm_is_vpc.vpc",
            "module.network.ibm_resource_group.resource_group",
            "module.security.ibm_is_security_group.SG"
          ]
        },
        {
          "index_key": "TCP_master_outbound_10252",
          "schema_version": 0,
          "attributes": {
            "direction": "outbound",
            "group": "r018-416e592e-9d96-4d98-af08-27fd634e8139",
            "icmp": [],
            "id": "r018-416e592e-9d96-4d98-af08-27fd634e8139.r018-bd6d70dc-e90e-4171-8cf0-fc8f21c35db7",
            "ip_version": "ipv4",
            "local": "0.0.0.0/0",
            "protocol": "tcp",
            "related_crn": "crn:v1:bluemix:public:is:eu-gb:a/65c005b968304c79af0072316cd66882::security-group:r018-416e592e-9d96-4d98-af08-27fd634e8139",
            "remote": "0.0.0.0/0",
            "rule_id": "r018-bd6d70dc-e90e-4171-8cf0-fc8f21c35db7",
            "tcp": [
              {
                "port_max": 10252,
                "port_min": 10252
              }
            ],
            "udp": []
          },
          "sensitive_attributes": [],
          "private": "bnVsbA==",
          "dependencies": [
            "module.network.ibm_is_vpc.vpc",
            "module.network.ibm_resource_group.resource_group",
            "module.security.ibm_is_security_group.SG"
          ]
        },
        {
          "index_key": "TCP_master_outbound_6443",
          "schema_version": 0,
          "attributes": {
            "direction": "outbound",
            "group": "r018-416e592e-9d96-4d98-af08-27fd634e8139",
            "icmp": [],
            "id": "r018-416e592e-9d96-4d98-af08-27fd634e8139.r018-4bc782ab-e8ea-4ae2-9db1-4c3fb6e73a9e",
            "ip_version": "ipv4",
            "local": "0.0.0.0/0",
            "protocol": "tcp",
            "related_crn": "crn:v1:bluemix:public:is:eu-gb:a/65c005b968304c79af0072316cd66882::security-group:r018-416e592e-9d96-4d98-af08-27fd634e8139",
            "remote": "0.0.0.0/0",
            "rule_id": "r018-4bc782ab-e8ea-4ae2-9db1-4c3fb6e73a9e",
            "tcp": [
              {
                "port_max": 6443,
                "port_min": 6443
              }
            ],
            "udp": []
          },
          "sensitive_attributes": [],
          "private": "bnVsbA==",
          "dependencies": [
            "module.network.ibm_is_vpc.vpc",
            "module.network.ibm_resource_group.resource_group",
            "module.security.ibm_is_security_group.SG"
          ]
        },
        {
          "index_key": "TCP_master_outbound_6783",
          "schema_version": 0,
          "attributes": {
            "direction": "outbound",
            "group": "r018-416e592e-9d96-4d98-af08-27fd634e8139",
            "icmp": [],
            "id": "r018-416e592e-9d96-4d98-af08-27fd634e8139.r018-961e6b3a-c1dd-450a-a201-a54935e2bf45",
            "ip_version": "ipv4",
            "local": "0.0.0.0/0",
            "protocol": "tcp",
            "related_crn": "crn:v1:bluemix:public:is:eu-gb:a/65c005b968304c79af0072316cd66882::security-group:r018-416e592e-9d96-4d98-af08-27fd634e8139",
            "remote": "0.0.0.0/0",
            "rule_id": "r018-961e6b3a-c1dd-450a-a201-a54935e2bf45",
            "tcp": [
              {
                "port_max": 6783,
                "port_min": 6783
              }
            ],
            "udp": []
          },
          "sensitive_attributes": [],
          "private": "bnVsbA==",
          "dependencies": [
            "module.network.ibm_is_vpc.vpc",
            "module.network.ibm_resource_group.resource_group",
            "module.security.ibm_is_security_group.SG"
          ]
        },
        {
          "index_key": "TCP_master_outbound_DNS",
          "schema_version": 0,
          "attributes": {
            "direction": "outbound",
            "group": "r018-416e592e-9d96-4d98-af08-27fd634e8139",
            "icmp": [],
            "id": "r018-416e592e-9d96-4d98-af08-27fd634e8139.r018-ef841605-3e18-402c-b06e-30fffda8e22a",
            "ip_version": "ipv4",
            "local": "0.0.0.0/0",
            "protocol": "tcp",
            "related_crn": "crn:v1:bluemix:public:is:eu-gb:a/65c005b968304c79af0072316cd66882::security-group:r018-416e592e-9d96-4d98-af08-27fd634e8139",
            "remote": "0.0.0.0/0",
            "rule_id": "r018-ef841605-3e18-402c-b06e-30fffda8e22a",
            "tcp": [
              {
                "port_max": 53,
                "port_min": 53
              }
            ],
            "udp": []
          },
          "sensitive_attributes": [],
          "private": "bnVsbA==",
          "dependencies": [
            "module.network.ibm_is_vpc.vpc",
            "module.network.ibm_resource_group.resource_group",
            "module.security.ibm_is_security_group.SG"
          ]
        },
        {
          "index_key": "TCP_master_outbound_http",
          "schema_version": 0,
          "attributes": {
            "direction": "outbound",
            "group": "r018-416e592e-9d96-4d98-af08-27fd634e8139",
            "icmp": [],
            "id": "r018-416e592e-9d96-4d98-af08-27fd634e8139.r018-bf6ae6b2-1718-4ea4-95b6-7353f31b39af",
            "ip_version": "ipv4",
            "local": "0.0.0.0/0",
            "protocol": "tcp",
            "related_crn": "crn:v1:bluemix:public:is:eu-gb:a/65c005b968304c79af0072316cd66882::security-group:r018-416e592e-9d96-4d98-af08-27fd634e8139",
            "remote": "0.0.0.0/0",
            "rule_id": "r018-bf6ae6b2-1718-4ea4-95b6-7353f31b39af",
            "tcp": [
              {
                "port_max": 80,
                "port_min": 80
              }
            ],
            "udp": []
          },
          "sensitive_attributes": [],
          "private": "bnVsbA==",
          "dependencies": [
            "module.network.ibm_is_vpc.vpc",
            "module.network.ibm_resource_group.resource_group",
            "module.security.ibm_is_security_group.SG"
          ]
        },
        {
          "index_key": "TCP_master_outbound_https",
          "schema_version": 0,
          "attributes": {
            "direction": "outbound",
            "group": "r018-416e592e-9d96-4d98-af08-27fd634e8139",
            "icmp": [],
            "id": "r018-416e592e-9d96-4d98-af08-27fd634e8139.r018-49aa3311-d687-47ed-aaef-24c07a3d69ef",
            "ip_version": "ipv4",
            "local": "0.0.0.0/0",
            "protocol": "tcp",
            "related_crn": "crn:v1:bluemix:public:is:eu-gb:a/65c005b968304c79af0072316cd66882::security-group:r018-416e592e-9d96-4d98-af08-27fd634e8139",
            "remote": "0.0.0.0/0",
            "rule_id": "r018-49aa3311-d687-47ed-aaef-24c07a3d69ef",
            "tcp": [
              {
                "port_max": 443,
                "port_min": 443
              }
            ],
            "udp": []
          },
          "sensitive_attributes": [],
          "private": "bnVsbA==",
          "dependencies": [
            "module.network.ibm_is_vpc.vpc",
            "module.network.ibm_resource_group.resource_group",
            "module.security.ibm_is_security_group.SG"
          ]
        },
        {
          "index_key": "TCP_master_outbound_ssh",
          "schema_version": 0,
          "attributes": {
            "direction": "outbound",
            "group": "r018-416e592e-9d96-4d98-af08-27fd634e8139",
            "icmp": [],
            "id": "r018-416e592e-9d96-4d98-af08-27fd634e8139.r018-0c65291c-bd62-4fd8-adcf-7cb1ac563729",
            "ip_version": "ipv4",
            "local": "0.0.0.0/0",
            "protocol": "tcp",
            "related_crn": "crn:v1:bluemix:public:is:eu-gb:a/65c005b968304c79af0072316cd66882::security-group:r018-416e592e-9d96-4d98-af08-27fd634e8139",
            "remote": "0.0.0.0/0",
            "rule_id": "r018-0c65291c-bd62-4fd8-adcf-7cb1ac563729",
            "tcp": [
              {
                "port_max": 22,
                "port_min": 22
              }
            ],
            "udp": []
          },
          "sensitive_attributes": [],
          "private": "bnVsbA==",
          "dependencies": [
            "module.network.ibm_is_vpc.vpc",
            "module.network.ibm_resource_group.resource_group",
            "module.security.ibm_is_security_group.SG"
          ]
        },
        {
          "index_key": "TCP_node_inbound_10250",
          "schema_version": 0,
          "attributes": {
            "direction": "inbound",
            "group": "r018-16235b2c-6235-40a9-a4e9-73dd4147f7ff",
            "icmp": [],
            "id": "r018-16235b2c-6235-40a9-a4e9-73dd4147f7ff.r018-0dc1d7c0-3439-489d-bc6c-ac8a462ae3e2",
            "ip_version": "ipv4",
            "local": "0.0.0.0/0",
            "protocol": "tcp",
            "related_crn": "crn:v1:bluemix:public:is:eu-gb:a/65c005b968304c79af0072316cd66882::security-group:r018-16235b2c-6235-40a9-a4e9-73dd4147f7ff",
            "remote": "0.0.0.0/0",
            "rule_id": "r018-0dc1d7c0-3439-489d-bc6c-ac8a462ae3e2",
            "tcp": [
              {
                "port_max": 10250,
                "port_min": 10250
              }
            ],
            "udp": []
          },
          "sensitive_attributes": [],
          "private": "bnVsbA==",
          "dependencies": [
            "module.network.ibm_is_vpc.vpc",
            "module.network.ibm_resource_group.resource_group",
            "module.security.ibm_is_security_group.SG"
          ]
        },
        {
          "index_key": "TCP_node_inbound_10251",
          "schema_version": 0,
          "attributes": {
            "direction": "inbound",
            "group": "r018-16235b2c-6235-40a9-a4e9-73dd4147f7ff",
            "icmp": [],
            "id": "r018-16235b2c-6235-40a9-a4e9-73dd4147f7ff.r018-e5cd4819-1fdf-4058-897d-ae1ad741c0c6",
            "ip_version": "ipv4",
            "local": "0.0.0.0/0",
            "protocol": "tcp",
            "related_crn": "crn:v1:bluemix:public:is:eu-gb:a/65c005b968304c79af0072316cd66882::security-group:r018-16235b2c-6235-40a9-a4e9-73dd4147f7ff",
            "remote": "0.0.0.0/0",
            "rule_id": "r018-e5cd4819-1fdf-4058-897d-ae1ad741c0c6",
            "tcp": [
              {
                "port_max": 10251,
                "port_min": 10251
              }
            ],
            "udp": []
          },
          "sensitive_attributes": [],
          "private": "bnVsbA==",
          "dependencies": [
            "module.network.ibm_is_vpc.vpc",
            "module.network.ibm_resource_group.resource_group",
            "module.security.ibm_is_security_group.SG"
          ]
        },
        {
          "index_key": "TCP_node_inbound_10252",
          "schema_version": 0,
          "attributes": {
            "direction": "inbound",
            "group": "r018-16235b2c-6235-40a9-a4e9-73dd4147f7ff",
            "icmp": [],
            "id": "r018-16235b2c-6235-40a9-a4e9-73dd4147f7ff.r018-328fb09e-9734-4f0f-b990-3b05abff0086",
            "ip_version": "ipv4",
            "local": "0.0.0.0/0",
            "protocol": "tcp",
            "related_crn": "crn:v1:bluemix:public:is:eu-gb:a/65c005b968304c79af0072316cd66882::security-group:r018-16235b2c-6235-40a9-a4e9-73dd4147f7ff",
            "remote": "0.0.0.0/0",
            "rule_id": "r018-328fb09e-9734-4f0f-b990-3b05abff0086",
            "tcp": [
              {
                "port_max": 10252,
                "port_min": 10252
              }
            ],
            "udp": []
          },
          "sensitive_attributes": [],
          "private": "bnVsbA==",
          "dependencies": [
            "module.network.ibm_is_vpc.vpc",
            "module.network.ibm_resource_group.resource_group",
            "module.security.ibm_is_security_group.SG"
          ]
        },
        {
          "index_key": "TCP_node_inbound_2379_to_2380",
          "schema_version": 0,
          "attributes": {
            "direction": "inbound",
            "group": "r018-16235b2c-6235-40a9-a4e9-73dd4147f7ff",
            "icmp": [],
            "id": "r018-16235b2c-6235-40a9-a4e9-73dd4147f7ff.r018-886bae57-2107-43d8-8e61-96ff640ea9b6",
            "ip_version": "ipv4",
            "local": "0.0.0.0/0",
            "protocol": "tcp",
            "related_crn": "crn:v1:bluemix:public:is:eu-gb:a/65c005b968304c79af0072316cd66882::security-group:r018-16235b2c-6235-40a9-a4e9-73dd4147f7ff",
            "remote": "0.0.0.0/0",
            "rule_id": "r018-886bae57-2107-43d8-8e61-96ff640ea9b6",
            "tcp": [
              {
                "port_max": 2380,
                "port_min": 2379
              }
            ],
            "udp": []
          },
          "sensitive_attributes": [],
          "private": "bnVsbA==",
          "dependencies": [
            "module.network.ibm_is_vpc.vpc",
            "module.network.ibm_resource_group.resource_group",
            "module.security.ibm_is_security_group.SG"
          ]
        },
        {
          "index_key": "TCP_node_inbound_6443",
          "schema_version": 0,
          "attributes": {
            "direction": "inbound",
            "group": "r018-16235b2c-6235-40a9-a4e9-73dd4147f7ff",
            "icmp": [],
            "id": "r018-16235b2c-6235-40a9-a4e9-73dd4147f7ff.r018-ccce396c-5d13-4431-b860-e358bf68c83b",
            "ip_version": "ipv4",
            "local": "0.0.0.0/0",
            "protocol": "tcp",
            "related_crn": "crn:v1:bluemix:public:is:eu-gb:a/65c005b968304c79af0072316cd66882::security-group:r018-16235b2c-6235-40a9-a4e9-73dd4147f7ff",
            "remote": "0.0.0.0/0",
            "rule_id": "r018-ccce396c-5d13-4431-b860-e358bf68c83b",
            "tcp": [
              {
                "port_max": 6443,
                "port_min": 6443
              }
            ],
            "udp": []
          },
          "sensitive_attributes": [],
          "private": "bnVsbA==",
          "dependencies": [
            "module.network.ibm_is_vpc.vpc",
            "module.network.ibm_resource_group.resource_group",
            "module.security.ibm_is_security_group.SG"
          ]
        },
        {
          "index_key": "TCP_node_inbound_6783",
          "schema_version": 0,
          "attributes": {
            "direction": "inbound",
            "group": "r018-16235b2c-6235-40a9-a4e9-73dd4147f7ff",
            "icmp": [],
            "id": "r018-16235b2c-6235-40a9-a4e9-73dd4147f7ff.r018-bca34a09-721b-4c22-8e2f-15ce131f8bd9",
            "ip_version": "ipv4",
            "local": "0.0.0.0/0",
            "protocol": "tcp",
            "related_crn": "crn:v1:bluemix:public:is:eu-gb:a/65c005b968304c79af0072316cd66882::security-group:r018-16235b2c-6235-40a9-a4e9-73dd4147f7ff",
            "remote": "0.0.0.0/0",
            "rule_id": "r018-bca34a09-721b-4c22-8e2f-15ce131f8bd9",
            "tcp": [
              {
                "port_max": 6783,
                "port_min": 6783
              }
            ],
            "udp": []
          },
          "sensitive_attributes": [],
          "private": "bnVsbA==",
          "dependencies": [
            "module.network.ibm_is_vpc.vpc",
            "module.network.ibm_resource_group.resource_group",
            "module.security.ibm_is_security_group.SG"
          ]
        },
        {
          "index_key": "TCP_node_inbound_DNS",
          "schema_version": 0,
          "attributes": {
            "direction": "inbound",
            "group": "r018-16235b2c-6235-40a9-a4e9-73dd4147f7ff",
            "icmp": [],
            "id": "r018-16235b2c-6235-40a9-a4e9-73dd4147f7ff.r018-2c468b97-d94a-4568-b1bc-7bf9e2e429fb",
            "ip_version": "ipv4",
            "local": "0.0.0.0/0",
            "protocol": "tcp",
            "related_crn": "crn:v1:bluemix:public:is:eu-gb:a/65c005b968304c79af0072316cd66882::security-group:r018-16235b2c-6235-40a9-a4e9-73dd4147f7ff",
            "remote": "0.0.0.0/0",
            "rule_id": "r018-2c468b97-d94a-4568-b1bc-7bf9e2e429fb",
            "tcp": [
              {
                "port_max": 53,
                "port_min": 53
              }
            ],
            "udp": []
          },
          "sensitive_attributes": [],
          "private": "bnVsbA==",
          "dependencies": [
            "module.network.ibm_is_vpc.vpc",
            "module.network.ibm_resource_group.resource_group",
            "module.security.ibm_is_security_group.SG"
          ]
        },
        {
          "index_key": "TCP_node_inbound_http",
          "schema_version": 0,
          "attributes": {
            "direction": "inbound",
            "group": "r018-16235b2c-6235-40a9-a4e9-73dd4147f7ff",
            "icmp": [],
            "id": "r018-16235b2c-6235-40a9-a4e9-73dd4147f7ff.r018-2bd0a179-f114-4adb-93e6-cba259c23074",
            "ip_version": "ipv4",
            "local": "0.0.0.0/0",
            "protocol": "tcp",
            "related_crn": "crn:v1:bluemix:public:is:eu-gb:a/65c005b968304c79af0072316cd66882::security-group:r018-16235b2c-6235-40a9-a4e9-73dd4147f7ff",
            "remote": "0.0.0.0/0",
            "rule_id": "r018-2bd0a179-f114-4adb-93e6-cba259c23074",
            "tcp": [
              {
                "port_max": 80,
                "port_min": 80
              }
            ],
            "udp": []
          },
          "sensitive_attributes": [],
          "private": "bnVsbA==",
          "dependencies": [
            "module.network.ibm_is_vpc.vpc",
            "module.network.ibm_resource_group.resource_group",
            "module.security.ibm_is_security_group.SG"
          ]
        },
        {
          "index_key": "TCP_node_inbound_https",
          "schema_version": 0,
          "attributes": {
            "direction": "inbound",
            "group": "r018-16235b2c-6235-40a9-a4e9-73dd4147f7ff",
            "icmp": [],
            "id": "r018-16235b2c-6235-40a9-a4e9-73dd4147f7ff.r018-a5da93bc-4906-4668-9720-48277b26c711",
            "ip_version": "ipv4",
            "local": "0.0.0.0/0",
            "protocol": "tcp",
            "related_crn": "crn:v1:bluemix:public:is:eu-gb:a/65c005b968304c79af0072316cd66882::security-group:r018-16235b2c-6235-40a9-a4e9-73dd4147f7ff",
            "remote": "0.0.0.0/0",
            "rule_id": "r018-a5da93bc-4906-4668-9720-48277b26c711",
            "tcp": [
              {
                "port_max": 443,
                "port_min": 443
              }
            ],
            "udp": []
          },
          "sensitive_attributes": [],
          "private": "bnVsbA==",
          "dependencies": [
            "module.network.ibm_is_vpc.vpc",
            "module.network.ibm_resource_group.resource_group",
            "module.security.ibm_is_security_group.SG"
          ]
        },
        {
          "index_key": "TCP_node_inbound_ssh",
          "schema_version": 0,
          "attributes": {
            "direction": "inbound",
            "group": "r018-16235b2c-6235-40a9-a4e9-73dd4147f7ff",
            "icmp": [],
            "id": "r018-16235b2c-6235-40a9-a4e9-73dd4147f7ff.r018-7b4dee54-74e5-4538-a9ad-db22a17db3b2",
            "ip_version": "ipv4",
            "local": "0.0.0.0/0",
            "protocol": "tcp",
            "related_crn": "crn:v1:bluemix:public:is:eu-gb:a/65c005b968304c79af0072316cd66882::security-group:r018-16235b2c-6235-40a9-a4e9-73dd4147f7ff",
            "remote": "0.0.0.0/0",
            "rule_id": "r018-7b4dee54-74e5-4538-a9ad-db22a17db3b2",
            "tcp": [
              {
                "port_max": 22,
                "port_min": 22
              }
            ],
            "udp": []
          },
          "sensitive_attributes": [],
          "private": "bnVsbA==",
          "dependencies": [
            "module.network.ibm_is_vpc.vpc",
            "module.network.ibm_resource_group.resource_group",
            "module.security.ibm_is_security_group.SG"
          ]
        },
        {
          "index_key": "TCP_node_outbound_10250",
          "schema_version": 0,
          "attributes": {
            "direction": "outbound",
            "group": "r018-16235b2c-6235-40a9-a4e9-73dd4147f7ff",
            "icmp": [],
            "id": "r018-16235b2c-6235-40a9-a4e9-73dd4147f7ff.r018-0a2f55cf-269b-4d65-9b97-23024c1b83f2",
            "ip_version": "ipv4",
            "local": "0.0.0.0/0",
            "protocol": "tcp",
            "related_crn": "crn:v1:bluemix:public:is:eu-gb:a/65c005b968304c79af0072316cd66882::security-group:r018-16235b2c-6235-40a9-a4e9-73dd4147f7ff",
            "remote": "0.0.0.0/0",
            "rule_id": "r018-0a2f55cf-269b-4d65-9b97-23024c1b83f2",
            "tcp": [
              {
                "port_max": 10250,
                "port_min": 10250
              }
            ],
            "udp": []
          },
          "sensitive_attributes": [],
          "private": "bnVsbA==",
          "dependencies": [
            "module.network.ibm_is_vpc.vpc",
            "module.network.ibm_resource_group.resource_group",
            "module.security.ibm_is_security_group.SG"
          ]
        },
        {
          "index_key": "TCP_node_outbound_10251",
          "schema_version": 0,
          "attributes": {
            "direction": "outbound",
            "group": "r018-16235b2c-6235-40a9-a4e9-73dd4147f7ff",
            "icmp": [],
            "id": "r018-16235b2c-6235-40a9-a4e9-73dd4147f7ff.r018-be336e06-32ae-4962-b155-a30b2048edc8",
            "ip_version": "ipv4",
            "local": "0.0.0.0/0",
            "protocol": "tcp",
            "related_crn": "crn:v1:bluemix:public:is:eu-gb:a/65c005b968304c79af0072316cd66882::security-group:r018-16235b2c-6235-40a9-a4e9-73dd4147f7ff",
            "remote": "0.0.0.0/0",
            "rule_id": "r018-be336e06-32ae-4962-b155-a30b2048edc8",
            "tcp": [
              {
                "port_max": 10251,
                "port_min": 10251
              }
            ],
            "udp": []
          },
          "sensitive_attributes": [],
          "private": "bnVsbA==",
          "dependencies": [
            "module.network.ibm_is_vpc.vpc",
            "module.network.ibm_resource_group.resource_group",
            "module.security.ibm_is_security_group.SG"
          ]
        },
        {
          "index_key": "TCP_node_outbound_10252",
          "schema_version": 0,
          "attributes": {
            "direction": "outbound",
            "group": "r018-16235b2c-6235-40a9-a4e9-73dd4147f7ff",
            "icmp": [],
            "id": "r018-16235b2c-6235-40a9-a4e9-73dd4147f7ff.r018-5c0829f9-6d45-40f4-af9d-7979003bd2ab",
            "ip_version": "ipv4",
            "local": "0.0.0.0/0",
            "protocol": "tcp",
            "related_crn": "crn:v1:bluemix:public:is:eu-gb:a/65c005b968304c79af0072316cd66882::security-group:r018-16235b2c-6235-40a9-a4e9-73dd4147f7ff",
            "remote": "0.0.0.0/0",
            "rule_id": "r018-5c0829f9-6d45-40f4-af9d-7979003bd2ab",
            "tcp": [
              {
                "port_max": 10252,
                "port_min": 10252
              }
            ],
            "udp": []
          },
          "sensitive_attributes": [],
          "private": "bnVsbA==",
          "dependencies": [
            "module.network.ibm_is_vpc.vpc",
            "module.network.ibm_resource_group.resource_group",
            "module.security.ibm_is_security_group.SG"
          ]
        },
        {
          "index_key": "TCP_node_outbound_6443",
          "schema_version": 0,
          "attributes": {
            "direction": "outbound",
            "group": "r018-16235b2c-6235-40a9-a4e9-73dd4147f7ff",
            "icmp": [],
            "id": "r018-16235b2c-6235-40a9-a4e9-73dd4147f7ff.r018-1dbf8a60-7c6f-4215-850f-27e5d54987ca",
            "ip_version": "ipv4",
            "local": "0.0.0.0/0",
            "protocol": "tcp",
            "related_crn": "crn:v1:bluemix:public:is:eu-gb:a/65c005b968304c79af0072316cd66882::security-group:r018-16235b2c-6235-40a9-a4e9-73dd4147f7ff",
            "remote": "0.0.0.0/0",
            "rule_id": "r018-1dbf8a60-7c6f-4215-850f-27e5d54987ca",
            "tcp": [
              {
                "port_max": 6443,
                "port_min": 6443
              }
            ],
            "udp": []
          },
          "sensitive_attributes": [],
          "private": "bnVsbA==",
          "dependencies": [
            "module.network.ibm_is_vpc.vpc",
            "module.network.ibm_resource_group.resource_group",
            "module.security.ibm_is_security_group.SG"
          ]
        },
        {
          "index_key": "TCP_node_outbound_6783",
          "schema_version": 0,
          "attributes": {
            "direction": "outbound",
            "group": "r018-16235b2c-6235-40a9-a4e9-73dd4147f7ff",
            "icmp": [],
            "id": "r018-16235b2c-6235-40a9-a4e9-73dd4147f7ff.r018-d4134ae5-a247-4837-9711-498b266b8308",
            "ip_version": "ipv4",
            "local": "0.0.0.0/0",
            "protocol": "tcp",
            "related_crn": "crn:v1:bluemix:public:is:eu-gb:a/65c005b968304c79af0072316cd66882::security-group:r018-16235b2c-6235-40a9-a4e9-73dd4147f7ff",
            "remote": "0.0.0.0/0",
            "rule_id": "r018-d4134ae5-a247-4837-9711-498b266b8308",
            "tcp": [
              {
                "port_max": 6783,
                "port_min": 6783
              }
            ],
            "udp": []
          },
          "sensitive_attributes": [],
          "private": "bnVsbA==",
          "dependencies": [
            "module.network.ibm_is_vpc.vpc",
            "module.network.ibm_resource_group.resource_group",
            "module.security.ibm_is_security_group.SG"
          ]
        },
        {
          "index_key": "TCP_node_outbound_DNS",
          "schema_version": 0,
          "attributes": {
            "direction": "outbound",
            "group": "r018-16235b2c-6235-40a9-a4e9-73dd4147f7ff",
            "icmp": [],
            "id": "r018-16235b2c-6235-40a9-a4e9-73dd4147f7ff.r018-dcdc0d67-6d50-4823-b6fb-a57f7a615b18",
            "ip_version": "ipv4",
            "local": "0.0.0.0/0",
            "protocol": "tcp",
            "related_crn": "crn:v1:bluemix:public:is:eu-gb:a/65c005b968304c79af0072316cd66882::security-group:r018-16235b2c-6235-40a9-a4e9-73dd4147f7ff",
            "remote": "0.0.0.0/0",
            "rule_id": "r018-dcdc0d67-6d50-4823-b6fb-a57f7a615b18",
            "tcp": [
              {
                "port_max": 53,
                "port_min": 53
              }
            ],
            "udp": []
          },
          "sensitive_attributes": [],
          "private": "bnVsbA==",
          "dependencies": [
            "module.network.ibm_is_vpc.vpc",
            "module.network.ibm_resource_group.resource_group",
            "module.security.ibm_is_security_group.SG"
          ]
        },
        {
          "index_key": "TCP_node_outbound_http",
          "schema_version": 0,
          "attributes": {
            "direction": "outbound",
            "group": "r018-16235b2c-6235-40a9-a4e9-73dd4147f7ff",
            "icmp": [],
            "id": "r018-16235b2c-6235-40a9-a4e9-73dd4147f7ff.r018-6587d3aa-04f9-4d74-b0fe-91edc52f6946",
            "ip_version": "ipv4",
            "local": "0.0.0.0/0",
            "protocol": "tcp",
            "related_crn": "crn:v1:bluemix:public:is:eu-gb:a/65c005b968304c79af0072316cd66882::security-group:r018-16235b2c-6235-40a9-a4e9-73dd4147f7ff",
            "remote": "0.0.0.0/0",
            "rule_id": "r018-6587d3aa-04f9-4d74-b0fe-91edc52f6946",
            "tcp": [
              {
                "port_max": 80,
                "port_min": 80
              }
            ],
            "udp": []
          },
          "sensitive_attributes": [],
          "private": "bnVsbA==",
          "dependencies": [
            "module.network.ibm_is_vpc.vpc",
            "module.network.ibm_resource_group.resource_group",
            "module.security.ibm_is_security_group.SG"
          ]
        },
        {
          "index_key": "TCP_node_outbound_https",
          "schema_version": 0,
          "attributes": {
            "direction": "outbound",
            "group": "r018-16235b2c-6235-40a9-a4e9-73dd4147f7ff",
            "icmp": [],
            "id": "r018-16235b2c-6235-40a9-a4e9-73dd4147f7ff.r018-ff1a757b-bde7-4b1b-9016-bab6e52a2bc9",
            "ip_version": "ipv4",
            "local": "0.0.0.0/0",
            "protocol": "tcp",
            "related_crn": "crn:v1:bluemix:public:is:eu-gb:a/65c005b968304c79af0072316cd66882::security-group:r018-16235b2c-6235-40a9-a4e9-73dd4147f7ff",
            "remote": "0.0.0.0/0",
            "rule_id": "r018-ff1a757b-bde7-4b1b-9016-bab6e52a2bc9",
            "tcp": [
              {
                "port_max": 443,
                "port_min": 443
              }
            ],
            "udp": []
          },
          "sensitive_attributes": [],
          "private": "bnVsbA==",
          "dependencies": [
            "module.network.ibm_is_vpc.vpc",
            "module.network.ibm_resource_group.resource_group",
            "module.security.ibm_is_security_group.SG"
          ]
        },
        {
          "index_key": "TCP_node_outbound_ssh",
          "schema_version": 0,
          "attributes": {
            "direction": "outbound",
            "group": "r018-16235b2c-6235-40a9-a4e9-73dd4147f7ff",
            "icmp": [],
            "id": "r018-16235b2c-6235-40a9-a4e9-73dd4147f7ff.r018-d734450e-1f7a-4327-a10b-7cb505e62bda",
            "ip_version": "ipv4",
            "local": "0.0.0.0/0",
            "protocol": "tcp",
            "related_crn": "crn:v1:bluemix:public:is:eu-gb:a/65c005b968304c79af0072316cd66882::security-group:r018-16235b2c-6235-40a9-a4e9-73dd4147f7ff",
            "remote": "0.0.0.0/0",
            "rule_id": "r018-d734450e-1f7a-4327-a10b-7cb505e62bda",
            "tcp": [
              {
                "port_max": 22,
                "port_min": 22
              }
            ],
            "udp": []
          },
          "sensitive_attributes": [],
          "private": "bnVsbA==",
          "dependencies": [
            "module.network.ibm_is_vpc.vpc",
            "module.network.ibm_resource_group.resource_group",
            "module.security.ibm_is_security_group.SG"
          ]
        }
      ]
    },
    {
      "module": "module.security",
      "mode": "managed",
      "type": "ibm_is_security_group_rule",
      "name": "SGR_udp",
      "provider": "module.security.provider[\"registry.terraform.io/ibm-cloud/ibm\"]",
      "instances": [
        {
          "index_key": "UDP_master_inbound_6783",
          "schema_version": 0,
          "attributes": {
            "direction": "inbound",
            "group": "r018-416e592e-9d96-4d98-af08-27fd634e8139",
            "icmp": [],
            "id": "r018-416e592e-9d96-4d98-af08-27fd634e8139.r018-a93ebca4-22e0-4d7a-995f-bb1b57322165",
            "ip_version": "ipv4",
            "local": "0.0.0.0/0",
            "protocol": "udp",
            "related_crn": "crn:v1:bluemix:public:is:eu-gb:a/65c005b968304c79af0072316cd66882::security-group:r018-416e592e-9d96-4d98-af08-27fd634e8139",
            "remote": "0.0.0.0/0",
            "rule_id": "r018-a93ebca4-22e0-4d7a-995f-bb1b57322165",
            "tcp": [],
            "udp": [
              {
                "port_max": 6783,
                "port_min": 6783
              }
            ]
          },
          "sensitive_attributes": [],
          "private": "bnVsbA==",
          "dependencies": [
            "module.network.ibm_is_vpc.vpc",
            "module.network.ibm_resource_group.resource_group",
            "module.security.ibm_is_security_group.SG"
          ]
        },
        {
          "index_key": "UDP_master_outbound_6783",
          "schema_version": 0,
          "attributes": {
            "direction": "outbound",
            "group": "r018-416e592e-9d96-4d98-af08-27fd634e8139",
            "icmp": [],
            "id": "r018-416e592e-9d96-4d98-af08-27fd634e8139.r018-20b8a313-82f8-4aad-a69f-ea91ed104137",
            "ip_version": "ipv4",
            "local": "0.0.0.0/0",
            "protocol": "udp",
            "related_crn": "crn:v1:bluemix:public:is:eu-gb:a/65c005b968304c79af0072316cd66882::security-group:r018-416e592e-9d96-4d98-af08-27fd634e8139",
            "remote": "0.0.0.0/0",
            "rule_id": "r018-20b8a313-82f8-4aad-a69f-ea91ed104137",
            "tcp": [],
            "udp": [
              {
                "port_max": 6783,
                "port_min": 6783
              }
            ]
          },
          "sensitive_attributes": [],
          "private": "bnVsbA==",
          "dependencies": [
            "module.network.ibm_is_vpc.vpc",
            "module.network.ibm_resource_group.resource_group",
            "module.security.ibm_is_security_group.SG"
          ]
        },
        {
          "index_key": "UDP_master_outbound_6784",
          "schema_version": 0,
          "attributes": {
            "direction": "outbound",
            "group": "r018-416e592e-9d96-4d98-af08-27fd634e8139",
            "icmp": [],
            "id": "r018-416e592e-9d96-4d98-af08-27fd634e8139.r018-63abafab-e839-42e1-9178-8af4e8c01366",
            "ip_version": "ipv4",
            "local": "0.0.0.0/0",
            "protocol": "udp",
            "related_crn": "crn:v1:bluemix:public:is:eu-gb:a/65c005b968304c79af0072316cd66882::security-group:r018-416e592e-9d96-4d98-af08-27fd634e8139",
            "remote": "0.0.0.0/0",
            "rule_id": "r018-63abafab-e839-42e1-9178-8af4e8c01366",
            "tcp": [],
            "udp": [
              {
                "port_max": 6784,
                "port_min": 6783
              }
            ]
          },
          "sensitive_attributes": [],
          "private": "bnVsbA==",
          "dependencies": [
            "module.network.ibm_is_vpc.vpc",
            "module.network.ibm_resource_group.resource_group",
            "module.security.ibm_is_security_group.SG"
          ]
        },
        {
          "index_key": "UDP_node_inbound_6783",
          "schema_version": 0,
          "attributes": {
            "direction": "inbound",
            "group": "r018-16235b2c-6235-40a9-a4e9-73dd4147f7ff",
            "icmp": [],
            "id": "r018-16235b2c-6235-40a9-a4e9-73dd4147f7ff.r018-c9a088f1-b183-4233-8145-9f282b1f545a",
            "ip_version": "ipv4",
            "local": "0.0.0.0/0",
            "protocol": "udp",
            "related_crn": "crn:v1:bluemix:public:is:eu-gb:a/65c005b968304c79af0072316cd66882::security-group:r018-16235b2c-6235-40a9-a4e9-73dd4147f7ff",
            "remote": "0.0.0.0/0",
            "rule_id": "r018-c9a088f1-b183-4233-8145-9f282b1f545a",
            "tcp": [],
            "udp": [
              {
                "port_max": 6783,
                "port_min": 6783
              }
            ]
          },
          "sensitive_attributes": [],
          "private": "bnVsbA==",
          "dependencies": [
            "module.network.ibm_is_vpc.vpc",
            "module.network.ibm_resource_group.resource_group",
            "module.security.ibm_is_security_group.SG"
          ]
        },
        {
          "index_key": "UDP_node_outbound_6783",
          "schema_version": 0,
          "attributes": {
            "direction": "outbound",
            "group": "r018-16235b2c-6235-40a9-a4e9-73dd4147f7ff",
            "icmp": [],
            "id": "r018-16235b2c-6235-40a9-a4e9-73dd4147f7ff.r018-d85328e5-89a2-482c-adb6-cb4d072b265f",
            "ip_version": "ipv4",
            "local": "0.0.0.0/0",
            "protocol": "udp",
            "related_crn": "crn:v1:bluemix:public:is:eu-gb:a/65c005b968304c79af0072316cd66882::security-group:r018-16235b2c-6235-40a9-a4e9-73dd4147f7ff",
            "remote": "0.0.0.0/0",
            "rule_id": "r018-d85328e5-89a2-482c-adb6-cb4d072b265f",
            "tcp": [],
            "udp": [
              {
                "port_max": 6783,
                "port_min": 6783
              }
            ]
          },
          "sensitive_attributes": [],
          "private": "bnVsbA==",
          "dependencies": [
            "module.network.ibm_is_vpc.vpc",
            "module.network.ibm_resource_group.resource_group",
            "module.security.ibm_is_security_group.SG"
          ]
        },
        {
          "index_key": "UDP_node_outbound_6784",
          "schema_version": 0,
          "attributes": {
            "direction": "outbound",
            "group": "r018-16235b2c-6235-40a9-a4e9-73dd4147f7ff",
            "icmp": [],
            "id": "r018-16235b2c-6235-40a9-a4e9-73dd4147f7ff.r018-f641eb3a-ba38-4d45-91cd-d6ccfe7bdc13",
            "ip_version": "ipv4",
            "local": "0.0.0.0/0",
            "protocol": "udp",
            "related_crn": "crn:v1:bluemix:public:is:eu-gb:a/65c005b968304c79af0072316cd66882::security-group:r018-16235b2c-6235-40a9-a4e9-73dd4147f7ff",
            "remote": "0.0.0.0/0",
            "rule_id": "r018-f641eb3a-ba38-4d45-91cd-d6ccfe7bdc13",
            "tcp": [],
            "udp": [
              {
                "port_max": 6784,
                "port_min": 6783
              }
            ]
          },
          "sensitive_attributes": [],
          "private": "bnVsbA==",
          "dependencies": [
            "module.network.ibm_is_vpc.vpc",
            "module.network.ibm_resource_group.resource_group",
            "module.security.ibm_is_security_group.SG"
          ]
        }
      ]
    },
    {
      "module": "module.security",
      "mode": "managed",
      "type": "ibm_is_ssh_key",
      "name": "ssh",
      "provider": "module.security.provider[\"registry.terraform.io/ibm-cloud/ibm\"]",
      "instances": [
        {
          "index_key": "master",
          "schema_version": 0,
          "attributes": {
            "access_tags": [],
            "crn": "crn:v1:bluemix:public:is:eu-gb:a/65c005b968304c79af0072316cd66882::key:r018-42989c6e-6547-4633-b348-ac5e66914084",
            "fingerprint": "SHA256:ymvt0vF8YxkCe7dc/2xag2msONRDS3Md3nxQAjRWJ1o",
            "id": "r018-42989c6e-6547-4633-b348-ac5e66914084",
            "length": 2048,
            "name": "master",
            "public_key": "ssh-rsa AAAAB3NzaC1yc2EAAAADAQABAAABAQCQBeNzV333BwUQsblsodTYPdsdYsm+Sqzq//bVD8R+b/87VlB0SzsJV9Dw09cOS5D+FeqfSmchvLqGJY6D96UvnBMKNWxP71qMokOxmYezm91WdA/4UA9i5Z6Nbn5JkJgQqeyj7xrWH1mjE1GAwMYJSSi+kpIW5qSk+JKr69rVTa6uMQzeC0RYQwBXCdVToBwTzK4WIgFUXdBKd8YPYStdaFLOe7Hs8o32VmzswKakYlBpf9RBqCSiozeLDioG+QOTe0EFPI8Mj64TLSncSVKCIb9BEZm5N455E50rLH66iTR9ZOJINqiSVsZVW6xRKGjZSmD0+Mkor2LpfNNJaFcP",
            "resource_controller_url": "https://cloud.ibm.com/vpc-ext/compute/sshKeys",
            "resource_crn": "crn:v1:bluemix:public:is:eu-gb:a/65c005b968304c79af0072316cd66882::key:r018-42989c6e-6547-4633-b348-ac5e66914084",
            "resource_group": "f85c67de9d944c59afb9709a10a7a25b",
            "resource_group_name": "Default",
            "resource_name": "master",
            "tags": [],
            "type": "rsa"
          },
          "sensitive_attributes": [],
          "private": "bnVsbA=="
        },
        {
          "index_key": "node",
          "schema_version": 0,
          "attributes": {
            "access_tags": [],
            "crn": "crn:v1:bluemix:public:is:eu-gb:a/65c005b968304c79af0072316cd66882::key:r018-25555959-8946-4cd4-a4f6-43c8dc7bef00",
            "fingerprint": "SHA256:S91BtshSgOaTPE0RIY2Yu8zo3FqUksKYzcMI4tzw4Ro",
            "id": "r018-25555959-8946-4cd4-a4f6-43c8dc7bef00",
            "length": 2048,
            "name": "node",
            "public_key": "ssh-rsa AAAAB3NzaC1yc2EAAAADAQABAAABAQCJQ3CNDDUuORn+LQTQqXF4uqumr1xYrf7Ru28ZjzCjK5zmvI8oPN3YP8/sp80PDfF2UWp6kI8mgteBGaJtKn+X42FHqMAcN6Qgwmiv8PF+mGrLx5wytONFZS8wASk0JwOHaZUf0TAw3fMLdRJXvj6yX7VSbsuohIIjph+F/7pzlSanLbbUgUSzDHqtJJZwMfKIaiDEvZsEnYy2PYrrGc5jIVjHou3qZ9X17AgGTvaFFFZX1gAYA0X5VJX4e5rItmoOWnLHa7HLXGumYjw4HvNiKEUtv1h98tdu96SKm4CgqAYpbD7qbBhW9AyIytttt/EBTFWCOK5n+g3wG21H350/",
            "resource_controller_url": "https://cloud.ibm.com/vpc-ext/compute/sshKeys",
            "resource_crn": "crn:v1:bluemix:public:is:eu-gb:a/65c005b968304c79af0072316cd66882::key:r018-25555959-8946-4cd4-a4f6-43c8dc7bef00",
            "resource_group": "f85c67de9d944c59afb9709a10a7a25b",
            "resource_group_name": "Default",
            "resource_name": "node",
            "tags": [],
            "type": "rsa"
          },
          "sensitive_attributes": [],
          "private": "bnVsbA=="
        }
      ]
    }
  ],
  "check_results": null
}
